{
  "version": 4,
  "terraform_version": "1.8.4",
  "serial": 7,
  "lineage": "1c1686b5-04af-4079-2576-abde52c15b16",
  "outputs": {},
  "resources": [
    {
      "mode": "managed",
      "type": "helm_release",
      "name": "strimzi",
      "provider": "provider[\"registry.terraform.io/hashicorp/helm\"]",
      "instances": [
        {
          "schema_version": 1,
          "attributes": {
            "atomic": false,
            "chart": "strimzi-kafka-operator",
            "cleanup_on_fail": false,
            "create_namespace": true,
            "dependency_update": false,
            "description": null,
            "devel": null,
            "disable_crd_hooks": false,
            "disable_openapi_validation": false,
            "disable_webhooks": false,
            "force_update": false,
            "id": "strimzi",
            "keyring": null,
            "lint": false,
            "manifest": null,
            "max_history": 0,
            "metadata": [
              {
                "app_version": "0.44.0",
                "chart": "strimzi-kafka-operator",
                "first_deployed": 1732588096,
                "last_deployed": 1732588096,
                "name": "strimzi",
                "namespace": "kafka",
                "notes": "Thank you for installing strimzi-kafka-operator-0.44.0\n\nTo create a Kafka cluster refer to the following documentation.\n\nhttps://strimzi.io/docs/operators/latest/deploying.html#deploying-cluster-operator-helm-chart-str\n",
                "revision": 1,
                "values": "{\"affinity\":{},\"annotations\":{},\"connectBuildTimeoutMs\":300000,\"createAggregateRoles\":false,\"createGlobalResources\":true,\"cruiseControl\":{\"image\":{\"name\":\"kafka\",\"registry\":\"\",\"repository\":\"\",\"tagPrefix\":\"\"}},\"dashboards\":{\"annotations\":{},\"enabled\":false,\"extraLabels\":{},\"label\":\"grafana_dashboard\",\"labelValue\":\"1\",\"namespace\":null},\"defaultImageRegistry\":\"quay.io\",\"defaultImageRepository\":\"strimzi\",\"defaultImageTag\":\"0.44.0\",\"extraEnvs\":[],\"featureGates\":\"\",\"fullReconciliationIntervalMs\":120000,\"generateNetworkPolicy\":true,\"generatePodDisruptionBudget\":true,\"image\":{\"name\":\"operator\",\"registry\":\"\",\"repository\":\"\",\"tag\":\"\"},\"kafka\":{\"image\":{\"name\":\"kafka\",\"registry\":\"\",\"repository\":\"\",\"tagPrefix\":\"\"}},\"kafkaBridge\":{\"image\":{\"name\":\"kafka-bridge\",\"registry\":\"\",\"repository\":null,\"tag\":\"0.30.0\"}},\"kafkaConnect\":{\"image\":{\"name\":\"kafka\",\"registry\":\"\",\"repository\":\"\",\"tagPrefix\":\"\"}},\"kafkaExporter\":{\"image\":{\"name\":\"kafka\",\"registry\":\"\",\"repository\":\"\",\"tagPrefix\":\"\"}},\"kafkaInit\":{\"image\":{\"name\":\"operator\",\"registry\":\"\",\"repository\":\"\",\"tag\":\"\"}},\"kafkaMirrorMaker\":{\"image\":{\"name\":\"kafka\",\"registry\":\"\",\"repository\":\"\",\"tagPrefix\":\"\"}},\"kafkaMirrorMaker2\":{\"image\":{\"name\":\"kafka\",\"registry\":\"\",\"repository\":\"\",\"tagPrefix\":\"\"}},\"kanikoExecutor\":{\"image\":{\"name\":\"kaniko-executor\",\"registry\":\"\",\"repository\":\"\",\"tag\":\"\"}},\"kubernetesServiceDnsDomain\":\"cluster.local\",\"labels\":{},\"labelsExclusionPattern\":\"\",\"leaderElection\":{\"enable\":true},\"livenessProbe\":{\"initialDelaySeconds\":10,\"periodSeconds\":30},\"logConfigMap\":\"strimzi-cluster-operator\",\"logConfiguration\":\"\",\"logLevel\":\"${env:STRIMZI_LOG_LEVEL:-INFO}\",\"logVolume\":\"co-config-volume\",\"mavenBuilder\":{\"image\":{\"name\":\"maven-builder\",\"registry\":\"\",\"repository\":\"\",\"tag\":\"\"}},\"nodeSelector\":{},\"operationTimeoutMs\":300000,\"podDisruptionBudget\":{\"enabled\":false,\"maxUnavailable\":null,\"minAvailable\":1},\"podSecurityContext\":{},\"priorityClassName\":\"\",\"rbac\":{\"create\":true},\"readinessProbe\":{\"initialDelaySeconds\":10,\"periodSeconds\":30},\"replicas\":1,\"resources\":{\"limits\":{\"cpu\":\"1000m\",\"memory\":\"384Mi\"},\"requests\":{\"cpu\":\"200m\",\"memory\":\"384Mi\"}},\"securityContext\":{},\"serviceAccount\":\"strimzi-cluster-operator\",\"serviceAccountCreate\":true,\"tmpDirSizeLimit\":\"1Mi\",\"tolerations\":[],\"topicOperator\":{\"image\":{\"name\":\"operator\",\"registry\":\"\",\"repository\":\"\",\"tag\":\"\"}},\"userOperator\":{\"image\":{\"name\":\"operator\",\"registry\":null,\"repository\":null,\"tag\":\"\"}},\"watchAnyNamespace\":false,\"watchNamespaces\":[]}",
                "version": "0.44.0"
              }
            ],
            "name": "strimzi",
            "namespace": "kafka",
            "pass_credentials": false,
            "postrender": [],
            "recreate_pods": false,
            "render_subchart_notes": true,
            "replace": false,
            "repository": "https://strimzi.io/charts/",
            "repository_ca_file": null,
            "repository_cert_file": null,
            "repository_key_file": null,
            "repository_password": null,
            "repository_username": null,
            "reset_values": false,
            "reuse_values": false,
            "set": [],
            "set_list": [],
            "set_sensitive": [],
            "skip_crds": false,
            "status": "deployed",
            "timeout": 300,
            "upgrade_install": null,
            "values": [
              "# Default values for strimzi-kafka-operator.\n\n# Default replicas for the cluster operator\nreplicas: 1\n\n# If you set `watchNamespaces` to the same value as ``.Release.Namespace` (e.g. `helm ... --namespace $NAMESPACE`),\n# the chart will fail because duplicate RoleBindings will be attempted to be created in the same namespace\nwatchNamespaces: []\nwatchAnyNamespace: false\n\ndefaultImageRegistry: quay.io\ndefaultImageRepository: strimzi\ndefaultImageTag: 0.44.0\n\nimage:\n  registry: \"\"\n  repository: \"\"\n  name: operator\n  tag: \"\"\n  # imagePullSecrets:\n  #   - name: secretname\nlogVolume: co-config-volume\nlogConfigMap: strimzi-cluster-operator\nlogConfiguration: \"\"\nlogLevel: ${env:STRIMZI_LOG_LEVEL:-INFO}\nfullReconciliationIntervalMs: 120000\noperationTimeoutMs: 300000\nkubernetesServiceDnsDomain: cluster.local\nfeatureGates: \"\"\ntmpDirSizeLimit: 1Mi\n\n# Example on how to configure extraEnvs\n# extraEnvs:\n#   - name: JAVA_OPTS\n#     value: \"-Xms256m -Xmx256m\"\n\nextraEnvs: []\n\ntolerations: []\naffinity: {}\nannotations: {}\nlabels: {}\nnodeSelector: {}\npriorityClassName: \"\"\n\npodSecurityContext: {}\nsecurityContext: {}\nrbac:\n  create: yes\nserviceAccountCreate: yes\nserviceAccount: strimzi-cluster-operator\n\nleaderElection:\n  enable: true\n\n# https://kubernetes.io/docs/tasks/run-application/configure-pdb/\npodDisruptionBudget:\n  enabled: false\n  # The PDB definition only has two attributes to control the availability requirements: minAvailable or maxUnavailable (mutually exclusive).\n  # Field maxUnavailable tells how many pods can be down and minAvailable tells how many pods must be running in a cluster.\n\n  # The pdb template will check values according to below order\n  #\n  #  {{- if .Values.podDisruptionBudget.minAvailable }}\n  #     minAvailable: {{ .Values.podDisruptionBudget.minAvailable }}\n  #  {{- end  }}\n  #  {{- if .Values.podDisruptionBudget.maxUnavailable }}\n  #     maxUnavailable: {{ .Values.podDisruptionBudget.maxUnavailable }}\n  #  {{- end }}\n  #\n  # If both values are set, the template will use the first one and ignore the second one. currently by default minAvailable is set to 1\n  minAvailable: 1\n  maxUnavailable:\n\n# If you are using the grafana dashboard sidecar,\n# you can import some default dashboards here\ndashboards:\n  enabled: false\n  namespace: ~\n  label: grafana_dashboard # this is the default value from the grafana chart\n  labelValue: \"1\" # this is the default value from the grafana chart\n  annotations: {}\n  extraLabels: {}\n\n# Docker images that operator uses to provision various components of Strimzi. To use your own registry prefix the\n# repository name with your registry URL.\n# Ex) repository: registry.xyzcorp.com/strimzi/kafka\nkafka:\n  image:\n    registry: \"\"\n    repository: \"\"\n    name: kafka\n    tagPrefix: \"\"\nkafkaConnect:\n  image:\n    registry: \"\"\n    repository: \"\"\n    name: kafka\n    tagPrefix: \"\"\ntopicOperator:\n  image:\n    registry: \"\"\n    repository: \"\"\n    name: operator\n    tag: \"\"\nuserOperator:\n  image:\n    registry:\n    repository:\n    name: operator\n    tag: \"\"\nkafkaInit:\n  image:\n    registry: \"\"\n    repository: \"\"\n    name: operator\n    tag: \"\"\nkafkaMirrorMaker:\n  image:\n    registry: \"\"\n    repository: \"\"\n    name: kafka\n    tagPrefix: \"\"\nkafkaBridge:\n  image:\n    registry: \"\"\n    repository:\n    name: kafka-bridge\n    tag: 0.30.0\nkafkaExporter:\n  image:\n    registry: \"\"\n    repository: \"\"\n    name: kafka\n    tagPrefix: \"\"\nkafkaMirrorMaker2:\n  image:\n    registry: \"\"\n    repository: \"\"\n    name: kafka\n    tagPrefix: \"\"\ncruiseControl:\n  image:\n    registry: \"\"\n    repository: \"\"\n    name: kafka\n    tagPrefix: \"\"\nkanikoExecutor:\n  image:\n    registry: \"\"\n    repository: \"\"\n    name: kaniko-executor\n    tag: \"\"\nmavenBuilder:\n  image:\n    registry: \"\"\n    repository: \"\"\n    name: maven-builder\n    tag: \"\"\nresources:\n  limits:\n    memory: 384Mi\n    cpu: 1000m\n  requests:\n    memory: 384Mi\n    cpu: 200m\nlivenessProbe:\n  initialDelaySeconds: 10\n  periodSeconds: 30\nreadinessProbe:\n  initialDelaySeconds: 10\n  periodSeconds: 30\n\ncreateGlobalResources: true\n# Create clusterroles that extend existing clusterroles to interact with strimzi crds\n# Ref: https://kubernetes.io/docs/reference/access-authn-authz/rbac/#aggregated-clusterroles\ncreateAggregateRoles: false\n# Override the exclude pattern for exclude some labels\nlabelsExclusionPattern: \"\"\n# Controls whether Strimzi generates network policy resources (By default true)\ngenerateNetworkPolicy: true\n# Override the value for Connect build timeout\nconnectBuildTimeoutMs: 300000\n# Controls whether Strimzi generates pod disruption budget resources (By default true)\ngeneratePodDisruptionBudget: true"
            ],
            "verify": false,
            "version": "0.44.0",
            "wait": true,
            "wait_for_jobs": false
          },
          "sensitive_attributes": [
            [
              {
                "type": "get_attr",
                "value": "repository_password"
              }
            ]
          ],
          "private": "eyJzY2hlbWFfdmVyc2lvbiI6IjEifQ=="
        }
      ]
    },
    {
      "mode": "managed",
      "type": "kubernetes_manifest",
      "name": "broker_kafka",
      "provider": "provider[\"registry.terraform.io/hashicorp/kubernetes\"]",
      "instances": [
        {
          "index_key": 0,
          "schema_version": 1,
          "attributes": {
            "computed_fields": null,
            "field_manager": [],
            "manifest": {
              "value": {
                "apiVersion": "kafka.strimzi.io/v1beta2",
                "kind": "KafkaNodePool",
                "metadata": {
                  "labels": {
                    "strimzi.io/cluster": "my-cluster"
                  },
                  "name": "my-cluster",
                  "namespace": "kafka"
                },
                "spec": {
                  "replicas": 3,
                  "roles": [
                    "broker"
                  ],
                  "storage": {
                    "type": "jbod",
                    "volumes": [
                      {
                        "deleteClaim": false,
                        "id": 0,
                        "kraftMetadata": "shared",
                        "size": "100Gi",
                        "type": "persistent-claim"
                      }
                    ]
                  }
                }
              },
              "type": [
                "object",
                {
                  "apiVersion": "string",
                  "kind": "string",
                  "metadata": [
                    "object",
                    {
                      "labels": [
                        "object",
                        {
                          "strimzi.io/cluster": "string"
                        }
                      ],
                      "name": "string",
                      "namespace": "string"
                    }
                  ],
                  "spec": [
                    "object",
                    {
                      "replicas": "number",
                      "roles": [
                        "tuple",
                        [
                          "string"
                        ]
                      ],
                      "storage": [
                        "object",
                        {
                          "type": "string",
                          "volumes": [
                            "tuple",
                            [
                              [
                                "object",
                                {
                                  "deleteClaim": "bool",
                                  "id": "number",
                                  "kraftMetadata": "string",
                                  "size": "string",
                                  "type": "string"
                                }
                              ]
                            ]
                          ]
                        }
                      ]
                    }
                  ]
                }
              ]
            },
            "object": {
              "value": {
                "apiVersion": "kafka.strimzi.io/v1beta2",
                "kind": "KafkaNodePool",
                "metadata": {
                  "annotations": null,
                  "creationTimestamp": null,
                  "deletionGracePeriodSeconds": null,
                  "deletionTimestamp": null,
                  "finalizers": null,
                  "generateName": null,
                  "generation": null,
                  "labels": {
                    "strimzi.io/cluster": "my-cluster"
                  },
                  "managedFields": null,
                  "name": "my-cluster",
                  "namespace": "kafka",
                  "ownerReferences": null,
                  "resourceVersion": null,
                  "selfLink": null,
                  "uid": null
                },
                "spec": {
                  "jvmOptions": {
                    "-XX": null,
                    "-Xms": null,
                    "-Xmx": null,
                    "gcLoggingEnabled": null,
                    "javaSystemProperties": null
                  },
                  "replicas": 3,
                  "resources": {
                    "claims": null,
                    "limits": null,
                    "requests": null
                  },
                  "roles": [
                    "broker"
                  ],
                  "storage": {
                    "class": null,
                    "deleteClaim": null,
                    "id": null,
                    "kraftMetadata": null,
                    "overrides": null,
                    "selector": null,
                    "size": null,
                    "sizeLimit": null,
                    "type": "jbod",
                    "volumes": [
                      {
                        "class": null,
                        "deleteClaim": false,
                        "id": 0,
                        "kraftMetadata": "shared",
                        "overrides": null,
                        "selector": null,
                        "size": "100Gi",
                        "sizeLimit": null,
                        "type": "persistent-claim"
                      }
                    ]
                  },
                  "template": {
                    "initContainer": {
                      "env": null,
                      "securityContext": {
                        "allowPrivilegeEscalation": null,
                        "appArmorProfile": {
                          "localhostProfile": null,
                          "type": null
                        },
                        "capabilities": {
                          "add": null,
                          "drop": null
                        },
                        "privileged": null,
                        "procMount": null,
                        "readOnlyRootFilesystem": null,
                        "runAsGroup": null,
                        "runAsNonRoot": null,
                        "runAsUser": null,
                        "seLinuxOptions": {
                          "level": null,
                          "role": null,
                          "type": null,
                          "user": null
                        },
                        "seccompProfile": {
                          "localhostProfile": null,
                          "type": null
                        },
                        "windowsOptions": {
                          "gmsaCredentialSpec": null,
                          "gmsaCredentialSpecName": null,
                          "hostProcess": null,
                          "runAsUserName": null
                        }
                      },
                      "volumeMounts": null
                    },
                    "kafkaContainer": {
                      "env": null,
                      "securityContext": {
                        "allowPrivilegeEscalation": null,
                        "appArmorProfile": {
                          "localhostProfile": null,
                          "type": null
                        },
                        "capabilities": {
                          "add": null,
                          "drop": null
                        },
                        "privileged": null,
                        "procMount": null,
                        "readOnlyRootFilesystem": null,
                        "runAsGroup": null,
                        "runAsNonRoot": null,
                        "runAsUser": null,
                        "seLinuxOptions": {
                          "level": null,
                          "role": null,
                          "type": null,
                          "user": null
                        },
                        "seccompProfile": {
                          "localhostProfile": null,
                          "type": null
                        },
                        "windowsOptions": {
                          "gmsaCredentialSpec": null,
                          "gmsaCredentialSpecName": null,
                          "hostProcess": null,
                          "runAsUserName": null
                        }
                      },
                      "volumeMounts": null
                    },
                    "perPodIngress": {
                      "metadata": {
                        "annotations": null,
                        "labels": null
                      }
                    },
                    "perPodRoute": {
                      "metadata": {
                        "annotations": null,
                        "labels": null
                      }
                    },
                    "perPodService": {
                      "metadata": {
                        "annotations": null,
                        "labels": null
                      }
                    },
                    "persistentVolumeClaim": {
                      "metadata": {
                        "annotations": null,
                        "labels": null
                      }
                    },
                    "pod": {
                      "affinity": {
                        "nodeAffinity": {
                          "preferredDuringSchedulingIgnoredDuringExecution": null,
                          "requiredDuringSchedulingIgnoredDuringExecution": {
                            "nodeSelectorTerms": null
                          }
                        },
                        "podAffinity": {
                          "preferredDuringSchedulingIgnoredDuringExecution": null,
                          "requiredDuringSchedulingIgnoredDuringExecution": null
                        },
                        "podAntiAffinity": {
                          "preferredDuringSchedulingIgnoredDuringExecution": null,
                          "requiredDuringSchedulingIgnoredDuringExecution": null
                        }
                      },
                      "enableServiceLinks": null,
                      "hostAliases": null,
                      "imagePullSecrets": null,
                      "metadata": {
                        "annotations": null,
                        "labels": null
                      },
                      "priorityClassName": null,
                      "schedulerName": null,
                      "securityContext": {
                        "appArmorProfile": {
                          "localhostProfile": null,
                          "type": null
                        },
                        "fsGroup": null,
                        "fsGroupChangePolicy": null,
                        "runAsGroup": null,
                        "runAsNonRoot": null,
                        "runAsUser": null,
                        "seLinuxOptions": {
                          "level": null,
                          "role": null,
                          "type": null,
                          "user": null
                        },
                        "seccompProfile": {
                          "localhostProfile": null,
                          "type": null
                        },
                        "supplementalGroups": null,
                        "sysctls": null,
                        "windowsOptions": {
                          "gmsaCredentialSpec": null,
                          "gmsaCredentialSpecName": null,
                          "hostProcess": null,
                          "runAsUserName": null
                        }
                      },
                      "terminationGracePeriodSeconds": null,
                      "tmpDirSizeLimit": null,
                      "tolerations": null,
                      "topologySpreadConstraints": null,
                      "volumes": null
                    },
                    "podSet": {
                      "metadata": {
                        "annotations": null,
                        "labels": null
                      }
                    }
                  }
                }
              },
              "type": [
                "object",
                {
                  "apiVersion": "string",
                  "kind": "string",
                  "metadata": [
                    "object",
                    {
                      "annotations": [
                        "map",
                        "string"
                      ],
                      "creationTimestamp": "string",
                      "deletionGracePeriodSeconds": "number",
                      "deletionTimestamp": "string",
                      "finalizers": [
                        "list",
                        "string"
                      ],
                      "generateName": "string",
                      "generation": "number",
                      "labels": [
                        "map",
                        "string"
                      ],
                      "managedFields": [
                        "tuple",
                        [
                          [
                            "object",
                            {
                              "apiVersion": "string",
                              "fieldsType": "string",
                              "fieldsV1": "dynamic",
                              "manager": "string",
                              "operation": "string",
                              "subresource": "string",
                              "time": "string"
                            }
                          ]
                        ]
                      ],
                      "name": "string",
                      "namespace": "string",
                      "ownerReferences": [
                        "list",
                        [
                          "object",
                          {
                            "apiVersion": "string",
                            "blockOwnerDeletion": "bool",
                            "controller": "bool",
                            "kind": "string",
                            "name": "string",
                            "uid": "string"
                          }
                        ]
                      ],
                      "resourceVersion": "string",
                      "selfLink": "string",
                      "uid": "string"
                    }
                  ],
                  "spec": [
                    "object",
                    {
                      "jvmOptions": [
                        "object",
                        {
                          "-XX": [
                            "map",
                            "string"
                          ],
                          "-Xms": "string",
                          "-Xmx": "string",
                          "gcLoggingEnabled": "bool",
                          "javaSystemProperties": [
                            "list",
                            [
                              "object",
                              {
                                "name": "string",
                                "value": "string"
                              }
                            ]
                          ]
                        }
                      ],
                      "replicas": "number",
                      "resources": [
                        "object",
                        {
                          "claims": [
                            "list",
                            [
                              "object",
                              {
                                "name": "string"
                              }
                            ]
                          ],
                          "limits": [
                            "map",
                            "string"
                          ],
                          "requests": [
                            "map",
                            "string"
                          ]
                        }
                      ],
                      "roles": [
                        "list",
                        "string"
                      ],
                      "storage": [
                        "object",
                        {
                          "class": "string",
                          "deleteClaim": "bool",
                          "id": "number",
                          "kraftMetadata": "string",
                          "overrides": [
                            "list",
                            [
                              "object",
                              {
                                "broker": "number",
                                "class": "string"
                              }
                            ]
                          ],
                          "selector": [
                            "map",
                            "string"
                          ],
                          "size": "string",
                          "sizeLimit": "string",
                          "type": "string",
                          "volumes": [
                            "list",
                            [
                              "object",
                              {
                                "class": "string",
                                "deleteClaim": "bool",
                                "id": "number",
                                "kraftMetadata": "string",
                                "overrides": [
                                  "list",
                                  [
                                    "object",
                                    {
                                      "broker": "number",
                                      "class": "string"
                                    }
                                  ]
                                ],
                                "selector": [
                                  "map",
                                  "string"
                                ],
                                "size": "string",
                                "sizeLimit": "string",
                                "type": "string"
                              }
                            ]
                          ]
                        }
                      ],
                      "template": [
                        "object",
                        {
                          "initContainer": [
                            "object",
                            {
                              "env": [
                                "list",
                                [
                                  "object",
                                  {
                                    "name": "string",
                                    "value": "string",
                                    "valueFrom": [
                                      "object",
                                      {
                                        "configMapKeyRef": [
                                          "object",
                                          {
                                            "key": "string",
                                            "name": "string",
                                            "optional": "bool"
                                          }
                                        ],
                                        "secretKeyRef": [
                                          "object",
                                          {
                                            "key": "string",
                                            "name": "string",
                                            "optional": "bool"
                                          }
                                        ]
                                      }
                                    ]
                                  }
                                ]
                              ],
                              "securityContext": [
                                "object",
                                {
                                  "allowPrivilegeEscalation": "bool",
                                  "appArmorProfile": [
                                    "object",
                                    {
                                      "localhostProfile": "string",
                                      "type": "string"
                                    }
                                  ],
                                  "capabilities": [
                                    "object",
                                    {
                                      "add": [
                                        "list",
                                        "string"
                                      ],
                                      "drop": [
                                        "list",
                                        "string"
                                      ]
                                    }
                                  ],
                                  "privileged": "bool",
                                  "procMount": "string",
                                  "readOnlyRootFilesystem": "bool",
                                  "runAsGroup": "number",
                                  "runAsNonRoot": "bool",
                                  "runAsUser": "number",
                                  "seLinuxOptions": [
                                    "object",
                                    {
                                      "level": "string",
                                      "role": "string",
                                      "type": "string",
                                      "user": "string"
                                    }
                                  ],
                                  "seccompProfile": [
                                    "object",
                                    {
                                      "localhostProfile": "string",
                                      "type": "string"
                                    }
                                  ],
                                  "windowsOptions": [
                                    "object",
                                    {
                                      "gmsaCredentialSpec": "string",
                                      "gmsaCredentialSpecName": "string",
                                      "hostProcess": "bool",
                                      "runAsUserName": "string"
                                    }
                                  ]
                                }
                              ],
                              "volumeMounts": [
                                "list",
                                [
                                  "object",
                                  {
                                    "mountPath": "string",
                                    "mountPropagation": "string",
                                    "name": "string",
                                    "readOnly": "bool",
                                    "recursiveReadOnly": "string",
                                    "subPath": "string",
                                    "subPathExpr": "string"
                                  }
                                ]
                              ]
                            }
                          ],
                          "kafkaContainer": [
                            "object",
                            {
                              "env": [
                                "list",
                                [
                                  "object",
                                  {
                                    "name": "string",
                                    "value": "string",
                                    "valueFrom": [
                                      "object",
                                      {
                                        "configMapKeyRef": [
                                          "object",
                                          {
                                            "key": "string",
                                            "name": "string",
                                            "optional": "bool"
                                          }
                                        ],
                                        "secretKeyRef": [
                                          "object",
                                          {
                                            "key": "string",
                                            "name": "string",
                                            "optional": "bool"
                                          }
                                        ]
                                      }
                                    ]
                                  }
                                ]
                              ],
                              "securityContext": [
                                "object",
                                {
                                  "allowPrivilegeEscalation": "bool",
                                  "appArmorProfile": [
                                    "object",
                                    {
                                      "localhostProfile": "string",
                                      "type": "string"
                                    }
                                  ],
                                  "capabilities": [
                                    "object",
                                    {
                                      "add": [
                                        "list",
                                        "string"
                                      ],
                                      "drop": [
                                        "list",
                                        "string"
                                      ]
                                    }
                                  ],
                                  "privileged": "bool",
                                  "procMount": "string",
                                  "readOnlyRootFilesystem": "bool",
                                  "runAsGroup": "number",
                                  "runAsNonRoot": "bool",
                                  "runAsUser": "number",
                                  "seLinuxOptions": [
                                    "object",
                                    {
                                      "level": "string",
                                      "role": "string",
                                      "type": "string",
                                      "user": "string"
                                    }
                                  ],
                                  "seccompProfile": [
                                    "object",
                                    {
                                      "localhostProfile": "string",
                                      "type": "string"
                                    }
                                  ],
                                  "windowsOptions": [
                                    "object",
                                    {
                                      "gmsaCredentialSpec": "string",
                                      "gmsaCredentialSpecName": "string",
                                      "hostProcess": "bool",
                                      "runAsUserName": "string"
                                    }
                                  ]
                                }
                              ],
                              "volumeMounts": [
                                "list",
                                [
                                  "object",
                                  {
                                    "mountPath": "string",
                                    "mountPropagation": "string",
                                    "name": "string",
                                    "readOnly": "bool",
                                    "recursiveReadOnly": "string",
                                    "subPath": "string",
                                    "subPathExpr": "string"
                                  }
                                ]
                              ]
                            }
                          ],
                          "perPodIngress": [
                            "object",
                            {
                              "metadata": [
                                "object",
                                {
                                  "annotations": [
                                    "map",
                                    "string"
                                  ],
                                  "labels": [
                                    "map",
                                    "string"
                                  ]
                                }
                              ]
                            }
                          ],
                          "perPodRoute": [
                            "object",
                            {
                              "metadata": [
                                "object",
                                {
                                  "annotations": [
                                    "map",
                                    "string"
                                  ],
                                  "labels": [
                                    "map",
                                    "string"
                                  ]
                                }
                              ]
                            }
                          ],
                          "perPodService": [
                            "object",
                            {
                              "metadata": [
                                "object",
                                {
                                  "annotations": [
                                    "map",
                                    "string"
                                  ],
                                  "labels": [
                                    "map",
                                    "string"
                                  ]
                                }
                              ]
                            }
                          ],
                          "persistentVolumeClaim": [
                            "object",
                            {
                              "metadata": [
                                "object",
                                {
                                  "annotations": [
                                    "map",
                                    "string"
                                  ],
                                  "labels": [
                                    "map",
                                    "string"
                                  ]
                                }
                              ]
                            }
                          ],
                          "pod": [
                            "object",
                            {
                              "affinity": [
                                "object",
                                {
                                  "nodeAffinity": [
                                    "object",
                                    {
                                      "preferredDuringSchedulingIgnoredDuringExecution": [
                                        "list",
                                        [
                                          "object",
                                          {
                                            "preference": [
                                              "object",
                                              {
                                                "matchExpressions": [
                                                  "list",
                                                  [
                                                    "object",
                                                    {
                                                      "key": "string",
                                                      "operator": "string",
                                                      "values": [
                                                        "list",
                                                        "string"
                                                      ]
                                                    }
                                                  ]
                                                ],
                                                "matchFields": [
                                                  "list",
                                                  [
                                                    "object",
                                                    {
                                                      "key": "string",
                                                      "operator": "string",
                                                      "values": [
                                                        "list",
                                                        "string"
                                                      ]
                                                    }
                                                  ]
                                                ]
                                              }
                                            ],
                                            "weight": "number"
                                          }
                                        ]
                                      ],
                                      "requiredDuringSchedulingIgnoredDuringExecution": [
                                        "object",
                                        {
                                          "nodeSelectorTerms": [
                                            "list",
                                            [
                                              "object",
                                              {
                                                "matchExpressions": [
                                                  "list",
                                                  [
                                                    "object",
                                                    {
                                                      "key": "string",
                                                      "operator": "string",
                                                      "values": [
                                                        "list",
                                                        "string"
                                                      ]
                                                    }
                                                  ]
                                                ],
                                                "matchFields": [
                                                  "list",
                                                  [
                                                    "object",
                                                    {
                                                      "key": "string",
                                                      "operator": "string",
                                                      "values": [
                                                        "list",
                                                        "string"
                                                      ]
                                                    }
                                                  ]
                                                ]
                                              }
                                            ]
                                          ]
                                        }
                                      ]
                                    }
                                  ],
                                  "podAffinity": [
                                    "object",
                                    {
                                      "preferredDuringSchedulingIgnoredDuringExecution": [
                                        "list",
                                        [
                                          "object",
                                          {
                                            "podAffinityTerm": [
                                              "object",
                                              {
                                                "labelSelector": [
                                                  "object",
                                                  {
                                                    "matchExpressions": [
                                                      "list",
                                                      [
                                                        "object",
                                                        {
                                                          "key": "string",
                                                          "operator": "string",
                                                          "values": [
                                                            "list",
                                                            "string"
                                                          ]
                                                        }
                                                      ]
                                                    ],
                                                    "matchLabels": [
                                                      "map",
                                                      "string"
                                                    ]
                                                  }
                                                ],
                                                "matchLabelKeys": [
                                                  "list",
                                                  "string"
                                                ],
                                                "mismatchLabelKeys": [
                                                  "list",
                                                  "string"
                                                ],
                                                "namespaceSelector": [
                                                  "object",
                                                  {
                                                    "matchExpressions": [
                                                      "list",
                                                      [
                                                        "object",
                                                        {
                                                          "key": "string",
                                                          "operator": "string",
                                                          "values": [
                                                            "list",
                                                            "string"
                                                          ]
                                                        }
                                                      ]
                                                    ],
                                                    "matchLabels": [
                                                      "map",
                                                      "string"
                                                    ]
                                                  }
                                                ],
                                                "namespaces": [
                                                  "list",
                                                  "string"
                                                ],
                                                "topologyKey": "string"
                                              }
                                            ],
                                            "weight": "number"
                                          }
                                        ]
                                      ],
                                      "requiredDuringSchedulingIgnoredDuringExecution": [
                                        "list",
                                        [
                                          "object",
                                          {
                                            "labelSelector": [
                                              "object",
                                              {
                                                "matchExpressions": [
                                                  "list",
                                                  [
                                                    "object",
                                                    {
                                                      "key": "string",
                                                      "operator": "string",
                                                      "values": [
                                                        "list",
                                                        "string"
                                                      ]
                                                    }
                                                  ]
                                                ],
                                                "matchLabels": [
                                                  "map",
                                                  "string"
                                                ]
                                              }
                                            ],
                                            "matchLabelKeys": [
                                              "list",
                                              "string"
                                            ],
                                            "mismatchLabelKeys": [
                                              "list",
                                              "string"
                                            ],
                                            "namespaceSelector": [
                                              "object",
                                              {
                                                "matchExpressions": [
                                                  "list",
                                                  [
                                                    "object",
                                                    {
                                                      "key": "string",
                                                      "operator": "string",
                                                      "values": [
                                                        "list",
                                                        "string"
                                                      ]
                                                    }
                                                  ]
                                                ],
                                                "matchLabels": [
                                                  "map",
                                                  "string"
                                                ]
                                              }
                                            ],
                                            "namespaces": [
                                              "list",
                                              "string"
                                            ],
                                            "topologyKey": "string"
                                          }
                                        ]
                                      ]
                                    }
                                  ],
                                  "podAntiAffinity": [
                                    "object",
                                    {
                                      "preferredDuringSchedulingIgnoredDuringExecution": [
                                        "list",
                                        [
                                          "object",
                                          {
                                            "podAffinityTerm": [
                                              "object",
                                              {
                                                "labelSelector": [
                                                  "object",
                                                  {
                                                    "matchExpressions": [
                                                      "list",
                                                      [
                                                        "object",
                                                        {
                                                          "key": "string",
                                                          "operator": "string",
                                                          "values": [
                                                            "list",
                                                            "string"
                                                          ]
                                                        }
                                                      ]
                                                    ],
                                                    "matchLabels": [
                                                      "map",
                                                      "string"
                                                    ]
                                                  }
                                                ],
                                                "matchLabelKeys": [
                                                  "list",
                                                  "string"
                                                ],
                                                "mismatchLabelKeys": [
                                                  "list",
                                                  "string"
                                                ],
                                                "namespaceSelector": [
                                                  "object",
                                                  {
                                                    "matchExpressions": [
                                                      "list",
                                                      [
                                                        "object",
                                                        {
                                                          "key": "string",
                                                          "operator": "string",
                                                          "values": [
                                                            "list",
                                                            "string"
                                                          ]
                                                        }
                                                      ]
                                                    ],
                                                    "matchLabels": [
                                                      "map",
                                                      "string"
                                                    ]
                                                  }
                                                ],
                                                "namespaces": [
                                                  "list",
                                                  "string"
                                                ],
                                                "topologyKey": "string"
                                              }
                                            ],
                                            "weight": "number"
                                          }
                                        ]
                                      ],
                                      "requiredDuringSchedulingIgnoredDuringExecution": [
                                        "list",
                                        [
                                          "object",
                                          {
                                            "labelSelector": [
                                              "object",
                                              {
                                                "matchExpressions": [
                                                  "list",
                                                  [
                                                    "object",
                                                    {
                                                      "key": "string",
                                                      "operator": "string",
                                                      "values": [
                                                        "list",
                                                        "string"
                                                      ]
                                                    }
                                                  ]
                                                ],
                                                "matchLabels": [
                                                  "map",
                                                  "string"
                                                ]
                                              }
                                            ],
                                            "matchLabelKeys": [
                                              "list",
                                              "string"
                                            ],
                                            "mismatchLabelKeys": [
                                              "list",
                                              "string"
                                            ],
                                            "namespaceSelector": [
                                              "object",
                                              {
                                                "matchExpressions": [
                                                  "list",
                                                  [
                                                    "object",
                                                    {
                                                      "key": "string",
                                                      "operator": "string",
                                                      "values": [
                                                        "list",
                                                        "string"
                                                      ]
                                                    }
                                                  ]
                                                ],
                                                "matchLabels": [
                                                  "map",
                                                  "string"
                                                ]
                                              }
                                            ],
                                            "namespaces": [
                                              "list",
                                              "string"
                                            ],
                                            "topologyKey": "string"
                                          }
                                        ]
                                      ]
                                    }
                                  ]
                                }
                              ],
                              "enableServiceLinks": "bool",
                              "hostAliases": [
                                "list",
                                [
                                  "object",
                                  {
                                    "hostnames": [
                                      "list",
                                      "string"
                                    ],
                                    "ip": "string"
                                  }
                                ]
                              ],
                              "imagePullSecrets": [
                                "list",
                                [
                                  "object",
                                  {
                                    "name": "string"
                                  }
                                ]
                              ],
                              "metadata": [
                                "object",
                                {
                                  "annotations": [
                                    "map",
                                    "string"
                                  ],
                                  "labels": [
                                    "map",
                                    "string"
                                  ]
                                }
                              ],
                              "priorityClassName": "string",
                              "schedulerName": "string",
                              "securityContext": [
                                "object",
                                {
                                  "appArmorProfile": [
                                    "object",
                                    {
                                      "localhostProfile": "string",
                                      "type": "string"
                                    }
                                  ],
                                  "fsGroup": "number",
                                  "fsGroupChangePolicy": "string",
                                  "runAsGroup": "number",
                                  "runAsNonRoot": "bool",
                                  "runAsUser": "number",
                                  "seLinuxOptions": [
                                    "object",
                                    {
                                      "level": "string",
                                      "role": "string",
                                      "type": "string",
                                      "user": "string"
                                    }
                                  ],
                                  "seccompProfile": [
                                    "object",
                                    {
                                      "localhostProfile": "string",
                                      "type": "string"
                                    }
                                  ],
                                  "supplementalGroups": [
                                    "list",
                                    "number"
                                  ],
                                  "sysctls": [
                                    "list",
                                    [
                                      "object",
                                      {
                                        "name": "string",
                                        "value": "string"
                                      }
                                    ]
                                  ],
                                  "windowsOptions": [
                                    "object",
                                    {
                                      "gmsaCredentialSpec": "string",
                                      "gmsaCredentialSpecName": "string",
                                      "hostProcess": "bool",
                                      "runAsUserName": "string"
                                    }
                                  ]
                                }
                              ],
                              "terminationGracePeriodSeconds": "number",
                              "tmpDirSizeLimit": "string",
                              "tolerations": [
                                "list",
                                [
                                  "object",
                                  {
                                    "effect": "string",
                                    "key": "string",
                                    "operator": "string",
                                    "tolerationSeconds": "number",
                                    "value": "string"
                                  }
                                ]
                              ],
                              "topologySpreadConstraints": [
                                "list",
                                [
                                  "object",
                                  {
                                    "labelSelector": [
                                      "object",
                                      {
                                        "matchExpressions": [
                                          "list",
                                          [
                                            "object",
                                            {
                                              "key": "string",
                                              "operator": "string",
                                              "values": [
                                                "list",
                                                "string"
                                              ]
                                            }
                                          ]
                                        ],
                                        "matchLabels": [
                                          "map",
                                          "string"
                                        ]
                                      }
                                    ],
                                    "matchLabelKeys": [
                                      "list",
                                      "string"
                                    ],
                                    "maxSkew": "number",
                                    "minDomains": "number",
                                    "nodeAffinityPolicy": "string",
                                    "nodeTaintsPolicy": "string",
                                    "topologyKey": "string",
                                    "whenUnsatisfiable": "string"
                                  }
                                ]
                              ],
                              "volumes": [
                                "list",
                                [
                                  "object",
                                  {
                                    "configMap": [
                                      "object",
                                      {
                                        "defaultMode": "number",
                                        "items": [
                                          "list",
                                          [
                                            "object",
                                            {
                                              "key": "string",
                                              "mode": "number",
                                              "path": "string"
                                            }
                                          ]
                                        ],
                                        "name": "string",
                                        "optional": "bool"
                                      }
                                    ],
                                    "emptyDir": [
                                      "object",
                                      {
                                        "medium": "string",
                                        "sizeLimit": [
                                          "object",
                                          {
                                            "amount": "string",
                                            "format": "string"
                                          }
                                        ]
                                      }
                                    ],
                                    "name": "string",
                                    "persistentVolumeClaim": [
                                      "object",
                                      {
                                        "claimName": "string",
                                        "readOnly": "bool"
                                      }
                                    ],
                                    "secret": [
                                      "object",
                                      {
                                        "defaultMode": "number",
                                        "items": [
                                          "list",
                                          [
                                            "object",
                                            {
                                              "key": "string",
                                              "mode": "number",
                                              "path": "string"
                                            }
                                          ]
                                        ],
                                        "optional": "bool",
                                        "secretName": "string"
                                      }
                                    ]
                                  }
                                ]
                              ]
                            }
                          ],
                          "podSet": [
                            "object",
                            {
                              "metadata": [
                                "object",
                                {
                                  "annotations": [
                                    "map",
                                    "string"
                                  ],
                                  "labels": [
                                    "map",
                                    "string"
                                  ]
                                }
                              ]
                            }
                          ]
                        }
                      ]
                    }
                  ]
                }
              ]
            },
            "timeouts": [],
            "wait": [],
            "wait_for": null
          },
          "sensitive_attributes": [],
          "dependencies": [
            "helm_release.strimzi"
          ]
        }
      ]
    },
    {
      "mode": "managed",
      "type": "kubernetes_manifest",
      "name": "cluster_kafka_without_zookeeper",
      "provider": "provider[\"registry.terraform.io/hashicorp/kubernetes\"]",
      "instances": [
        {
          "index_key": 0,
          "schema_version": 1,
          "attributes": {
            "computed_fields": null,
            "field_manager": [],
            "manifest": {
              "value": {
                "apiVersion": "kafka.strimzi.io/v1beta2",
                "kind": "Kafka",
                "metadata": {
                  "labels": {
                    "strimzi.io/kraft": "enabled",
                    "strimzi.io/node-pools": "enabled"
                  },
                  "name": "my-cluster",
                  "namespace": "kafka"
                },
                "spec": {
                  "entityOperator": {
                    "topicOperator": {},
                    "userOperator": {}
                  },
                  "kafka": {
                    "config": {
                      "offsets.topic.replication.factor": 3,
                      "transaction.state.log.min.isr": 2,
                      "transaction.state.log.replication.factor": 3
                    },
                    "listeners": [
                      {
                        "name": "plain",
                        "port": 9092,
                        "tls": false,
                        "type": "internal"
                      },
                      {
                        "name": "tls",
                        "port": 9093,
                        "tls": true,
                        "type": "internal"
                      }
                    ],
                    "replicas": 3
                  }
                }
              },
              "type": [
                "object",
                {
                  "apiVersion": "string",
                  "kind": "string",
                  "metadata": [
                    "object",
                    {
                      "labels": [
                        "object",
                        {
                          "strimzi.io/kraft": "string",
                          "strimzi.io/node-pools": "string"
                        }
                      ],
                      "name": "string",
                      "namespace": "string"
                    }
                  ],
                  "spec": [
                    "object",
                    {
                      "entityOperator": [
                        "object",
                        {
                          "topicOperator": [
                            "object",
                            {}
                          ],
                          "userOperator": [
                            "object",
                            {}
                          ]
                        }
                      ],
                      "kafka": [
                        "object",
                        {
                          "config": [
                            "object",
                            {
                              "offsets.topic.replication.factor": "number",
                              "transaction.state.log.min.isr": "number",
                              "transaction.state.log.replication.factor": "number"
                            }
                          ],
                          "listeners": [
                            "tuple",
                            [
                              [
                                "object",
                                {
                                  "name": "string",
                                  "port": "number",
                                  "tls": "bool",
                                  "type": "string"
                                }
                              ],
                              [
                                "object",
                                {
                                  "name": "string",
                                  "port": "number",
                                  "tls": "bool",
                                  "type": "string"
                                }
                              ]
                            ]
                          ],
                          "replicas": "number"
                        }
                      ]
                    }
                  ]
                }
              ]
            },
            "object": {
              "value": {
                "apiVersion": "kafka.strimzi.io/v1beta2",
                "kind": "Kafka",
                "metadata": {
                  "annotations": null,
                  "creationTimestamp": null,
                  "deletionGracePeriodSeconds": null,
                  "deletionTimestamp": null,
                  "finalizers": null,
                  "generateName": null,
                  "generation": null,
                  "labels": {
                    "strimzi.io/kraft": "enabled",
                    "strimzi.io/node-pools": "enabled"
                  },
                  "managedFields": null,
                  "name": "my-cluster",
                  "namespace": "kafka",
                  "ownerReferences": null,
                  "resourceVersion": null,
                  "selfLink": null,
                  "uid": null
                },
                "spec": {
                  "clientsCa": {
                    "certificateExpirationPolicy": null,
                    "generateCertificateAuthority": null,
                    "generateSecretOwnerReference": null,
                    "renewalDays": null,
                    "validityDays": null
                  },
                  "clusterCa": {
                    "certificateExpirationPolicy": null,
                    "generateCertificateAuthority": null,
                    "generateSecretOwnerReference": null,
                    "renewalDays": null,
                    "validityDays": null
                  },
                  "cruiseControl": {
                    "apiUsers": {
                      "type": null,
                      "valueFrom": {
                        "secretKeyRef": {
                          "key": null,
                          "name": null,
                          "optional": null
                        }
                      }
                    },
                    "autoRebalance": null,
                    "brokerCapacity": {
                      "cpu": null,
                      "cpuUtilization": null,
                      "disk": null,
                      "inboundNetwork": null,
                      "outboundNetwork": null,
                      "overrides": null
                    },
                    "config": null,
                    "image": null,
                    "jvmOptions": {
                      "-XX": null,
                      "-Xms": null,
                      "-Xmx": null,
                      "gcLoggingEnabled": null,
                      "javaSystemProperties": null
                    },
                    "livenessProbe": {
                      "failureThreshold": null,
                      "initialDelaySeconds": null,
                      "periodSeconds": null,
                      "successThreshold": null,
                      "timeoutSeconds": null
                    },
                    "logging": {
                      "loggers": null,
                      "type": null,
                      "valueFrom": {
                        "configMapKeyRef": {
                          "key": null,
                          "name": null,
                          "optional": null
                        }
                      }
                    },
                    "metricsConfig": {
                      "type": null,
                      "valueFrom": {
                        "configMapKeyRef": {
                          "key": null,
                          "name": null,
                          "optional": null
                        }
                      }
                    },
                    "readinessProbe": {
                      "failureThreshold": null,
                      "initialDelaySeconds": null,
                      "periodSeconds": null,
                      "successThreshold": null,
                      "timeoutSeconds": null
                    },
                    "resources": {
                      "claims": null,
                      "limits": null,
                      "requests": null
                    },
                    "template": {
                      "apiService": {
                        "ipFamilies": null,
                        "ipFamilyPolicy": null,
                        "metadata": {
                          "annotations": null,
                          "labels": null
                        }
                      },
                      "cruiseControlContainer": {
                        "env": null,
                        "securityContext": {
                          "allowPrivilegeEscalation": null,
                          "appArmorProfile": {
                            "localhostProfile": null,
                            "type": null
                          },
                          "capabilities": {
                            "add": null,
                            "drop": null
                          },
                          "privileged": null,
                          "procMount": null,
                          "readOnlyRootFilesystem": null,
                          "runAsGroup": null,
                          "runAsNonRoot": null,
                          "runAsUser": null,
                          "seLinuxOptions": {
                            "level": null,
                            "role": null,
                            "type": null,
                            "user": null
                          },
                          "seccompProfile": {
                            "localhostProfile": null,
                            "type": null
                          },
                          "windowsOptions": {
                            "gmsaCredentialSpec": null,
                            "gmsaCredentialSpecName": null,
                            "hostProcess": null,
                            "runAsUserName": null
                          }
                        },
                        "volumeMounts": null
                      },
                      "deployment": {
                        "deploymentStrategy": null,
                        "metadata": {
                          "annotations": null,
                          "labels": null
                        }
                      },
                      "pod": {
                        "affinity": {
                          "nodeAffinity": {
                            "preferredDuringSchedulingIgnoredDuringExecution": null,
                            "requiredDuringSchedulingIgnoredDuringExecution": {
                              "nodeSelectorTerms": null
                            }
                          },
                          "podAffinity": {
                            "preferredDuringSchedulingIgnoredDuringExecution": null,
                            "requiredDuringSchedulingIgnoredDuringExecution": null
                          },
                          "podAntiAffinity": {
                            "preferredDuringSchedulingIgnoredDuringExecution": null,
                            "requiredDuringSchedulingIgnoredDuringExecution": null
                          }
                        },
                        "enableServiceLinks": null,
                        "hostAliases": null,
                        "imagePullSecrets": null,
                        "metadata": {
                          "annotations": null,
                          "labels": null
                        },
                        "priorityClassName": null,
                        "schedulerName": null,
                        "securityContext": {
                          "appArmorProfile": {
                            "localhostProfile": null,
                            "type": null
                          },
                          "fsGroup": null,
                          "fsGroupChangePolicy": null,
                          "runAsGroup": null,
                          "runAsNonRoot": null,
                          "runAsUser": null,
                          "seLinuxOptions": {
                            "level": null,
                            "role": null,
                            "type": null,
                            "user": null
                          },
                          "seccompProfile": {
                            "localhostProfile": null,
                            "type": null
                          },
                          "supplementalGroups": null,
                          "sysctls": null,
                          "windowsOptions": {
                            "gmsaCredentialSpec": null,
                            "gmsaCredentialSpecName": null,
                            "hostProcess": null,
                            "runAsUserName": null
                          }
                        },
                        "terminationGracePeriodSeconds": null,
                        "tmpDirSizeLimit": null,
                        "tolerations": null,
                        "topologySpreadConstraints": null,
                        "volumes": null
                      },
                      "podDisruptionBudget": {
                        "maxUnavailable": null,
                        "metadata": {
                          "annotations": null,
                          "labels": null
                        }
                      },
                      "serviceAccount": {
                        "metadata": {
                          "annotations": null,
                          "labels": null
                        }
                      },
                      "tlsSidecarContainer": {
                        "env": null,
                        "securityContext": {
                          "allowPrivilegeEscalation": null,
                          "appArmorProfile": {
                            "localhostProfile": null,
                            "type": null
                          },
                          "capabilities": {
                            "add": null,
                            "drop": null
                          },
                          "privileged": null,
                          "procMount": null,
                          "readOnlyRootFilesystem": null,
                          "runAsGroup": null,
                          "runAsNonRoot": null,
                          "runAsUser": null,
                          "seLinuxOptions": {
                            "level": null,
                            "role": null,
                            "type": null,
                            "user": null
                          },
                          "seccompProfile": {
                            "localhostProfile": null,
                            "type": null
                          },
                          "windowsOptions": {
                            "gmsaCredentialSpec": null,
                            "gmsaCredentialSpecName": null,
                            "hostProcess": null,
                            "runAsUserName": null
                          }
                        },
                        "volumeMounts": null
                      }
                    },
                    "tlsSidecar": {
                      "image": null,
                      "livenessProbe": {
                        "failureThreshold": null,
                        "initialDelaySeconds": null,
                        "periodSeconds": null,
                        "successThreshold": null,
                        "timeoutSeconds": null
                      },
                      "logLevel": null,
                      "readinessProbe": {
                        "failureThreshold": null,
                        "initialDelaySeconds": null,
                        "periodSeconds": null,
                        "successThreshold": null,
                        "timeoutSeconds": null
                      },
                      "resources": {
                        "claims": null,
                        "limits": null,
                        "requests": null
                      }
                    }
                  },
                  "entityOperator": {
                    "template": {
                      "deployment": {
                        "deploymentStrategy": null,
                        "metadata": {
                          "annotations": null,
                          "labels": null
                        }
                      },
                      "entityOperatorRole": {
                        "metadata": {
                          "annotations": null,
                          "labels": null
                        }
                      },
                      "pod": {
                        "affinity": {
                          "nodeAffinity": {
                            "preferredDuringSchedulingIgnoredDuringExecution": null,
                            "requiredDuringSchedulingIgnoredDuringExecution": {
                              "nodeSelectorTerms": null
                            }
                          },
                          "podAffinity": {
                            "preferredDuringSchedulingIgnoredDuringExecution": null,
                            "requiredDuringSchedulingIgnoredDuringExecution": null
                          },
                          "podAntiAffinity": {
                            "preferredDuringSchedulingIgnoredDuringExecution": null,
                            "requiredDuringSchedulingIgnoredDuringExecution": null
                          }
                        },
                        "enableServiceLinks": null,
                        "hostAliases": null,
                        "imagePullSecrets": null,
                        "metadata": {
                          "annotations": null,
                          "labels": null
                        },
                        "priorityClassName": null,
                        "schedulerName": null,
                        "securityContext": {
                          "appArmorProfile": {
                            "localhostProfile": null,
                            "type": null
                          },
                          "fsGroup": null,
                          "fsGroupChangePolicy": null,
                          "runAsGroup": null,
                          "runAsNonRoot": null,
                          "runAsUser": null,
                          "seLinuxOptions": {
                            "level": null,
                            "role": null,
                            "type": null,
                            "user": null
                          },
                          "seccompProfile": {
                            "localhostProfile": null,
                            "type": null
                          },
                          "supplementalGroups": null,
                          "sysctls": null,
                          "windowsOptions": {
                            "gmsaCredentialSpec": null,
                            "gmsaCredentialSpecName": null,
                            "hostProcess": null,
                            "runAsUserName": null
                          }
                        },
                        "terminationGracePeriodSeconds": null,
                        "tmpDirSizeLimit": null,
                        "tolerations": null,
                        "topologySpreadConstraints": null,
                        "volumes": null
                      },
                      "serviceAccount": {
                        "metadata": {
                          "annotations": null,
                          "labels": null
                        }
                      },
                      "tlsSidecarContainer": {
                        "env": null,
                        "securityContext": {
                          "allowPrivilegeEscalation": null,
                          "appArmorProfile": {
                            "localhostProfile": null,
                            "type": null
                          },
                          "capabilities": {
                            "add": null,
                            "drop": null
                          },
                          "privileged": null,
                          "procMount": null,
                          "readOnlyRootFilesystem": null,
                          "runAsGroup": null,
                          "runAsNonRoot": null,
                          "runAsUser": null,
                          "seLinuxOptions": {
                            "level": null,
                            "role": null,
                            "type": null,
                            "user": null
                          },
                          "seccompProfile": {
                            "localhostProfile": null,
                            "type": null
                          },
                          "windowsOptions": {
                            "gmsaCredentialSpec": null,
                            "gmsaCredentialSpecName": null,
                            "hostProcess": null,
                            "runAsUserName": null
                          }
                        },
                        "volumeMounts": null
                      },
                      "topicOperatorContainer": {
                        "env": null,
                        "securityContext": {
                          "allowPrivilegeEscalation": null,
                          "appArmorProfile": {
                            "localhostProfile": null,
                            "type": null
                          },
                          "capabilities": {
                            "add": null,
                            "drop": null
                          },
                          "privileged": null,
                          "procMount": null,
                          "readOnlyRootFilesystem": null,
                          "runAsGroup": null,
                          "runAsNonRoot": null,
                          "runAsUser": null,
                          "seLinuxOptions": {
                            "level": null,
                            "role": null,
                            "type": null,
                            "user": null
                          },
                          "seccompProfile": {
                            "localhostProfile": null,
                            "type": null
                          },
                          "windowsOptions": {
                            "gmsaCredentialSpec": null,
                            "gmsaCredentialSpecName": null,
                            "hostProcess": null,
                            "runAsUserName": null
                          }
                        },
                        "volumeMounts": null
                      },
                      "topicOperatorRoleBinding": {
                        "metadata": {
                          "annotations": null,
                          "labels": null
                        }
                      },
                      "userOperatorContainer": {
                        "env": null,
                        "securityContext": {
                          "allowPrivilegeEscalation": null,
                          "appArmorProfile": {
                            "localhostProfile": null,
                            "type": null
                          },
                          "capabilities": {
                            "add": null,
                            "drop": null
                          },
                          "privileged": null,
                          "procMount": null,
                          "readOnlyRootFilesystem": null,
                          "runAsGroup": null,
                          "runAsNonRoot": null,
                          "runAsUser": null,
                          "seLinuxOptions": {
                            "level": null,
                            "role": null,
                            "type": null,
                            "user": null
                          },
                          "seccompProfile": {
                            "localhostProfile": null,
                            "type": null
                          },
                          "windowsOptions": {
                            "gmsaCredentialSpec": null,
                            "gmsaCredentialSpecName": null,
                            "hostProcess": null,
                            "runAsUserName": null
                          }
                        },
                        "volumeMounts": null
                      },
                      "userOperatorRoleBinding": {
                        "metadata": {
                          "annotations": null,
                          "labels": null
                        }
                      }
                    },
                    "tlsSidecar": {
                      "image": null,
                      "livenessProbe": {
                        "failureThreshold": null,
                        "initialDelaySeconds": null,
                        "periodSeconds": null,
                        "successThreshold": null,
                        "timeoutSeconds": null
                      },
                      "logLevel": null,
                      "readinessProbe": {
                        "failureThreshold": null,
                        "initialDelaySeconds": null,
                        "periodSeconds": null,
                        "successThreshold": null,
                        "timeoutSeconds": null
                      },
                      "resources": {
                        "claims": null,
                        "limits": null,
                        "requests": null
                      }
                    },
                    "topicOperator": {
                      "image": null,
                      "jvmOptions": {
                        "-XX": null,
                        "-Xms": null,
                        "-Xmx": null,
                        "gcLoggingEnabled": null,
                        "javaSystemProperties": null
                      },
                      "livenessProbe": {
                        "failureThreshold": null,
                        "initialDelaySeconds": null,
                        "periodSeconds": null,
                        "successThreshold": null,
                        "timeoutSeconds": null
                      },
                      "logging": {
                        "loggers": null,
                        "type": null,
                        "valueFrom": {
                          "configMapKeyRef": {
                            "key": null,
                            "name": null,
                            "optional": null
                          }
                        }
                      },
                      "readinessProbe": {
                        "failureThreshold": null,
                        "initialDelaySeconds": null,
                        "periodSeconds": null,
                        "successThreshold": null,
                        "timeoutSeconds": null
                      },
                      "reconciliationIntervalMs": null,
                      "reconciliationIntervalSeconds": null,
                      "resources": {
                        "claims": null,
                        "limits": null,
                        "requests": null
                      },
                      "startupProbe": {
                        "failureThreshold": null,
                        "initialDelaySeconds": null,
                        "periodSeconds": null,
                        "successThreshold": null,
                        "timeoutSeconds": null
                      },
                      "topicMetadataMaxAttempts": null,
                      "watchedNamespace": null,
                      "zookeeperSessionTimeoutSeconds": null
                    },
                    "userOperator": {
                      "image": null,
                      "jvmOptions": {
                        "-XX": null,
                        "-Xms": null,
                        "-Xmx": null,
                        "gcLoggingEnabled": null,
                        "javaSystemProperties": null
                      },
                      "livenessProbe": {
                        "failureThreshold": null,
                        "initialDelaySeconds": null,
                        "periodSeconds": null,
                        "successThreshold": null,
                        "timeoutSeconds": null
                      },
                      "logging": {
                        "loggers": null,
                        "type": null,
                        "valueFrom": {
                          "configMapKeyRef": {
                            "key": null,
                            "name": null,
                            "optional": null
                          }
                        }
                      },
                      "readinessProbe": {
                        "failureThreshold": null,
                        "initialDelaySeconds": null,
                        "periodSeconds": null,
                        "successThreshold": null,
                        "timeoutSeconds": null
                      },
                      "reconciliationIntervalMs": null,
                      "reconciliationIntervalSeconds": null,
                      "resources": {
                        "claims": null,
                        "limits": null,
                        "requests": null
                      },
                      "secretPrefix": null,
                      "watchedNamespace": null,
                      "zookeeperSessionTimeoutSeconds": null
                    }
                  },
                  "jmxTrans": {
                    "image": null,
                    "kafkaQueries": null,
                    "logLevel": null,
                    "outputDefinitions": null,
                    "resources": {
                      "claims": null,
                      "limits": null,
                      "requests": null
                    },
                    "template": {
                      "container": {
                        "env": null,
                        "securityContext": {
                          "allowPrivilegeEscalation": null,
                          "appArmorProfile": {
                            "localhostProfile": null,
                            "type": null
                          },
                          "capabilities": {
                            "add": null,
                            "drop": null
                          },
                          "privileged": null,
                          "procMount": null,
                          "readOnlyRootFilesystem": null,
                          "runAsGroup": null,
                          "runAsNonRoot": null,
                          "runAsUser": null,
                          "seLinuxOptions": {
                            "level": null,
                            "role": null,
                            "type": null,
                            "user": null
                          },
                          "seccompProfile": {
                            "localhostProfile": null,
                            "type": null
                          },
                          "windowsOptions": {
                            "gmsaCredentialSpec": null,
                            "gmsaCredentialSpecName": null,
                            "hostProcess": null,
                            "runAsUserName": null
                          }
                        },
                        "volumeMounts": null
                      },
                      "deployment": {
                        "deploymentStrategy": null,
                        "metadata": {
                          "annotations": null,
                          "labels": null
                        }
                      },
                      "pod": {
                        "affinity": {
                          "nodeAffinity": {
                            "preferredDuringSchedulingIgnoredDuringExecution": null,
                            "requiredDuringSchedulingIgnoredDuringExecution": {
                              "nodeSelectorTerms": null
                            }
                          },
                          "podAffinity": {
                            "preferredDuringSchedulingIgnoredDuringExecution": null,
                            "requiredDuringSchedulingIgnoredDuringExecution": null
                          },
                          "podAntiAffinity": {
                            "preferredDuringSchedulingIgnoredDuringExecution": null,
                            "requiredDuringSchedulingIgnoredDuringExecution": null
                          }
                        },
                        "enableServiceLinks": null,
                        "hostAliases": null,
                        "imagePullSecrets": null,
                        "metadata": {
                          "annotations": null,
                          "labels": null
                        },
                        "priorityClassName": null,
                        "schedulerName": null,
                        "securityContext": {
                          "appArmorProfile": {
                            "localhostProfile": null,
                            "type": null
                          },
                          "fsGroup": null,
                          "fsGroupChangePolicy": null,
                          "runAsGroup": null,
                          "runAsNonRoot": null,
                          "runAsUser": null,
                          "seLinuxOptions": {
                            "level": null,
                            "role": null,
                            "type": null,
                            "user": null
                          },
                          "seccompProfile": {
                            "localhostProfile": null,
                            "type": null
                          },
                          "supplementalGroups": null,
                          "sysctls": null,
                          "windowsOptions": {
                            "gmsaCredentialSpec": null,
                            "gmsaCredentialSpecName": null,
                            "hostProcess": null,
                            "runAsUserName": null
                          }
                        },
                        "terminationGracePeriodSeconds": null,
                        "tmpDirSizeLimit": null,
                        "tolerations": null,
                        "topologySpreadConstraints": null,
                        "volumes": null
                      },
                      "serviceAccount": {
                        "metadata": {
                          "annotations": null,
                          "labels": null
                        }
                      }
                    }
                  },
                  "kafka": {
                    "authorization": {
                      "allowOnError": null,
                      "authorizerClass": null,
                      "clientId": null,
                      "connectTimeoutSeconds": null,
                      "delegateToKafkaAcls": null,
                      "disableTlsHostnameVerification": null,
                      "enableMetrics": null,
                      "expireAfterMs": null,
                      "grantsAlwaysLatest": null,
                      "grantsGcPeriodSeconds": null,
                      "grantsMaxIdleTimeSeconds": null,
                      "grantsRefreshPeriodSeconds": null,
                      "grantsRefreshPoolSize": null,
                      "httpRetries": null,
                      "includeAcceptHeader": null,
                      "initialCacheCapacity": null,
                      "maximumCacheSize": null,
                      "readTimeoutSeconds": null,
                      "superUsers": null,
                      "supportsAdminApi": null,
                      "tlsTrustedCertificates": null,
                      "tokenEndpointUri": null,
                      "type": null,
                      "url": null
                    },
                    "brokerRackInitImage": null,
                    "config": {
                      "offsets.topic.replication.factor": 3,
                      "transaction.state.log.min.isr": 2,
                      "transaction.state.log.replication.factor": 3
                    },
                    "image": null,
                    "jmxOptions": {
                      "authentication": {
                        "type": null
                      }
                    },
                    "jvmOptions": {
                      "-XX": null,
                      "-Xms": null,
                      "-Xmx": null,
                      "gcLoggingEnabled": null,
                      "javaSystemProperties": null
                    },
                    "listeners": [
                      {
                        "authentication": {
                          "accessTokenIsJwt": null,
                          "checkAccessTokenType": null,
                          "checkAudience": null,
                          "checkIssuer": null,
                          "clientAudience": null,
                          "clientId": null,
                          "clientScope": null,
                          "clientSecret": {
                            "key": null,
                            "secretName": null
                          },
                          "connectTimeoutSeconds": null,
                          "customClaimCheck": null,
                          "disableTlsHostnameVerification": null,
                          "enableECDSA": null,
                          "enableMetrics": null,
                          "enableOauthBearer": null,
                          "enablePlain": null,
                          "failFast": null,
                          "fallbackUserNameClaim": null,
                          "fallbackUserNamePrefix": null,
                          "groupsClaim": null,
                          "groupsClaimDelimiter": null,
                          "httpRetries": null,
                          "httpRetryPauseMs": null,
                          "includeAcceptHeader": null,
                          "introspectionEndpointUri": null,
                          "jwksEndpointUri": null,
                          "jwksExpirySeconds": null,
                          "jwksIgnoreKeyUse": null,
                          "jwksMinRefreshPauseSeconds": null,
                          "jwksRefreshSeconds": null,
                          "listenerConfig": null,
                          "maxSecondsWithoutReauthentication": null,
                          "readTimeoutSeconds": null,
                          "sasl": null,
                          "secrets": null,
                          "serverBearerTokenLocation": null,
                          "tlsTrustedCertificates": null,
                          "tokenEndpointUri": null,
                          "type": null,
                          "userInfoEndpointUri": null,
                          "userNameClaim": null,
                          "userNamePrefix": null,
                          "validIssuerUri": null,
                          "validTokenType": null
                        },
                        "configuration": {
                          "advertisedHostTemplate": null,
                          "bootstrap": {
                            "alternativeNames": null,
                            "annotations": null,
                            "externalIPs": null,
                            "host": null,
                            "labels": null,
                            "loadBalancerIP": null,
                            "nodePort": null
                          },
                          "brokerCertChainAndKey": {
                            "certificate": null,
                            "key": null,
                            "secretName": null
                          },
                          "brokers": null,
                          "class": null,
                          "createBootstrapService": null,
                          "externalTrafficPolicy": null,
                          "finalizers": null,
                          "hostTemplate": null,
                          "ipFamilies": null,
                          "ipFamilyPolicy": null,
                          "loadBalancerSourceRanges": null,
                          "maxConnectionCreationRate": null,
                          "maxConnections": null,
                          "preferredNodePortAddressType": null,
                          "publishNotReadyAddresses": null,
                          "useServiceDnsDomain": null
                        },
                        "name": "plain",
                        "networkPolicyPeers": null,
                        "port": 9092,
                        "tls": false,
                        "type": "internal"
                      },
                      {
                        "authentication": {
                          "accessTokenIsJwt": null,
                          "checkAccessTokenType": null,
                          "checkAudience": null,
                          "checkIssuer": null,
                          "clientAudience": null,
                          "clientId": null,
                          "clientScope": null,
                          "clientSecret": {
                            "key": null,
                            "secretName": null
                          },
                          "connectTimeoutSeconds": null,
                          "customClaimCheck": null,
                          "disableTlsHostnameVerification": null,
                          "enableECDSA": null,
                          "enableMetrics": null,
                          "enableOauthBearer": null,
                          "enablePlain": null,
                          "failFast": null,
                          "fallbackUserNameClaim": null,
                          "fallbackUserNamePrefix": null,
                          "groupsClaim": null,
                          "groupsClaimDelimiter": null,
                          "httpRetries": null,
                          "httpRetryPauseMs": null,
                          "includeAcceptHeader": null,
                          "introspectionEndpointUri": null,
                          "jwksEndpointUri": null,
                          "jwksExpirySeconds": null,
                          "jwksIgnoreKeyUse": null,
                          "jwksMinRefreshPauseSeconds": null,
                          "jwksRefreshSeconds": null,
                          "listenerConfig": null,
                          "maxSecondsWithoutReauthentication": null,
                          "readTimeoutSeconds": null,
                          "sasl": null,
                          "secrets": null,
                          "serverBearerTokenLocation": null,
                          "tlsTrustedCertificates": null,
                          "tokenEndpointUri": null,
                          "type": null,
                          "userInfoEndpointUri": null,
                          "userNameClaim": null,
                          "userNamePrefix": null,
                          "validIssuerUri": null,
                          "validTokenType": null
                        },
                        "configuration": {
                          "advertisedHostTemplate": null,
                          "bootstrap": {
                            "alternativeNames": null,
                            "annotations": null,
                            "externalIPs": null,
                            "host": null,
                            "labels": null,
                            "loadBalancerIP": null,
                            "nodePort": null
                          },
                          "brokerCertChainAndKey": {
                            "certificate": null,
                            "key": null,
                            "secretName": null
                          },
                          "brokers": null,
                          "class": null,
                          "createBootstrapService": null,
                          "externalTrafficPolicy": null,
                          "finalizers": null,
                          "hostTemplate": null,
                          "ipFamilies": null,
                          "ipFamilyPolicy": null,
                          "loadBalancerSourceRanges": null,
                          "maxConnectionCreationRate": null,
                          "maxConnections": null,
                          "preferredNodePortAddressType": null,
                          "publishNotReadyAddresses": null,
                          "useServiceDnsDomain": null
                        },
                        "name": "tls",
                        "networkPolicyPeers": null,
                        "port": 9093,
                        "tls": true,
                        "type": "internal"
                      }
                    ],
                    "livenessProbe": {
                      "failureThreshold": null,
                      "initialDelaySeconds": null,
                      "periodSeconds": null,
                      "successThreshold": null,
                      "timeoutSeconds": null
                    },
                    "logging": {
                      "loggers": null,
                      "type": null,
                      "valueFrom": {
                        "configMapKeyRef": {
                          "key": null,
                          "name": null,
                          "optional": null
                        }
                      }
                    },
                    "metadataVersion": null,
                    "metricsConfig": {
                      "type": null,
                      "valueFrom": {
                        "configMapKeyRef": {
                          "key": null,
                          "name": null,
                          "optional": null
                        }
                      }
                    },
                    "quotas": {
                      "consumerByteRate": null,
                      "controllerMutationRate": null,
                      "excludedPrincipals": null,
                      "minAvailableBytesPerVolume": null,
                      "minAvailableRatioPerVolume": null,
                      "producerByteRate": null,
                      "requestPercentage": null,
                      "type": null
                    },
                    "rack": {
                      "topologyKey": null
                    },
                    "readinessProbe": {
                      "failureThreshold": null,
                      "initialDelaySeconds": null,
                      "periodSeconds": null,
                      "successThreshold": null,
                      "timeoutSeconds": null
                    },
                    "replicas": 3,
                    "resources": {
                      "claims": null,
                      "limits": null,
                      "requests": null
                    },
                    "storage": {
                      "class": null,
                      "deleteClaim": null,
                      "id": null,
                      "kraftMetadata": null,
                      "overrides": null,
                      "selector": null,
                      "size": null,
                      "sizeLimit": null,
                      "type": null,
                      "volumes": null
                    },
                    "template": {
                      "bootstrapService": {
                        "ipFamilies": null,
                        "ipFamilyPolicy": null,
                        "metadata": {
                          "annotations": null,
                          "labels": null
                        }
                      },
                      "brokersService": {
                        "ipFamilies": null,
                        "ipFamilyPolicy": null,
                        "metadata": {
                          "annotations": null,
                          "labels": null
                        }
                      },
                      "clusterCaCert": {
                        "metadata": {
                          "annotations": null,
                          "labels": null
                        }
                      },
                      "clusterRoleBinding": {
                        "metadata": {
                          "annotations": null,
                          "labels": null
                        }
                      },
                      "externalBootstrapIngress": {
                        "metadata": {
                          "annotations": null,
                          "labels": null
                        }
                      },
                      "externalBootstrapRoute": {
                        "metadata": {
                          "annotations": null,
                          "labels": null
                        }
                      },
                      "externalBootstrapService": {
                        "metadata": {
                          "annotations": null,
                          "labels": null
                        }
                      },
                      "initContainer": {
                        "env": null,
                        "securityContext": {
                          "allowPrivilegeEscalation": null,
                          "appArmorProfile": {
                            "localhostProfile": null,
                            "type": null
                          },
                          "capabilities": {
                            "add": null,
                            "drop": null
                          },
                          "privileged": null,
                          "procMount": null,
                          "readOnlyRootFilesystem": null,
                          "runAsGroup": null,
                          "runAsNonRoot": null,
                          "runAsUser": null,
                          "seLinuxOptions": {
                            "level": null,
                            "role": null,
                            "type": null,
                            "user": null
                          },
                          "seccompProfile": {
                            "localhostProfile": null,
                            "type": null
                          },
                          "windowsOptions": {
                            "gmsaCredentialSpec": null,
                            "gmsaCredentialSpecName": null,
                            "hostProcess": null,
                            "runAsUserName": null
                          }
                        },
                        "volumeMounts": null
                      },
                      "jmxSecret": {
                        "metadata": {
                          "annotations": null,
                          "labels": null
                        }
                      },
                      "kafkaContainer": {
                        "env": null,
                        "securityContext": {
                          "allowPrivilegeEscalation": null,
                          "appArmorProfile": {
                            "localhostProfile": null,
                            "type": null
                          },
                          "capabilities": {
                            "add": null,
                            "drop": null
                          },
                          "privileged": null,
                          "procMount": null,
                          "readOnlyRootFilesystem": null,
                          "runAsGroup": null,
                          "runAsNonRoot": null,
                          "runAsUser": null,
                          "seLinuxOptions": {
                            "level": null,
                            "role": null,
                            "type": null,
                            "user": null
                          },
                          "seccompProfile": {
                            "localhostProfile": null,
                            "type": null
                          },
                          "windowsOptions": {
                            "gmsaCredentialSpec": null,
                            "gmsaCredentialSpecName": null,
                            "hostProcess": null,
                            "runAsUserName": null
                          }
                        },
                        "volumeMounts": null
                      },
                      "perPodIngress": {
                        "metadata": {
                          "annotations": null,
                          "labels": null
                        }
                      },
                      "perPodRoute": {
                        "metadata": {
                          "annotations": null,
                          "labels": null
                        }
                      },
                      "perPodService": {
                        "metadata": {
                          "annotations": null,
                          "labels": null
                        }
                      },
                      "persistentVolumeClaim": {
                        "metadata": {
                          "annotations": null,
                          "labels": null
                        }
                      },
                      "pod": {
                        "affinity": {
                          "nodeAffinity": {
                            "preferredDuringSchedulingIgnoredDuringExecution": null,
                            "requiredDuringSchedulingIgnoredDuringExecution": {
                              "nodeSelectorTerms": null
                            }
                          },
                          "podAffinity": {
                            "preferredDuringSchedulingIgnoredDuringExecution": null,
                            "requiredDuringSchedulingIgnoredDuringExecution": null
                          },
                          "podAntiAffinity": {
                            "preferredDuringSchedulingIgnoredDuringExecution": null,
                            "requiredDuringSchedulingIgnoredDuringExecution": null
                          }
                        },
                        "enableServiceLinks": null,
                        "hostAliases": null,
                        "imagePullSecrets": null,
                        "metadata": {
                          "annotations": null,
                          "labels": null
                        },
                        "priorityClassName": null,
                        "schedulerName": null,
                        "securityContext": {
                          "appArmorProfile": {
                            "localhostProfile": null,
                            "type": null
                          },
                          "fsGroup": null,
                          "fsGroupChangePolicy": null,
                          "runAsGroup": null,
                          "runAsNonRoot": null,
                          "runAsUser": null,
                          "seLinuxOptions": {
                            "level": null,
                            "role": null,
                            "type": null,
                            "user": null
                          },
                          "seccompProfile": {
                            "localhostProfile": null,
                            "type": null
                          },
                          "supplementalGroups": null,
                          "sysctls": null,
                          "windowsOptions": {
                            "gmsaCredentialSpec": null,
                            "gmsaCredentialSpecName": null,
                            "hostProcess": null,
                            "runAsUserName": null
                          }
                        },
                        "terminationGracePeriodSeconds": null,
                        "tmpDirSizeLimit": null,
                        "tolerations": null,
                        "topologySpreadConstraints": null,
                        "volumes": null
                      },
                      "podDisruptionBudget": {
                        "maxUnavailable": null,
                        "metadata": {
                          "annotations": null,
                          "labels": null
                        }
                      },
                      "podSet": {
                        "metadata": {
                          "annotations": null,
                          "labels": null
                        }
                      },
                      "serviceAccount": {
                        "metadata": {
                          "annotations": null,
                          "labels": null
                        }
                      },
                      "statefulset": {
                        "metadata": {
                          "annotations": null,
                          "labels": null
                        },
                        "podManagementPolicy": null
                      }
                    },
                    "tieredStorage": {
                      "remoteStorageManager": {
                        "className": null,
                        "classPath": null,
                        "config": null
                      },
                      "type": null
                    },
                    "version": null
                  },
                  "kafkaExporter": {
                    "enableSaramaLogging": null,
                    "groupExcludeRegex": null,
                    "groupRegex": null,
                    "image": null,
                    "livenessProbe": {
                      "failureThreshold": null,
                      "initialDelaySeconds": null,
                      "periodSeconds": null,
                      "successThreshold": null,
                      "timeoutSeconds": null
                    },
                    "logging": null,
                    "readinessProbe": {
                      "failureThreshold": null,
                      "initialDelaySeconds": null,
                      "periodSeconds": null,
                      "successThreshold": null,
                      "timeoutSeconds": null
                    },
                    "resources": {
                      "claims": null,
                      "limits": null,
                      "requests": null
                    },
                    "showAllOffsets": null,
                    "template": {
                      "container": {
                        "env": null,
                        "securityContext": {
                          "allowPrivilegeEscalation": null,
                          "appArmorProfile": {
                            "localhostProfile": null,
                            "type": null
                          },
                          "capabilities": {
                            "add": null,
                            "drop": null
                          },
                          "privileged": null,
                          "procMount": null,
                          "readOnlyRootFilesystem": null,
                          "runAsGroup": null,
                          "runAsNonRoot": null,
                          "runAsUser": null,
                          "seLinuxOptions": {
                            "level": null,
                            "role": null,
                            "type": null,
                            "user": null
                          },
                          "seccompProfile": {
                            "localhostProfile": null,
                            "type": null
                          },
                          "windowsOptions": {
                            "gmsaCredentialSpec": null,
                            "gmsaCredentialSpecName": null,
                            "hostProcess": null,
                            "runAsUserName": null
                          }
                        },
                        "volumeMounts": null
                      },
                      "deployment": {
                        "deploymentStrategy": null,
                        "metadata": {
                          "annotations": null,
                          "labels": null
                        }
                      },
                      "pod": {
                        "affinity": {
                          "nodeAffinity": {
                            "preferredDuringSchedulingIgnoredDuringExecution": null,
                            "requiredDuringSchedulingIgnoredDuringExecution": {
                              "nodeSelectorTerms": null
                            }
                          },
                          "podAffinity": {
                            "preferredDuringSchedulingIgnoredDuringExecution": null,
                            "requiredDuringSchedulingIgnoredDuringExecution": null
                          },
                          "podAntiAffinity": {
                            "preferredDuringSchedulingIgnoredDuringExecution": null,
                            "requiredDuringSchedulingIgnoredDuringExecution": null
                          }
                        },
                        "enableServiceLinks": null,
                        "hostAliases": null,
                        "imagePullSecrets": null,
                        "metadata": {
                          "annotations": null,
                          "labels": null
                        },
                        "priorityClassName": null,
                        "schedulerName": null,
                        "securityContext": {
                          "appArmorProfile": {
                            "localhostProfile": null,
                            "type": null
                          },
                          "fsGroup": null,
                          "fsGroupChangePolicy": null,
                          "runAsGroup": null,
                          "runAsNonRoot": null,
                          "runAsUser": null,
                          "seLinuxOptions": {
                            "level": null,
                            "role": null,
                            "type": null,
                            "user": null
                          },
                          "seccompProfile": {
                            "localhostProfile": null,
                            "type": null
                          },
                          "supplementalGroups": null,
                          "sysctls": null,
                          "windowsOptions": {
                            "gmsaCredentialSpec": null,
                            "gmsaCredentialSpecName": null,
                            "hostProcess": null,
                            "runAsUserName": null
                          }
                        },
                        "terminationGracePeriodSeconds": null,
                        "tmpDirSizeLimit": null,
                        "tolerations": null,
                        "topologySpreadConstraints": null,
                        "volumes": null
                      },
                      "service": {
                        "metadata": {
                          "annotations": null,
                          "labels": null
                        }
                      },
                      "serviceAccount": {
                        "metadata": {
                          "annotations": null,
                          "labels": null
                        }
                      }
                    },
                    "topicExcludeRegex": null,
                    "topicRegex": null
                  },
                  "maintenanceTimeWindows": null,
                  "zookeeper": {
                    "config": null,
                    "image": null,
                    "jmxOptions": {
                      "authentication": {
                        "type": null
                      }
                    },
                    "jvmOptions": {
                      "-XX": null,
                      "-Xms": null,
                      "-Xmx": null,
                      "gcLoggingEnabled": null,
                      "javaSystemProperties": null
                    },
                    "livenessProbe": {
                      "failureThreshold": null,
                      "initialDelaySeconds": null,
                      "periodSeconds": null,
                      "successThreshold": null,
                      "timeoutSeconds": null
                    },
                    "logging": {
                      "loggers": null,
                      "type": null,
                      "valueFrom": {
                        "configMapKeyRef": {
                          "key": null,
                          "name": null,
                          "optional": null
                        }
                      }
                    },
                    "metricsConfig": {
                      "type": null,
                      "valueFrom": {
                        "configMapKeyRef": {
                          "key": null,
                          "name": null,
                          "optional": null
                        }
                      }
                    },
                    "readinessProbe": {
                      "failureThreshold": null,
                      "initialDelaySeconds": null,
                      "periodSeconds": null,
                      "successThreshold": null,
                      "timeoutSeconds": null
                    },
                    "replicas": null,
                    "resources": {
                      "claims": null,
                      "limits": null,
                      "requests": null
                    },
                    "storage": {
                      "class": null,
                      "deleteClaim": null,
                      "id": null,
                      "kraftMetadata": null,
                      "overrides": null,
                      "selector": null,
                      "size": null,
                      "sizeLimit": null,
                      "type": null
                    },
                    "template": {
                      "clientService": {
                        "ipFamilies": null,
                        "ipFamilyPolicy": null,
                        "metadata": {
                          "annotations": null,
                          "labels": null
                        }
                      },
                      "jmxSecret": {
                        "metadata": {
                          "annotations": null,
                          "labels": null
                        }
                      },
                      "nodesService": {
                        "ipFamilies": null,
                        "ipFamilyPolicy": null,
                        "metadata": {
                          "annotations": null,
                          "labels": null
                        }
                      },
                      "persistentVolumeClaim": {
                        "metadata": {
                          "annotations": null,
                          "labels": null
                        }
                      },
                      "pod": {
                        "affinity": {
                          "nodeAffinity": {
                            "preferredDuringSchedulingIgnoredDuringExecution": null,
                            "requiredDuringSchedulingIgnoredDuringExecution": {
                              "nodeSelectorTerms": null
                            }
                          },
                          "podAffinity": {
                            "preferredDuringSchedulingIgnoredDuringExecution": null,
                            "requiredDuringSchedulingIgnoredDuringExecution": null
                          },
                          "podAntiAffinity": {
                            "preferredDuringSchedulingIgnoredDuringExecution": null,
                            "requiredDuringSchedulingIgnoredDuringExecution": null
                          }
                        },
                        "enableServiceLinks": null,
                        "hostAliases": null,
                        "imagePullSecrets": null,
                        "metadata": {
                          "annotations": null,
                          "labels": null
                        },
                        "priorityClassName": null,
                        "schedulerName": null,
                        "securityContext": {
                          "appArmorProfile": {
                            "localhostProfile": null,
                            "type": null
                          },
                          "fsGroup": null,
                          "fsGroupChangePolicy": null,
                          "runAsGroup": null,
                          "runAsNonRoot": null,
                          "runAsUser": null,
                          "seLinuxOptions": {
                            "level": null,
                            "role": null,
                            "type": null,
                            "user": null
                          },
                          "seccompProfile": {
                            "localhostProfile": null,
                            "type": null
                          },
                          "supplementalGroups": null,
                          "sysctls": null,
                          "windowsOptions": {
                            "gmsaCredentialSpec": null,
                            "gmsaCredentialSpecName": null,
                            "hostProcess": null,
                            "runAsUserName": null
                          }
                        },
                        "terminationGracePeriodSeconds": null,
                        "tmpDirSizeLimit": null,
                        "tolerations": null,
                        "topologySpreadConstraints": null,
                        "volumes": null
                      },
                      "podDisruptionBudget": {
                        "maxUnavailable": null,
                        "metadata": {
                          "annotations": null,
                          "labels": null
                        }
                      },
                      "podSet": {
                        "metadata": {
                          "annotations": null,
                          "labels": null
                        }
                      },
                      "serviceAccount": {
                        "metadata": {
                          "annotations": null,
                          "labels": null
                        }
                      },
                      "statefulset": {
                        "metadata": {
                          "annotations": null,
                          "labels": null
                        },
                        "podManagementPolicy": null
                      },
                      "zookeeperContainer": {
                        "env": null,
                        "securityContext": {
                          "allowPrivilegeEscalation": null,
                          "appArmorProfile": {
                            "localhostProfile": null,
                            "type": null
                          },
                          "capabilities": {
                            "add": null,
                            "drop": null
                          },
                          "privileged": null,
                          "procMount": null,
                          "readOnlyRootFilesystem": null,
                          "runAsGroup": null,
                          "runAsNonRoot": null,
                          "runAsUser": null,
                          "seLinuxOptions": {
                            "level": null,
                            "role": null,
                            "type": null,
                            "user": null
                          },
                          "seccompProfile": {
                            "localhostProfile": null,
                            "type": null
                          },
                          "windowsOptions": {
                            "gmsaCredentialSpec": null,
                            "gmsaCredentialSpecName": null,
                            "hostProcess": null,
                            "runAsUserName": null
                          }
                        },
                        "volumeMounts": null
                      }
                    }
                  }
                }
              },
              "type": [
                "object",
                {
                  "apiVersion": "string",
                  "kind": "string",
                  "metadata": [
                    "object",
                    {
                      "annotations": [
                        "map",
                        "string"
                      ],
                      "creationTimestamp": "string",
                      "deletionGracePeriodSeconds": "number",
                      "deletionTimestamp": "string",
                      "finalizers": [
                        "list",
                        "string"
                      ],
                      "generateName": "string",
                      "generation": "number",
                      "labels": [
                        "map",
                        "string"
                      ],
                      "managedFields": [
                        "tuple",
                        [
                          [
                            "object",
                            {
                              "apiVersion": "string",
                              "fieldsType": "string",
                              "fieldsV1": "dynamic",
                              "manager": "string",
                              "operation": "string",
                              "subresource": "string",
                              "time": "string"
                            }
                          ]
                        ]
                      ],
                      "name": "string",
                      "namespace": "string",
                      "ownerReferences": [
                        "list",
                        [
                          "object",
                          {
                            "apiVersion": "string",
                            "blockOwnerDeletion": "bool",
                            "controller": "bool",
                            "kind": "string",
                            "name": "string",
                            "uid": "string"
                          }
                        ]
                      ],
                      "resourceVersion": "string",
                      "selfLink": "string",
                      "uid": "string"
                    }
                  ],
                  "spec": [
                    "object",
                    {
                      "clientsCa": [
                        "object",
                        {
                          "certificateExpirationPolicy": "string",
                          "generateCertificateAuthority": "bool",
                          "generateSecretOwnerReference": "bool",
                          "renewalDays": "number",
                          "validityDays": "number"
                        }
                      ],
                      "clusterCa": [
                        "object",
                        {
                          "certificateExpirationPolicy": "string",
                          "generateCertificateAuthority": "bool",
                          "generateSecretOwnerReference": "bool",
                          "renewalDays": "number",
                          "validityDays": "number"
                        }
                      ],
                      "cruiseControl": [
                        "object",
                        {
                          "apiUsers": [
                            "object",
                            {
                              "type": "string",
                              "valueFrom": [
                                "object",
                                {
                                  "secretKeyRef": [
                                    "object",
                                    {
                                      "key": "string",
                                      "name": "string",
                                      "optional": "bool"
                                    }
                                  ]
                                }
                              ]
                            }
                          ],
                          "autoRebalance": [
                            "list",
                            [
                              "object",
                              {
                                "mode": "string",
                                "template": [
                                  "object",
                                  {
                                    "name": "string"
                                  }
                                ]
                              }
                            ]
                          ],
                          "brokerCapacity": [
                            "object",
                            {
                              "cpu": "string",
                              "cpuUtilization": "number",
                              "disk": "string",
                              "inboundNetwork": "string",
                              "outboundNetwork": "string",
                              "overrides": [
                                "list",
                                [
                                  "object",
                                  {
                                    "brokers": [
                                      "list",
                                      "number"
                                    ],
                                    "cpu": "string",
                                    "inboundNetwork": "string",
                                    "outboundNetwork": "string"
                                  }
                                ]
                              ]
                            }
                          ],
                          "config": "dynamic",
                          "image": "string",
                          "jvmOptions": [
                            "object",
                            {
                              "-XX": [
                                "map",
                                "string"
                              ],
                              "-Xms": "string",
                              "-Xmx": "string",
                              "gcLoggingEnabled": "bool",
                              "javaSystemProperties": [
                                "list",
                                [
                                  "object",
                                  {
                                    "name": "string",
                                    "value": "string"
                                  }
                                ]
                              ]
                            }
                          ],
                          "livenessProbe": [
                            "object",
                            {
                              "failureThreshold": "number",
                              "initialDelaySeconds": "number",
                              "periodSeconds": "number",
                              "successThreshold": "number",
                              "timeoutSeconds": "number"
                            }
                          ],
                          "logging": [
                            "object",
                            {
                              "loggers": [
                                "map",
                                "string"
                              ],
                              "type": "string",
                              "valueFrom": [
                                "object",
                                {
                                  "configMapKeyRef": [
                                    "object",
                                    {
                                      "key": "string",
                                      "name": "string",
                                      "optional": "bool"
                                    }
                                  ]
                                }
                              ]
                            }
                          ],
                          "metricsConfig": [
                            "object",
                            {
                              "type": "string",
                              "valueFrom": [
                                "object",
                                {
                                  "configMapKeyRef": [
                                    "object",
                                    {
                                      "key": "string",
                                      "name": "string",
                                      "optional": "bool"
                                    }
                                  ]
                                }
                              ]
                            }
                          ],
                          "readinessProbe": [
                            "object",
                            {
                              "failureThreshold": "number",
                              "initialDelaySeconds": "number",
                              "periodSeconds": "number",
                              "successThreshold": "number",
                              "timeoutSeconds": "number"
                            }
                          ],
                          "resources": [
                            "object",
                            {
                              "claims": [
                                "list",
                                [
                                  "object",
                                  {
                                    "name": "string"
                                  }
                                ]
                              ],
                              "limits": [
                                "map",
                                "string"
                              ],
                              "requests": [
                                "map",
                                "string"
                              ]
                            }
                          ],
                          "template": [
                            "object",
                            {
                              "apiService": [
                                "object",
                                {
                                  "ipFamilies": [
                                    "list",
                                    "string"
                                  ],
                                  "ipFamilyPolicy": "string",
                                  "metadata": [
                                    "object",
                                    {
                                      "annotations": [
                                        "map",
                                        "string"
                                      ],
                                      "labels": [
                                        "map",
                                        "string"
                                      ]
                                    }
                                  ]
                                }
                              ],
                              "cruiseControlContainer": [
                                "object",
                                {
                                  "env": [
                                    "list",
                                    [
                                      "object",
                                      {
                                        "name": "string",
                                        "value": "string",
                                        "valueFrom": [
                                          "object",
                                          {
                                            "configMapKeyRef": [
                                              "object",
                                              {
                                                "key": "string",
                                                "name": "string",
                                                "optional": "bool"
                                              }
                                            ],
                                            "secretKeyRef": [
                                              "object",
                                              {
                                                "key": "string",
                                                "name": "string",
                                                "optional": "bool"
                                              }
                                            ]
                                          }
                                        ]
                                      }
                                    ]
                                  ],
                                  "securityContext": [
                                    "object",
                                    {
                                      "allowPrivilegeEscalation": "bool",
                                      "appArmorProfile": [
                                        "object",
                                        {
                                          "localhostProfile": "string",
                                          "type": "string"
                                        }
                                      ],
                                      "capabilities": [
                                        "object",
                                        {
                                          "add": [
                                            "list",
                                            "string"
                                          ],
                                          "drop": [
                                            "list",
                                            "string"
                                          ]
                                        }
                                      ],
                                      "privileged": "bool",
                                      "procMount": "string",
                                      "readOnlyRootFilesystem": "bool",
                                      "runAsGroup": "number",
                                      "runAsNonRoot": "bool",
                                      "runAsUser": "number",
                                      "seLinuxOptions": [
                                        "object",
                                        {
                                          "level": "string",
                                          "role": "string",
                                          "type": "string",
                                          "user": "string"
                                        }
                                      ],
                                      "seccompProfile": [
                                        "object",
                                        {
                                          "localhostProfile": "string",
                                          "type": "string"
                                        }
                                      ],
                                      "windowsOptions": [
                                        "object",
                                        {
                                          "gmsaCredentialSpec": "string",
                                          "gmsaCredentialSpecName": "string",
                                          "hostProcess": "bool",
                                          "runAsUserName": "string"
                                        }
                                      ]
                                    }
                                  ],
                                  "volumeMounts": [
                                    "list",
                                    [
                                      "object",
                                      {
                                        "mountPath": "string",
                                        "mountPropagation": "string",
                                        "name": "string",
                                        "readOnly": "bool",
                                        "recursiveReadOnly": "string",
                                        "subPath": "string",
                                        "subPathExpr": "string"
                                      }
                                    ]
                                  ]
                                }
                              ],
                              "deployment": [
                                "object",
                                {
                                  "deploymentStrategy": "string",
                                  "metadata": [
                                    "object",
                                    {
                                      "annotations": [
                                        "map",
                                        "string"
                                      ],
                                      "labels": [
                                        "map",
                                        "string"
                                      ]
                                    }
                                  ]
                                }
                              ],
                              "pod": [
                                "object",
                                {
                                  "affinity": [
                                    "object",
                                    {
                                      "nodeAffinity": [
                                        "object",
                                        {
                                          "preferredDuringSchedulingIgnoredDuringExecution": [
                                            "list",
                                            [
                                              "object",
                                              {
                                                "preference": [
                                                  "object",
                                                  {
                                                    "matchExpressions": [
                                                      "list",
                                                      [
                                                        "object",
                                                        {
                                                          "key": "string",
                                                          "operator": "string",
                                                          "values": [
                                                            "list",
                                                            "string"
                                                          ]
                                                        }
                                                      ]
                                                    ],
                                                    "matchFields": [
                                                      "list",
                                                      [
                                                        "object",
                                                        {
                                                          "key": "string",
                                                          "operator": "string",
                                                          "values": [
                                                            "list",
                                                            "string"
                                                          ]
                                                        }
                                                      ]
                                                    ]
                                                  }
                                                ],
                                                "weight": "number"
                                              }
                                            ]
                                          ],
                                          "requiredDuringSchedulingIgnoredDuringExecution": [
                                            "object",
                                            {
                                              "nodeSelectorTerms": [
                                                "list",
                                                [
                                                  "object",
                                                  {
                                                    "matchExpressions": [
                                                      "list",
                                                      [
                                                        "object",
                                                        {
                                                          "key": "string",
                                                          "operator": "string",
                                                          "values": [
                                                            "list",
                                                            "string"
                                                          ]
                                                        }
                                                      ]
                                                    ],
                                                    "matchFields": [
                                                      "list",
                                                      [
                                                        "object",
                                                        {
                                                          "key": "string",
                                                          "operator": "string",
                                                          "values": [
                                                            "list",
                                                            "string"
                                                          ]
                                                        }
                                                      ]
                                                    ]
                                                  }
                                                ]
                                              ]
                                            }
                                          ]
                                        }
                                      ],
                                      "podAffinity": [
                                        "object",
                                        {
                                          "preferredDuringSchedulingIgnoredDuringExecution": [
                                            "list",
                                            [
                                              "object",
                                              {
                                                "podAffinityTerm": [
                                                  "object",
                                                  {
                                                    "labelSelector": [
                                                      "object",
                                                      {
                                                        "matchExpressions": [
                                                          "list",
                                                          [
                                                            "object",
                                                            {
                                                              "key": "string",
                                                              "operator": "string",
                                                              "values": [
                                                                "list",
                                                                "string"
                                                              ]
                                                            }
                                                          ]
                                                        ],
                                                        "matchLabels": [
                                                          "map",
                                                          "string"
                                                        ]
                                                      }
                                                    ],
                                                    "matchLabelKeys": [
                                                      "list",
                                                      "string"
                                                    ],
                                                    "mismatchLabelKeys": [
                                                      "list",
                                                      "string"
                                                    ],
                                                    "namespaceSelector": [
                                                      "object",
                                                      {
                                                        "matchExpressions": [
                                                          "list",
                                                          [
                                                            "object",
                                                            {
                                                              "key": "string",
                                                              "operator": "string",
                                                              "values": [
                                                                "list",
                                                                "string"
                                                              ]
                                                            }
                                                          ]
                                                        ],
                                                        "matchLabels": [
                                                          "map",
                                                          "string"
                                                        ]
                                                      }
                                                    ],
                                                    "namespaces": [
                                                      "list",
                                                      "string"
                                                    ],
                                                    "topologyKey": "string"
                                                  }
                                                ],
                                                "weight": "number"
                                              }
                                            ]
                                          ],
                                          "requiredDuringSchedulingIgnoredDuringExecution": [
                                            "list",
                                            [
                                              "object",
                                              {
                                                "labelSelector": [
                                                  "object",
                                                  {
                                                    "matchExpressions": [
                                                      "list",
                                                      [
                                                        "object",
                                                        {
                                                          "key": "string",
                                                          "operator": "string",
                                                          "values": [
                                                            "list",
                                                            "string"
                                                          ]
                                                        }
                                                      ]
                                                    ],
                                                    "matchLabels": [
                                                      "map",
                                                      "string"
                                                    ]
                                                  }
                                                ],
                                                "matchLabelKeys": [
                                                  "list",
                                                  "string"
                                                ],
                                                "mismatchLabelKeys": [
                                                  "list",
                                                  "string"
                                                ],
                                                "namespaceSelector": [
                                                  "object",
                                                  {
                                                    "matchExpressions": [
                                                      "list",
                                                      [
                                                        "object",
                                                        {
                                                          "key": "string",
                                                          "operator": "string",
                                                          "values": [
                                                            "list",
                                                            "string"
                                                          ]
                                                        }
                                                      ]
                                                    ],
                                                    "matchLabels": [
                                                      "map",
                                                      "string"
                                                    ]
                                                  }
                                                ],
                                                "namespaces": [
                                                  "list",
                                                  "string"
                                                ],
                                                "topologyKey": "string"
                                              }
                                            ]
                                          ]
                                        }
                                      ],
                                      "podAntiAffinity": [
                                        "object",
                                        {
                                          "preferredDuringSchedulingIgnoredDuringExecution": [
                                            "list",
                                            [
                                              "object",
                                              {
                                                "podAffinityTerm": [
                                                  "object",
                                                  {
                                                    "labelSelector": [
                                                      "object",
                                                      {
                                                        "matchExpressions": [
                                                          "list",
                                                          [
                                                            "object",
                                                            {
                                                              "key": "string",
                                                              "operator": "string",
                                                              "values": [
                                                                "list",
                                                                "string"
                                                              ]
                                                            }
                                                          ]
                                                        ],
                                                        "matchLabels": [
                                                          "map",
                                                          "string"
                                                        ]
                                                      }
                                                    ],
                                                    "matchLabelKeys": [
                                                      "list",
                                                      "string"
                                                    ],
                                                    "mismatchLabelKeys": [
                                                      "list",
                                                      "string"
                                                    ],
                                                    "namespaceSelector": [
                                                      "object",
                                                      {
                                                        "matchExpressions": [
                                                          "list",
                                                          [
                                                            "object",
                                                            {
                                                              "key": "string",
                                                              "operator": "string",
                                                              "values": [
                                                                "list",
                                                                "string"
                                                              ]
                                                            }
                                                          ]
                                                        ],
                                                        "matchLabels": [
                                                          "map",
                                                          "string"
                                                        ]
                                                      }
                                                    ],
                                                    "namespaces": [
                                                      "list",
                                                      "string"
                                                    ],
                                                    "topologyKey": "string"
                                                  }
                                                ],
                                                "weight": "number"
                                              }
                                            ]
                                          ],
                                          "requiredDuringSchedulingIgnoredDuringExecution": [
                                            "list",
                                            [
                                              "object",
                                              {
                                                "labelSelector": [
                                                  "object",
                                                  {
                                                    "matchExpressions": [
                                                      "list",
                                                      [
                                                        "object",
                                                        {
                                                          "key": "string",
                                                          "operator": "string",
                                                          "values": [
                                                            "list",
                                                            "string"
                                                          ]
                                                        }
                                                      ]
                                                    ],
                                                    "matchLabels": [
                                                      "map",
                                                      "string"
                                                    ]
                                                  }
                                                ],
                                                "matchLabelKeys": [
                                                  "list",
                                                  "string"
                                                ],
                                                "mismatchLabelKeys": [
                                                  "list",
                                                  "string"
                                                ],
                                                "namespaceSelector": [
                                                  "object",
                                                  {
                                                    "matchExpressions": [
                                                      "list",
                                                      [
                                                        "object",
                                                        {
                                                          "key": "string",
                                                          "operator": "string",
                                                          "values": [
                                                            "list",
                                                            "string"
                                                          ]
                                                        }
                                                      ]
                                                    ],
                                                    "matchLabels": [
                                                      "map",
                                                      "string"
                                                    ]
                                                  }
                                                ],
                                                "namespaces": [
                                                  "list",
                                                  "string"
                                                ],
                                                "topologyKey": "string"
                                              }
                                            ]
                                          ]
                                        }
                                      ]
                                    }
                                  ],
                                  "enableServiceLinks": "bool",
                                  "hostAliases": [
                                    "list",
                                    [
                                      "object",
                                      {
                                        "hostnames": [
                                          "list",
                                          "string"
                                        ],
                                        "ip": "string"
                                      }
                                    ]
                                  ],
                                  "imagePullSecrets": [
                                    "list",
                                    [
                                      "object",
                                      {
                                        "name": "string"
                                      }
                                    ]
                                  ],
                                  "metadata": [
                                    "object",
                                    {
                                      "annotations": [
                                        "map",
                                        "string"
                                      ],
                                      "labels": [
                                        "map",
                                        "string"
                                      ]
                                    }
                                  ],
                                  "priorityClassName": "string",
                                  "schedulerName": "string",
                                  "securityContext": [
                                    "object",
                                    {
                                      "appArmorProfile": [
                                        "object",
                                        {
                                          "localhostProfile": "string",
                                          "type": "string"
                                        }
                                      ],
                                      "fsGroup": "number",
                                      "fsGroupChangePolicy": "string",
                                      "runAsGroup": "number",
                                      "runAsNonRoot": "bool",
                                      "runAsUser": "number",
                                      "seLinuxOptions": [
                                        "object",
                                        {
                                          "level": "string",
                                          "role": "string",
                                          "type": "string",
                                          "user": "string"
                                        }
                                      ],
                                      "seccompProfile": [
                                        "object",
                                        {
                                          "localhostProfile": "string",
                                          "type": "string"
                                        }
                                      ],
                                      "supplementalGroups": [
                                        "list",
                                        "number"
                                      ],
                                      "sysctls": [
                                        "list",
                                        [
                                          "object",
                                          {
                                            "name": "string",
                                            "value": "string"
                                          }
                                        ]
                                      ],
                                      "windowsOptions": [
                                        "object",
                                        {
                                          "gmsaCredentialSpec": "string",
                                          "gmsaCredentialSpecName": "string",
                                          "hostProcess": "bool",
                                          "runAsUserName": "string"
                                        }
                                      ]
                                    }
                                  ],
                                  "terminationGracePeriodSeconds": "number",
                                  "tmpDirSizeLimit": "string",
                                  "tolerations": [
                                    "list",
                                    [
                                      "object",
                                      {
                                        "effect": "string",
                                        "key": "string",
                                        "operator": "string",
                                        "tolerationSeconds": "number",
                                        "value": "string"
                                      }
                                    ]
                                  ],
                                  "topologySpreadConstraints": [
                                    "list",
                                    [
                                      "object",
                                      {
                                        "labelSelector": [
                                          "object",
                                          {
                                            "matchExpressions": [
                                              "list",
                                              [
                                                "object",
                                                {
                                                  "key": "string",
                                                  "operator": "string",
                                                  "values": [
                                                    "list",
                                                    "string"
                                                  ]
                                                }
                                              ]
                                            ],
                                            "matchLabels": [
                                              "map",
                                              "string"
                                            ]
                                          }
                                        ],
                                        "matchLabelKeys": [
                                          "list",
                                          "string"
                                        ],
                                        "maxSkew": "number",
                                        "minDomains": "number",
                                        "nodeAffinityPolicy": "string",
                                        "nodeTaintsPolicy": "string",
                                        "topologyKey": "string",
                                        "whenUnsatisfiable": "string"
                                      }
                                    ]
                                  ],
                                  "volumes": [
                                    "list",
                                    [
                                      "object",
                                      {
                                        "configMap": [
                                          "object",
                                          {
                                            "defaultMode": "number",
                                            "items": [
                                              "list",
                                              [
                                                "object",
                                                {
                                                  "key": "string",
                                                  "mode": "number",
                                                  "path": "string"
                                                }
                                              ]
                                            ],
                                            "name": "string",
                                            "optional": "bool"
                                          }
                                        ],
                                        "emptyDir": [
                                          "object",
                                          {
                                            "medium": "string",
                                            "sizeLimit": [
                                              "object",
                                              {
                                                "amount": "string",
                                                "format": "string"
                                              }
                                            ]
                                          }
                                        ],
                                        "name": "string",
                                        "persistentVolumeClaim": [
                                          "object",
                                          {
                                            "claimName": "string",
                                            "readOnly": "bool"
                                          }
                                        ],
                                        "secret": [
                                          "object",
                                          {
                                            "defaultMode": "number",
                                            "items": [
                                              "list",
                                              [
                                                "object",
                                                {
                                                  "key": "string",
                                                  "mode": "number",
                                                  "path": "string"
                                                }
                                              ]
                                            ],
                                            "optional": "bool",
                                            "secretName": "string"
                                          }
                                        ]
                                      }
                                    ]
                                  ]
                                }
                              ],
                              "podDisruptionBudget": [
                                "object",
                                {
                                  "maxUnavailable": "number",
                                  "metadata": [
                                    "object",
                                    {
                                      "annotations": [
                                        "map",
                                        "string"
                                      ],
                                      "labels": [
                                        "map",
                                        "string"
                                      ]
                                    }
                                  ]
                                }
                              ],
                              "serviceAccount": [
                                "object",
                                {
                                  "metadata": [
                                    "object",
                                    {
                                      "annotations": [
                                        "map",
                                        "string"
                                      ],
                                      "labels": [
                                        "map",
                                        "string"
                                      ]
                                    }
                                  ]
                                }
                              ],
                              "tlsSidecarContainer": [
                                "object",
                                {
                                  "env": [
                                    "list",
                                    [
                                      "object",
                                      {
                                        "name": "string",
                                        "value": "string",
                                        "valueFrom": [
                                          "object",
                                          {
                                            "configMapKeyRef": [
                                              "object",
                                              {
                                                "key": "string",
                                                "name": "string",
                                                "optional": "bool"
                                              }
                                            ],
                                            "secretKeyRef": [
                                              "object",
                                              {
                                                "key": "string",
                                                "name": "string",
                                                "optional": "bool"
                                              }
                                            ]
                                          }
                                        ]
                                      }
                                    ]
                                  ],
                                  "securityContext": [
                                    "object",
                                    {
                                      "allowPrivilegeEscalation": "bool",
                                      "appArmorProfile": [
                                        "object",
                                        {
                                          "localhostProfile": "string",
                                          "type": "string"
                                        }
                                      ],
                                      "capabilities": [
                                        "object",
                                        {
                                          "add": [
                                            "list",
                                            "string"
                                          ],
                                          "drop": [
                                            "list",
                                            "string"
                                          ]
                                        }
                                      ],
                                      "privileged": "bool",
                                      "procMount": "string",
                                      "readOnlyRootFilesystem": "bool",
                                      "runAsGroup": "number",
                                      "runAsNonRoot": "bool",
                                      "runAsUser": "number",
                                      "seLinuxOptions": [
                                        "object",
                                        {
                                          "level": "string",
                                          "role": "string",
                                          "type": "string",
                                          "user": "string"
                                        }
                                      ],
                                      "seccompProfile": [
                                        "object",
                                        {
                                          "localhostProfile": "string",
                                          "type": "string"
                                        }
                                      ],
                                      "windowsOptions": [
                                        "object",
                                        {
                                          "gmsaCredentialSpec": "string",
                                          "gmsaCredentialSpecName": "string",
                                          "hostProcess": "bool",
                                          "runAsUserName": "string"
                                        }
                                      ]
                                    }
                                  ],
                                  "volumeMounts": [
                                    "list",
                                    [
                                      "object",
                                      {
                                        "mountPath": "string",
                                        "mountPropagation": "string",
                                        "name": "string",
                                        "readOnly": "bool",
                                        "recursiveReadOnly": "string",
                                        "subPath": "string",
                                        "subPathExpr": "string"
                                      }
                                    ]
                                  ]
                                }
                              ]
                            }
                          ],
                          "tlsSidecar": [
                            "object",
                            {
                              "image": "string",
                              "livenessProbe": [
                                "object",
                                {
                                  "failureThreshold": "number",
                                  "initialDelaySeconds": "number",
                                  "periodSeconds": "number",
                                  "successThreshold": "number",
                                  "timeoutSeconds": "number"
                                }
                              ],
                              "logLevel": "string",
                              "readinessProbe": [
                                "object",
                                {
                                  "failureThreshold": "number",
                                  "initialDelaySeconds": "number",
                                  "periodSeconds": "number",
                                  "successThreshold": "number",
                                  "timeoutSeconds": "number"
                                }
                              ],
                              "resources": [
                                "object",
                                {
                                  "claims": [
                                    "list",
                                    [
                                      "object",
                                      {
                                        "name": "string"
                                      }
                                    ]
                                  ],
                                  "limits": [
                                    "map",
                                    "string"
                                  ],
                                  "requests": [
                                    "map",
                                    "string"
                                  ]
                                }
                              ]
                            }
                          ]
                        }
                      ],
                      "entityOperator": [
                        "object",
                        {
                          "template": [
                            "object",
                            {
                              "deployment": [
                                "object",
                                {
                                  "deploymentStrategy": "string",
                                  "metadata": [
                                    "object",
                                    {
                                      "annotations": [
                                        "map",
                                        "string"
                                      ],
                                      "labels": [
                                        "map",
                                        "string"
                                      ]
                                    }
                                  ]
                                }
                              ],
                              "entityOperatorRole": [
                                "object",
                                {
                                  "metadata": [
                                    "object",
                                    {
                                      "annotations": [
                                        "map",
                                        "string"
                                      ],
                                      "labels": [
                                        "map",
                                        "string"
                                      ]
                                    }
                                  ]
                                }
                              ],
                              "pod": [
                                "object",
                                {
                                  "affinity": [
                                    "object",
                                    {
                                      "nodeAffinity": [
                                        "object",
                                        {
                                          "preferredDuringSchedulingIgnoredDuringExecution": [
                                            "list",
                                            [
                                              "object",
                                              {
                                                "preference": [
                                                  "object",
                                                  {
                                                    "matchExpressions": [
                                                      "list",
                                                      [
                                                        "object",
                                                        {
                                                          "key": "string",
                                                          "operator": "string",
                                                          "values": [
                                                            "list",
                                                            "string"
                                                          ]
                                                        }
                                                      ]
                                                    ],
                                                    "matchFields": [
                                                      "list",
                                                      [
                                                        "object",
                                                        {
                                                          "key": "string",
                                                          "operator": "string",
                                                          "values": [
                                                            "list",
                                                            "string"
                                                          ]
                                                        }
                                                      ]
                                                    ]
                                                  }
                                                ],
                                                "weight": "number"
                                              }
                                            ]
                                          ],
                                          "requiredDuringSchedulingIgnoredDuringExecution": [
                                            "object",
                                            {
                                              "nodeSelectorTerms": [
                                                "list",
                                                [
                                                  "object",
                                                  {
                                                    "matchExpressions": [
                                                      "list",
                                                      [
                                                        "object",
                                                        {
                                                          "key": "string",
                                                          "operator": "string",
                                                          "values": [
                                                            "list",
                                                            "string"
                                                          ]
                                                        }
                                                      ]
                                                    ],
                                                    "matchFields": [
                                                      "list",
                                                      [
                                                        "object",
                                                        {
                                                          "key": "string",
                                                          "operator": "string",
                                                          "values": [
                                                            "list",
                                                            "string"
                                                          ]
                                                        }
                                                      ]
                                                    ]
                                                  }
                                                ]
                                              ]
                                            }
                                          ]
                                        }
                                      ],
                                      "podAffinity": [
                                        "object",
                                        {
                                          "preferredDuringSchedulingIgnoredDuringExecution": [
                                            "list",
                                            [
                                              "object",
                                              {
                                                "podAffinityTerm": [
                                                  "object",
                                                  {
                                                    "labelSelector": [
                                                      "object",
                                                      {
                                                        "matchExpressions": [
                                                          "list",
                                                          [
                                                            "object",
                                                            {
                                                              "key": "string",
                                                              "operator": "string",
                                                              "values": [
                                                                "list",
                                                                "string"
                                                              ]
                                                            }
                                                          ]
                                                        ],
                                                        "matchLabels": [
                                                          "map",
                                                          "string"
                                                        ]
                                                      }
                                                    ],
                                                    "matchLabelKeys": [
                                                      "list",
                                                      "string"
                                                    ],
                                                    "mismatchLabelKeys": [
                                                      "list",
                                                      "string"
                                                    ],
                                                    "namespaceSelector": [
                                                      "object",
                                                      {
                                                        "matchExpressions": [
                                                          "list",
                                                          [
                                                            "object",
                                                            {
                                                              "key": "string",
                                                              "operator": "string",
                                                              "values": [
                                                                "list",
                                                                "string"
                                                              ]
                                                            }
                                                          ]
                                                        ],
                                                        "matchLabels": [
                                                          "map",
                                                          "string"
                                                        ]
                                                      }
                                                    ],
                                                    "namespaces": [
                                                      "list",
                                                      "string"
                                                    ],
                                                    "topologyKey": "string"
                                                  }
                                                ],
                                                "weight": "number"
                                              }
                                            ]
                                          ],
                                          "requiredDuringSchedulingIgnoredDuringExecution": [
                                            "list",
                                            [
                                              "object",
                                              {
                                                "labelSelector": [
                                                  "object",
                                                  {
                                                    "matchExpressions": [
                                                      "list",
                                                      [
                                                        "object",
                                                        {
                                                          "key": "string",
                                                          "operator": "string",
                                                          "values": [
                                                            "list",
                                                            "string"
                                                          ]
                                                        }
                                                      ]
                                                    ],
                                                    "matchLabels": [
                                                      "map",
                                                      "string"
                                                    ]
                                                  }
                                                ],
                                                "matchLabelKeys": [
                                                  "list",
                                                  "string"
                                                ],
                                                "mismatchLabelKeys": [
                                                  "list",
                                                  "string"
                                                ],
                                                "namespaceSelector": [
                                                  "object",
                                                  {
                                                    "matchExpressions": [
                                                      "list",
                                                      [
                                                        "object",
                                                        {
                                                          "key": "string",
                                                          "operator": "string",
                                                          "values": [
                                                            "list",
                                                            "string"
                                                          ]
                                                        }
                                                      ]
                                                    ],
                                                    "matchLabels": [
                                                      "map",
                                                      "string"
                                                    ]
                                                  }
                                                ],
                                                "namespaces": [
                                                  "list",
                                                  "string"
                                                ],
                                                "topologyKey": "string"
                                              }
                                            ]
                                          ]
                                        }
                                      ],
                                      "podAntiAffinity": [
                                        "object",
                                        {
                                          "preferredDuringSchedulingIgnoredDuringExecution": [
                                            "list",
                                            [
                                              "object",
                                              {
                                                "podAffinityTerm": [
                                                  "object",
                                                  {
                                                    "labelSelector": [
                                                      "object",
                                                      {
                                                        "matchExpressions": [
                                                          "list",
                                                          [
                                                            "object",
                                                            {
                                                              "key": "string",
                                                              "operator": "string",
                                                              "values": [
                                                                "list",
                                                                "string"
                                                              ]
                                                            }
                                                          ]
                                                        ],
                                                        "matchLabels": [
                                                          "map",
                                                          "string"
                                                        ]
                                                      }
                                                    ],
                                                    "matchLabelKeys": [
                                                      "list",
                                                      "string"
                                                    ],
                                                    "mismatchLabelKeys": [
                                                      "list",
                                                      "string"
                                                    ],
                                                    "namespaceSelector": [
                                                      "object",
                                                      {
                                                        "matchExpressions": [
                                                          "list",
                                                          [
                                                            "object",
                                                            {
                                                              "key": "string",
                                                              "operator": "string",
                                                              "values": [
                                                                "list",
                                                                "string"
                                                              ]
                                                            }
                                                          ]
                                                        ],
                                                        "matchLabels": [
                                                          "map",
                                                          "string"
                                                        ]
                                                      }
                                                    ],
                                                    "namespaces": [
                                                      "list",
                                                      "string"
                                                    ],
                                                    "topologyKey": "string"
                                                  }
                                                ],
                                                "weight": "number"
                                              }
                                            ]
                                          ],
                                          "requiredDuringSchedulingIgnoredDuringExecution": [
                                            "list",
                                            [
                                              "object",
                                              {
                                                "labelSelector": [
                                                  "object",
                                                  {
                                                    "matchExpressions": [
                                                      "list",
                                                      [
                                                        "object",
                                                        {
                                                          "key": "string",
                                                          "operator": "string",
                                                          "values": [
                                                            "list",
                                                            "string"
                                                          ]
                                                        }
                                                      ]
                                                    ],
                                                    "matchLabels": [
                                                      "map",
                                                      "string"
                                                    ]
                                                  }
                                                ],
                                                "matchLabelKeys": [
                                                  "list",
                                                  "string"
                                                ],
                                                "mismatchLabelKeys": [
                                                  "list",
                                                  "string"
                                                ],
                                                "namespaceSelector": [
                                                  "object",
                                                  {
                                                    "matchExpressions": [
                                                      "list",
                                                      [
                                                        "object",
                                                        {
                                                          "key": "string",
                                                          "operator": "string",
                                                          "values": [
                                                            "list",
                                                            "string"
                                                          ]
                                                        }
                                                      ]
                                                    ],
                                                    "matchLabels": [
                                                      "map",
                                                      "string"
                                                    ]
                                                  }
                                                ],
                                                "namespaces": [
                                                  "list",
                                                  "string"
                                                ],
                                                "topologyKey": "string"
                                              }
                                            ]
                                          ]
                                        }
                                      ]
                                    }
                                  ],
                                  "enableServiceLinks": "bool",
                                  "hostAliases": [
                                    "list",
                                    [
                                      "object",
                                      {
                                        "hostnames": [
                                          "list",
                                          "string"
                                        ],
                                        "ip": "string"
                                      }
                                    ]
                                  ],
                                  "imagePullSecrets": [
                                    "list",
                                    [
                                      "object",
                                      {
                                        "name": "string"
                                      }
                                    ]
                                  ],
                                  "metadata": [
                                    "object",
                                    {
                                      "annotations": [
                                        "map",
                                        "string"
                                      ],
                                      "labels": [
                                        "map",
                                        "string"
                                      ]
                                    }
                                  ],
                                  "priorityClassName": "string",
                                  "schedulerName": "string",
                                  "securityContext": [
                                    "object",
                                    {
                                      "appArmorProfile": [
                                        "object",
                                        {
                                          "localhostProfile": "string",
                                          "type": "string"
                                        }
                                      ],
                                      "fsGroup": "number",
                                      "fsGroupChangePolicy": "string",
                                      "runAsGroup": "number",
                                      "runAsNonRoot": "bool",
                                      "runAsUser": "number",
                                      "seLinuxOptions": [
                                        "object",
                                        {
                                          "level": "string",
                                          "role": "string",
                                          "type": "string",
                                          "user": "string"
                                        }
                                      ],
                                      "seccompProfile": [
                                        "object",
                                        {
                                          "localhostProfile": "string",
                                          "type": "string"
                                        }
                                      ],
                                      "supplementalGroups": [
                                        "list",
                                        "number"
                                      ],
                                      "sysctls": [
                                        "list",
                                        [
                                          "object",
                                          {
                                            "name": "string",
                                            "value": "string"
                                          }
                                        ]
                                      ],
                                      "windowsOptions": [
                                        "object",
                                        {
                                          "gmsaCredentialSpec": "string",
                                          "gmsaCredentialSpecName": "string",
                                          "hostProcess": "bool",
                                          "runAsUserName": "string"
                                        }
                                      ]
                                    }
                                  ],
                                  "terminationGracePeriodSeconds": "number",
                                  "tmpDirSizeLimit": "string",
                                  "tolerations": [
                                    "list",
                                    [
                                      "object",
                                      {
                                        "effect": "string",
                                        "key": "string",
                                        "operator": "string",
                                        "tolerationSeconds": "number",
                                        "value": "string"
                                      }
                                    ]
                                  ],
                                  "topologySpreadConstraints": [
                                    "list",
                                    [
                                      "object",
                                      {
                                        "labelSelector": [
                                          "object",
                                          {
                                            "matchExpressions": [
                                              "list",
                                              [
                                                "object",
                                                {
                                                  "key": "string",
                                                  "operator": "string",
                                                  "values": [
                                                    "list",
                                                    "string"
                                                  ]
                                                }
                                              ]
                                            ],
                                            "matchLabels": [
                                              "map",
                                              "string"
                                            ]
                                          }
                                        ],
                                        "matchLabelKeys": [
                                          "list",
                                          "string"
                                        ],
                                        "maxSkew": "number",
                                        "minDomains": "number",
                                        "nodeAffinityPolicy": "string",
                                        "nodeTaintsPolicy": "string",
                                        "topologyKey": "string",
                                        "whenUnsatisfiable": "string"
                                      }
                                    ]
                                  ],
                                  "volumes": [
                                    "list",
                                    [
                                      "object",
                                      {
                                        "configMap": [
                                          "object",
                                          {
                                            "defaultMode": "number",
                                            "items": [
                                              "list",
                                              [
                                                "object",
                                                {
                                                  "key": "string",
                                                  "mode": "number",
                                                  "path": "string"
                                                }
                                              ]
                                            ],
                                            "name": "string",
                                            "optional": "bool"
                                          }
                                        ],
                                        "emptyDir": [
                                          "object",
                                          {
                                            "medium": "string",
                                            "sizeLimit": [
                                              "object",
                                              {
                                                "amount": "string",
                                                "format": "string"
                                              }
                                            ]
                                          }
                                        ],
                                        "name": "string",
                                        "persistentVolumeClaim": [
                                          "object",
                                          {
                                            "claimName": "string",
                                            "readOnly": "bool"
                                          }
                                        ],
                                        "secret": [
                                          "object",
                                          {
                                            "defaultMode": "number",
                                            "items": [
                                              "list",
                                              [
                                                "object",
                                                {
                                                  "key": "string",
                                                  "mode": "number",
                                                  "path": "string"
                                                }
                                              ]
                                            ],
                                            "optional": "bool",
                                            "secretName": "string"
                                          }
                                        ]
                                      }
                                    ]
                                  ]
                                }
                              ],
                              "serviceAccount": [
                                "object",
                                {
                                  "metadata": [
                                    "object",
                                    {
                                      "annotations": [
                                        "map",
                                        "string"
                                      ],
                                      "labels": [
                                        "map",
                                        "string"
                                      ]
                                    }
                                  ]
                                }
                              ],
                              "tlsSidecarContainer": [
                                "object",
                                {
                                  "env": [
                                    "list",
                                    [
                                      "object",
                                      {
                                        "name": "string",
                                        "value": "string",
                                        "valueFrom": [
                                          "object",
                                          {
                                            "configMapKeyRef": [
                                              "object",
                                              {
                                                "key": "string",
                                                "name": "string",
                                                "optional": "bool"
                                              }
                                            ],
                                            "secretKeyRef": [
                                              "object",
                                              {
                                                "key": "string",
                                                "name": "string",
                                                "optional": "bool"
                                              }
                                            ]
                                          }
                                        ]
                                      }
                                    ]
                                  ],
                                  "securityContext": [
                                    "object",
                                    {
                                      "allowPrivilegeEscalation": "bool",
                                      "appArmorProfile": [
                                        "object",
                                        {
                                          "localhostProfile": "string",
                                          "type": "string"
                                        }
                                      ],
                                      "capabilities": [
                                        "object",
                                        {
                                          "add": [
                                            "list",
                                            "string"
                                          ],
                                          "drop": [
                                            "list",
                                            "string"
                                          ]
                                        }
                                      ],
                                      "privileged": "bool",
                                      "procMount": "string",
                                      "readOnlyRootFilesystem": "bool",
                                      "runAsGroup": "number",
                                      "runAsNonRoot": "bool",
                                      "runAsUser": "number",
                                      "seLinuxOptions": [
                                        "object",
                                        {
                                          "level": "string",
                                          "role": "string",
                                          "type": "string",
                                          "user": "string"
                                        }
                                      ],
                                      "seccompProfile": [
                                        "object",
                                        {
                                          "localhostProfile": "string",
                                          "type": "string"
                                        }
                                      ],
                                      "windowsOptions": [
                                        "object",
                                        {
                                          "gmsaCredentialSpec": "string",
                                          "gmsaCredentialSpecName": "string",
                                          "hostProcess": "bool",
                                          "runAsUserName": "string"
                                        }
                                      ]
                                    }
                                  ],
                                  "volumeMounts": [
                                    "list",
                                    [
                                      "object",
                                      {
                                        "mountPath": "string",
                                        "mountPropagation": "string",
                                        "name": "string",
                                        "readOnly": "bool",
                                        "recursiveReadOnly": "string",
                                        "subPath": "string",
                                        "subPathExpr": "string"
                                      }
                                    ]
                                  ]
                                }
                              ],
                              "topicOperatorContainer": [
                                "object",
                                {
                                  "env": [
                                    "list",
                                    [
                                      "object",
                                      {
                                        "name": "string",
                                        "value": "string",
                                        "valueFrom": [
                                          "object",
                                          {
                                            "configMapKeyRef": [
                                              "object",
                                              {
                                                "key": "string",
                                                "name": "string",
                                                "optional": "bool"
                                              }
                                            ],
                                            "secretKeyRef": [
                                              "object",
                                              {
                                                "key": "string",
                                                "name": "string",
                                                "optional": "bool"
                                              }
                                            ]
                                          }
                                        ]
                                      }
                                    ]
                                  ],
                                  "securityContext": [
                                    "object",
                                    {
                                      "allowPrivilegeEscalation": "bool",
                                      "appArmorProfile": [
                                        "object",
                                        {
                                          "localhostProfile": "string",
                                          "type": "string"
                                        }
                                      ],
                                      "capabilities": [
                                        "object",
                                        {
                                          "add": [
                                            "list",
                                            "string"
                                          ],
                                          "drop": [
                                            "list",
                                            "string"
                                          ]
                                        }
                                      ],
                                      "privileged": "bool",
                                      "procMount": "string",
                                      "readOnlyRootFilesystem": "bool",
                                      "runAsGroup": "number",
                                      "runAsNonRoot": "bool",
                                      "runAsUser": "number",
                                      "seLinuxOptions": [
                                        "object",
                                        {
                                          "level": "string",
                                          "role": "string",
                                          "type": "string",
                                          "user": "string"
                                        }
                                      ],
                                      "seccompProfile": [
                                        "object",
                                        {
                                          "localhostProfile": "string",
                                          "type": "string"
                                        }
                                      ],
                                      "windowsOptions": [
                                        "object",
                                        {
                                          "gmsaCredentialSpec": "string",
                                          "gmsaCredentialSpecName": "string",
                                          "hostProcess": "bool",
                                          "runAsUserName": "string"
                                        }
                                      ]
                                    }
                                  ],
                                  "volumeMounts": [
                                    "list",
                                    [
                                      "object",
                                      {
                                        "mountPath": "string",
                                        "mountPropagation": "string",
                                        "name": "string",
                                        "readOnly": "bool",
                                        "recursiveReadOnly": "string",
                                        "subPath": "string",
                                        "subPathExpr": "string"
                                      }
                                    ]
                                  ]
                                }
                              ],
                              "topicOperatorRoleBinding": [
                                "object",
                                {
                                  "metadata": [
                                    "object",
                                    {
                                      "annotations": [
                                        "map",
                                        "string"
                                      ],
                                      "labels": [
                                        "map",
                                        "string"
                                      ]
                                    }
                                  ]
                                }
                              ],
                              "userOperatorContainer": [
                                "object",
                                {
                                  "env": [
                                    "list",
                                    [
                                      "object",
                                      {
                                        "name": "string",
                                        "value": "string",
                                        "valueFrom": [
                                          "object",
                                          {
                                            "configMapKeyRef": [
                                              "object",
                                              {
                                                "key": "string",
                                                "name": "string",
                                                "optional": "bool"
                                              }
                                            ],
                                            "secretKeyRef": [
                                              "object",
                                              {
                                                "key": "string",
                                                "name": "string",
                                                "optional": "bool"
                                              }
                                            ]
                                          }
                                        ]
                                      }
                                    ]
                                  ],
                                  "securityContext": [
                                    "object",
                                    {
                                      "allowPrivilegeEscalation": "bool",
                                      "appArmorProfile": [
                                        "object",
                                        {
                                          "localhostProfile": "string",
                                          "type": "string"
                                        }
                                      ],
                                      "capabilities": [
                                        "object",
                                        {
                                          "add": [
                                            "list",
                                            "string"
                                          ],
                                          "drop": [
                                            "list",
                                            "string"
                                          ]
                                        }
                                      ],
                                      "privileged": "bool",
                                      "procMount": "string",
                                      "readOnlyRootFilesystem": "bool",
                                      "runAsGroup": "number",
                                      "runAsNonRoot": "bool",
                                      "runAsUser": "number",
                                      "seLinuxOptions": [
                                        "object",
                                        {
                                          "level": "string",
                                          "role": "string",
                                          "type": "string",
                                          "user": "string"
                                        }
                                      ],
                                      "seccompProfile": [
                                        "object",
                                        {
                                          "localhostProfile": "string",
                                          "type": "string"
                                        }
                                      ],
                                      "windowsOptions": [
                                        "object",
                                        {
                                          "gmsaCredentialSpec": "string",
                                          "gmsaCredentialSpecName": "string",
                                          "hostProcess": "bool",
                                          "runAsUserName": "string"
                                        }
                                      ]
                                    }
                                  ],
                                  "volumeMounts": [
                                    "list",
                                    [
                                      "object",
                                      {
                                        "mountPath": "string",
                                        "mountPropagation": "string",
                                        "name": "string",
                                        "readOnly": "bool",
                                        "recursiveReadOnly": "string",
                                        "subPath": "string",
                                        "subPathExpr": "string"
                                      }
                                    ]
                                  ]
                                }
                              ],
                              "userOperatorRoleBinding": [
                                "object",
                                {
                                  "metadata": [
                                    "object",
                                    {
                                      "annotations": [
                                        "map",
                                        "string"
                                      ],
                                      "labels": [
                                        "map",
                                        "string"
                                      ]
                                    }
                                  ]
                                }
                              ]
                            }
                          ],
                          "tlsSidecar": [
                            "object",
                            {
                              "image": "string",
                              "livenessProbe": [
                                "object",
                                {
                                  "failureThreshold": "number",
                                  "initialDelaySeconds": "number",
                                  "periodSeconds": "number",
                                  "successThreshold": "number",
                                  "timeoutSeconds": "number"
                                }
                              ],
                              "logLevel": "string",
                              "readinessProbe": [
                                "object",
                                {
                                  "failureThreshold": "number",
                                  "initialDelaySeconds": "number",
                                  "periodSeconds": "number",
                                  "successThreshold": "number",
                                  "timeoutSeconds": "number"
                                }
                              ],
                              "resources": [
                                "object",
                                {
                                  "claims": [
                                    "list",
                                    [
                                      "object",
                                      {
                                        "name": "string"
                                      }
                                    ]
                                  ],
                                  "limits": [
                                    "map",
                                    "string"
                                  ],
                                  "requests": [
                                    "map",
                                    "string"
                                  ]
                                }
                              ]
                            }
                          ],
                          "topicOperator": [
                            "object",
                            {
                              "image": "string",
                              "jvmOptions": [
                                "object",
                                {
                                  "-XX": [
                                    "map",
                                    "string"
                                  ],
                                  "-Xms": "string",
                                  "-Xmx": "string",
                                  "gcLoggingEnabled": "bool",
                                  "javaSystemProperties": [
                                    "list",
                                    [
                                      "object",
                                      {
                                        "name": "string",
                                        "value": "string"
                                      }
                                    ]
                                  ]
                                }
                              ],
                              "livenessProbe": [
                                "object",
                                {
                                  "failureThreshold": "number",
                                  "initialDelaySeconds": "number",
                                  "periodSeconds": "number",
                                  "successThreshold": "number",
                                  "timeoutSeconds": "number"
                                }
                              ],
                              "logging": [
                                "object",
                                {
                                  "loggers": [
                                    "map",
                                    "string"
                                  ],
                                  "type": "string",
                                  "valueFrom": [
                                    "object",
                                    {
                                      "configMapKeyRef": [
                                        "object",
                                        {
                                          "key": "string",
                                          "name": "string",
                                          "optional": "bool"
                                        }
                                      ]
                                    }
                                  ]
                                }
                              ],
                              "readinessProbe": [
                                "object",
                                {
                                  "failureThreshold": "number",
                                  "initialDelaySeconds": "number",
                                  "periodSeconds": "number",
                                  "successThreshold": "number",
                                  "timeoutSeconds": "number"
                                }
                              ],
                              "reconciliationIntervalMs": "number",
                              "reconciliationIntervalSeconds": "number",
                              "resources": [
                                "object",
                                {
                                  "claims": [
                                    "list",
                                    [
                                      "object",
                                      {
                                        "name": "string"
                                      }
                                    ]
                                  ],
                                  "limits": [
                                    "map",
                                    "string"
                                  ],
                                  "requests": [
                                    "map",
                                    "string"
                                  ]
                                }
                              ],
                              "startupProbe": [
                                "object",
                                {
                                  "failureThreshold": "number",
                                  "initialDelaySeconds": "number",
                                  "periodSeconds": "number",
                                  "successThreshold": "number",
                                  "timeoutSeconds": "number"
                                }
                              ],
                              "topicMetadataMaxAttempts": "number",
                              "watchedNamespace": "string",
                              "zookeeperSessionTimeoutSeconds": "number"
                            }
                          ],
                          "userOperator": [
                            "object",
                            {
                              "image": "string",
                              "jvmOptions": [
                                "object",
                                {
                                  "-XX": [
                                    "map",
                                    "string"
                                  ],
                                  "-Xms": "string",
                                  "-Xmx": "string",
                                  "gcLoggingEnabled": "bool",
                                  "javaSystemProperties": [
                                    "list",
                                    [
                                      "object",
                                      {
                                        "name": "string",
                                        "value": "string"
                                      }
                                    ]
                                  ]
                                }
                              ],
                              "livenessProbe": [
                                "object",
                                {
                                  "failureThreshold": "number",
                                  "initialDelaySeconds": "number",
                                  "periodSeconds": "number",
                                  "successThreshold": "number",
                                  "timeoutSeconds": "number"
                                }
                              ],
                              "logging": [
                                "object",
                                {
                                  "loggers": [
                                    "map",
                                    "string"
                                  ],
                                  "type": "string",
                                  "valueFrom": [
                                    "object",
                                    {
                                      "configMapKeyRef": [
                                        "object",
                                        {
                                          "key": "string",
                                          "name": "string",
                                          "optional": "bool"
                                        }
                                      ]
                                    }
                                  ]
                                }
                              ],
                              "readinessProbe": [
                                "object",
                                {
                                  "failureThreshold": "number",
                                  "initialDelaySeconds": "number",
                                  "periodSeconds": "number",
                                  "successThreshold": "number",
                                  "timeoutSeconds": "number"
                                }
                              ],
                              "reconciliationIntervalMs": "number",
                              "reconciliationIntervalSeconds": "number",
                              "resources": [
                                "object",
                                {
                                  "claims": [
                                    "list",
                                    [
                                      "object",
                                      {
                                        "name": "string"
                                      }
                                    ]
                                  ],
                                  "limits": [
                                    "map",
                                    "string"
                                  ],
                                  "requests": [
                                    "map",
                                    "string"
                                  ]
                                }
                              ],
                              "secretPrefix": "string",
                              "watchedNamespace": "string",
                              "zookeeperSessionTimeoutSeconds": "number"
                            }
                          ]
                        }
                      ],
                      "jmxTrans": [
                        "object",
                        {
                          "image": "string",
                          "kafkaQueries": [
                            "list",
                            [
                              "object",
                              {
                                "attributes": [
                                  "list",
                                  "string"
                                ],
                                "outputs": [
                                  "list",
                                  "string"
                                ],
                                "targetMBean": "string"
                              }
                            ]
                          ],
                          "logLevel": "string",
                          "outputDefinitions": [
                            "list",
                            [
                              "object",
                              {
                                "flushDelayInSeconds": "number",
                                "host": "string",
                                "name": "string",
                                "outputType": "string",
                                "port": "number",
                                "typeNames": [
                                  "list",
                                  "string"
                                ]
                              }
                            ]
                          ],
                          "resources": [
                            "object",
                            {
                              "claims": [
                                "list",
                                [
                                  "object",
                                  {
                                    "name": "string"
                                  }
                                ]
                              ],
                              "limits": [
                                "map",
                                "string"
                              ],
                              "requests": [
                                "map",
                                "string"
                              ]
                            }
                          ],
                          "template": [
                            "object",
                            {
                              "container": [
                                "object",
                                {
                                  "env": [
                                    "list",
                                    [
                                      "object",
                                      {
                                        "name": "string",
                                        "value": "string",
                                        "valueFrom": [
                                          "object",
                                          {
                                            "configMapKeyRef": [
                                              "object",
                                              {
                                                "key": "string",
                                                "name": "string",
                                                "optional": "bool"
                                              }
                                            ],
                                            "secretKeyRef": [
                                              "object",
                                              {
                                                "key": "string",
                                                "name": "string",
                                                "optional": "bool"
                                              }
                                            ]
                                          }
                                        ]
                                      }
                                    ]
                                  ],
                                  "securityContext": [
                                    "object",
                                    {
                                      "allowPrivilegeEscalation": "bool",
                                      "appArmorProfile": [
                                        "object",
                                        {
                                          "localhostProfile": "string",
                                          "type": "string"
                                        }
                                      ],
                                      "capabilities": [
                                        "object",
                                        {
                                          "add": [
                                            "list",
                                            "string"
                                          ],
                                          "drop": [
                                            "list",
                                            "string"
                                          ]
                                        }
                                      ],
                                      "privileged": "bool",
                                      "procMount": "string",
                                      "readOnlyRootFilesystem": "bool",
                                      "runAsGroup": "number",
                                      "runAsNonRoot": "bool",
                                      "runAsUser": "number",
                                      "seLinuxOptions": [
                                        "object",
                                        {
                                          "level": "string",
                                          "role": "string",
                                          "type": "string",
                                          "user": "string"
                                        }
                                      ],
                                      "seccompProfile": [
                                        "object",
                                        {
                                          "localhostProfile": "string",
                                          "type": "string"
                                        }
                                      ],
                                      "windowsOptions": [
                                        "object",
                                        {
                                          "gmsaCredentialSpec": "string",
                                          "gmsaCredentialSpecName": "string",
                                          "hostProcess": "bool",
                                          "runAsUserName": "string"
                                        }
                                      ]
                                    }
                                  ],
                                  "volumeMounts": [
                                    "list",
                                    [
                                      "object",
                                      {
                                        "mountPath": "string",
                                        "mountPropagation": "string",
                                        "name": "string",
                                        "readOnly": "bool",
                                        "recursiveReadOnly": "string",
                                        "subPath": "string",
                                        "subPathExpr": "string"
                                      }
                                    ]
                                  ]
                                }
                              ],
                              "deployment": [
                                "object",
                                {
                                  "deploymentStrategy": "string",
                                  "metadata": [
                                    "object",
                                    {
                                      "annotations": [
                                        "map",
                                        "string"
                                      ],
                                      "labels": [
                                        "map",
                                        "string"
                                      ]
                                    }
                                  ]
                                }
                              ],
                              "pod": [
                                "object",
                                {
                                  "affinity": [
                                    "object",
                                    {
                                      "nodeAffinity": [
                                        "object",
                                        {
                                          "preferredDuringSchedulingIgnoredDuringExecution": [
                                            "list",
                                            [
                                              "object",
                                              {
                                                "preference": [
                                                  "object",
                                                  {
                                                    "matchExpressions": [
                                                      "list",
                                                      [
                                                        "object",
                                                        {
                                                          "key": "string",
                                                          "operator": "string",
                                                          "values": [
                                                            "list",
                                                            "string"
                                                          ]
                                                        }
                                                      ]
                                                    ],
                                                    "matchFields": [
                                                      "list",
                                                      [
                                                        "object",
                                                        {
                                                          "key": "string",
                                                          "operator": "string",
                                                          "values": [
                                                            "list",
                                                            "string"
                                                          ]
                                                        }
                                                      ]
                                                    ]
                                                  }
                                                ],
                                                "weight": "number"
                                              }
                                            ]
                                          ],
                                          "requiredDuringSchedulingIgnoredDuringExecution": [
                                            "object",
                                            {
                                              "nodeSelectorTerms": [
                                                "list",
                                                [
                                                  "object",
                                                  {
                                                    "matchExpressions": [
                                                      "list",
                                                      [
                                                        "object",
                                                        {
                                                          "key": "string",
                                                          "operator": "string",
                                                          "values": [
                                                            "list",
                                                            "string"
                                                          ]
                                                        }
                                                      ]
                                                    ],
                                                    "matchFields": [
                                                      "list",
                                                      [
                                                        "object",
                                                        {
                                                          "key": "string",
                                                          "operator": "string",
                                                          "values": [
                                                            "list",
                                                            "string"
                                                          ]
                                                        }
                                                      ]
                                                    ]
                                                  }
                                                ]
                                              ]
                                            }
                                          ]
                                        }
                                      ],
                                      "podAffinity": [
                                        "object",
                                        {
                                          "preferredDuringSchedulingIgnoredDuringExecution": [
                                            "list",
                                            [
                                              "object",
                                              {
                                                "podAffinityTerm": [
                                                  "object",
                                                  {
                                                    "labelSelector": [
                                                      "object",
                                                      {
                                                        "matchExpressions": [
                                                          "list",
                                                          [
                                                            "object",
                                                            {
                                                              "key": "string",
                                                              "operator": "string",
                                                              "values": [
                                                                "list",
                                                                "string"
                                                              ]
                                                            }
                                                          ]
                                                        ],
                                                        "matchLabels": [
                                                          "map",
                                                          "string"
                                                        ]
                                                      }
                                                    ],
                                                    "matchLabelKeys": [
                                                      "list",
                                                      "string"
                                                    ],
                                                    "mismatchLabelKeys": [
                                                      "list",
                                                      "string"
                                                    ],
                                                    "namespaceSelector": [
                                                      "object",
                                                      {
                                                        "matchExpressions": [
                                                          "list",
                                                          [
                                                            "object",
                                                            {
                                                              "key": "string",
                                                              "operator": "string",
                                                              "values": [
                                                                "list",
                                                                "string"
                                                              ]
                                                            }
                                                          ]
                                                        ],
                                                        "matchLabels": [
                                                          "map",
                                                          "string"
                                                        ]
                                                      }
                                                    ],
                                                    "namespaces": [
                                                      "list",
                                                      "string"
                                                    ],
                                                    "topologyKey": "string"
                                                  }
                                                ],
                                                "weight": "number"
                                              }
                                            ]
                                          ],
                                          "requiredDuringSchedulingIgnoredDuringExecution": [
                                            "list",
                                            [
                                              "object",
                                              {
                                                "labelSelector": [
                                                  "object",
                                                  {
                                                    "matchExpressions": [
                                                      "list",
                                                      [
                                                        "object",
                                                        {
                                                          "key": "string",
                                                          "operator": "string",
                                                          "values": [
                                                            "list",
                                                            "string"
                                                          ]
                                                        }
                                                      ]
                                                    ],
                                                    "matchLabels": [
                                                      "map",
                                                      "string"
                                                    ]
                                                  }
                                                ],
                                                "matchLabelKeys": [
                                                  "list",
                                                  "string"
                                                ],
                                                "mismatchLabelKeys": [
                                                  "list",
                                                  "string"
                                                ],
                                                "namespaceSelector": [
                                                  "object",
                                                  {
                                                    "matchExpressions": [
                                                      "list",
                                                      [
                                                        "object",
                                                        {
                                                          "key": "string",
                                                          "operator": "string",
                                                          "values": [
                                                            "list",
                                                            "string"
                                                          ]
                                                        }
                                                      ]
                                                    ],
                                                    "matchLabels": [
                                                      "map",
                                                      "string"
                                                    ]
                                                  }
                                                ],
                                                "namespaces": [
                                                  "list",
                                                  "string"
                                                ],
                                                "topologyKey": "string"
                                              }
                                            ]
                                          ]
                                        }
                                      ],
                                      "podAntiAffinity": [
                                        "object",
                                        {
                                          "preferredDuringSchedulingIgnoredDuringExecution": [
                                            "list",
                                            [
                                              "object",
                                              {
                                                "podAffinityTerm": [
                                                  "object",
                                                  {
                                                    "labelSelector": [
                                                      "object",
                                                      {
                                                        "matchExpressions": [
                                                          "list",
                                                          [
                                                            "object",
                                                            {
                                                              "key": "string",
                                                              "operator": "string",
                                                              "values": [
                                                                "list",
                                                                "string"
                                                              ]
                                                            }
                                                          ]
                                                        ],
                                                        "matchLabels": [
                                                          "map",
                                                          "string"
                                                        ]
                                                      }
                                                    ],
                                                    "matchLabelKeys": [
                                                      "list",
                                                      "string"
                                                    ],
                                                    "mismatchLabelKeys": [
                                                      "list",
                                                      "string"
                                                    ],
                                                    "namespaceSelector": [
                                                      "object",
                                                      {
                                                        "matchExpressions": [
                                                          "list",
                                                          [
                                                            "object",
                                                            {
                                                              "key": "string",
                                                              "operator": "string",
                                                              "values": [
                                                                "list",
                                                                "string"
                                                              ]
                                                            }
                                                          ]
                                                        ],
                                                        "matchLabels": [
                                                          "map",
                                                          "string"
                                                        ]
                                                      }
                                                    ],
                                                    "namespaces": [
                                                      "list",
                                                      "string"
                                                    ],
                                                    "topologyKey": "string"
                                                  }
                                                ],
                                                "weight": "number"
                                              }
                                            ]
                                          ],
                                          "requiredDuringSchedulingIgnoredDuringExecution": [
                                            "list",
                                            [
                                              "object",
                                              {
                                                "labelSelector": [
                                                  "object",
                                                  {
                                                    "matchExpressions": [
                                                      "list",
                                                      [
                                                        "object",
                                                        {
                                                          "key": "string",
                                                          "operator": "string",
                                                          "values": [
                                                            "list",
                                                            "string"
                                                          ]
                                                        }
                                                      ]
                                                    ],
                                                    "matchLabels": [
                                                      "map",
                                                      "string"
                                                    ]
                                                  }
                                                ],
                                                "matchLabelKeys": [
                                                  "list",
                                                  "string"
                                                ],
                                                "mismatchLabelKeys": [
                                                  "list",
                                                  "string"
                                                ],
                                                "namespaceSelector": [
                                                  "object",
                                                  {
                                                    "matchExpressions": [
                                                      "list",
                                                      [
                                                        "object",
                                                        {
                                                          "key": "string",
                                                          "operator": "string",
                                                          "values": [
                                                            "list",
                                                            "string"
                                                          ]
                                                        }
                                                      ]
                                                    ],
                                                    "matchLabels": [
                                                      "map",
                                                      "string"
                                                    ]
                                                  }
                                                ],
                                                "namespaces": [
                                                  "list",
                                                  "string"
                                                ],
                                                "topologyKey": "string"
                                              }
                                            ]
                                          ]
                                        }
                                      ]
                                    }
                                  ],
                                  "enableServiceLinks": "bool",
                                  "hostAliases": [
                                    "list",
                                    [
                                      "object",
                                      {
                                        "hostnames": [
                                          "list",
                                          "string"
                                        ],
                                        "ip": "string"
                                      }
                                    ]
                                  ],
                                  "imagePullSecrets": [
                                    "list",
                                    [
                                      "object",
                                      {
                                        "name": "string"
                                      }
                                    ]
                                  ],
                                  "metadata": [
                                    "object",
                                    {
                                      "annotations": [
                                        "map",
                                        "string"
                                      ],
                                      "labels": [
                                        "map",
                                        "string"
                                      ]
                                    }
                                  ],
                                  "priorityClassName": "string",
                                  "schedulerName": "string",
                                  "securityContext": [
                                    "object",
                                    {
                                      "appArmorProfile": [
                                        "object",
                                        {
                                          "localhostProfile": "string",
                                          "type": "string"
                                        }
                                      ],
                                      "fsGroup": "number",
                                      "fsGroupChangePolicy": "string",
                                      "runAsGroup": "number",
                                      "runAsNonRoot": "bool",
                                      "runAsUser": "number",
                                      "seLinuxOptions": [
                                        "object",
                                        {
                                          "level": "string",
                                          "role": "string",
                                          "type": "string",
                                          "user": "string"
                                        }
                                      ],
                                      "seccompProfile": [
                                        "object",
                                        {
                                          "localhostProfile": "string",
                                          "type": "string"
                                        }
                                      ],
                                      "supplementalGroups": [
                                        "list",
                                        "number"
                                      ],
                                      "sysctls": [
                                        "list",
                                        [
                                          "object",
                                          {
                                            "name": "string",
                                            "value": "string"
                                          }
                                        ]
                                      ],
                                      "windowsOptions": [
                                        "object",
                                        {
                                          "gmsaCredentialSpec": "string",
                                          "gmsaCredentialSpecName": "string",
                                          "hostProcess": "bool",
                                          "runAsUserName": "string"
                                        }
                                      ]
                                    }
                                  ],
                                  "terminationGracePeriodSeconds": "number",
                                  "tmpDirSizeLimit": "string",
                                  "tolerations": [
                                    "list",
                                    [
                                      "object",
                                      {
                                        "effect": "string",
                                        "key": "string",
                                        "operator": "string",
                                        "tolerationSeconds": "number",
                                        "value": "string"
                                      }
                                    ]
                                  ],
                                  "topologySpreadConstraints": [
                                    "list",
                                    [
                                      "object",
                                      {
                                        "labelSelector": [
                                          "object",
                                          {
                                            "matchExpressions": [
                                              "list",
                                              [
                                                "object",
                                                {
                                                  "key": "string",
                                                  "operator": "string",
                                                  "values": [
                                                    "list",
                                                    "string"
                                                  ]
                                                }
                                              ]
                                            ],
                                            "matchLabels": [
                                              "map",
                                              "string"
                                            ]
                                          }
                                        ],
                                        "matchLabelKeys": [
                                          "list",
                                          "string"
                                        ],
                                        "maxSkew": "number",
                                        "minDomains": "number",
                                        "nodeAffinityPolicy": "string",
                                        "nodeTaintsPolicy": "string",
                                        "topologyKey": "string",
                                        "whenUnsatisfiable": "string"
                                      }
                                    ]
                                  ],
                                  "volumes": [
                                    "list",
                                    [
                                      "object",
                                      {
                                        "configMap": [
                                          "object",
                                          {
                                            "defaultMode": "number",
                                            "items": [
                                              "list",
                                              [
                                                "object",
                                                {
                                                  "key": "string",
                                                  "mode": "number",
                                                  "path": "string"
                                                }
                                              ]
                                            ],
                                            "name": "string",
                                            "optional": "bool"
                                          }
                                        ],
                                        "emptyDir": [
                                          "object",
                                          {
                                            "medium": "string",
                                            "sizeLimit": [
                                              "object",
                                              {
                                                "amount": "string",
                                                "format": "string"
                                              }
                                            ]
                                          }
                                        ],
                                        "name": "string",
                                        "persistentVolumeClaim": [
                                          "object",
                                          {
                                            "claimName": "string",
                                            "readOnly": "bool"
                                          }
                                        ],
                                        "secret": [
                                          "object",
                                          {
                                            "defaultMode": "number",
                                            "items": [
                                              "list",
                                              [
                                                "object",
                                                {
                                                  "key": "string",
                                                  "mode": "number",
                                                  "path": "string"
                                                }
                                              ]
                                            ],
                                            "optional": "bool",
                                            "secretName": "string"
                                          }
                                        ]
                                      }
                                    ]
                                  ]
                                }
                              ],
                              "serviceAccount": [
                                "object",
                                {
                                  "metadata": [
                                    "object",
                                    {
                                      "annotations": [
                                        "map",
                                        "string"
                                      ],
                                      "labels": [
                                        "map",
                                        "string"
                                      ]
                                    }
                                  ]
                                }
                              ]
                            }
                          ]
                        }
                      ],
                      "kafka": [
                        "object",
                        {
                          "authorization": [
                            "object",
                            {
                              "allowOnError": "bool",
                              "authorizerClass": "string",
                              "clientId": "string",
                              "connectTimeoutSeconds": "number",
                              "delegateToKafkaAcls": "bool",
                              "disableTlsHostnameVerification": "bool",
                              "enableMetrics": "bool",
                              "expireAfterMs": "number",
                              "grantsAlwaysLatest": "bool",
                              "grantsGcPeriodSeconds": "number",
                              "grantsMaxIdleTimeSeconds": "number",
                              "grantsRefreshPeriodSeconds": "number",
                              "grantsRefreshPoolSize": "number",
                              "httpRetries": "number",
                              "includeAcceptHeader": "bool",
                              "initialCacheCapacity": "number",
                              "maximumCacheSize": "number",
                              "readTimeoutSeconds": "number",
                              "superUsers": [
                                "list",
                                "string"
                              ],
                              "supportsAdminApi": "bool",
                              "tlsTrustedCertificates": [
                                "list",
                                [
                                  "object",
                                  {
                                    "certificate": "string",
                                    "pattern": "string",
                                    "secretName": "string"
                                  }
                                ]
                              ],
                              "tokenEndpointUri": "string",
                              "type": "string",
                              "url": "string"
                            }
                          ],
                          "brokerRackInitImage": "string",
                          "config": [
                            "object",
                            {
                              "offsets.topic.replication.factor": "number",
                              "transaction.state.log.min.isr": "number",
                              "transaction.state.log.replication.factor": "number"
                            }
                          ],
                          "image": "string",
                          "jmxOptions": [
                            "object",
                            {
                              "authentication": [
                                "object",
                                {
                                  "type": "string"
                                }
                              ]
                            }
                          ],
                          "jvmOptions": [
                            "object",
                            {
                              "-XX": [
                                "map",
                                "string"
                              ],
                              "-Xms": "string",
                              "-Xmx": "string",
                              "gcLoggingEnabled": "bool",
                              "javaSystemProperties": [
                                "list",
                                [
                                  "object",
                                  {
                                    "name": "string",
                                    "value": "string"
                                  }
                                ]
                              ]
                            }
                          ],
                          "listeners": [
                            "tuple",
                            [
                              [
                                "object",
                                {
                                  "authentication": [
                                    "object",
                                    {
                                      "accessTokenIsJwt": "bool",
                                      "checkAccessTokenType": "bool",
                                      "checkAudience": "bool",
                                      "checkIssuer": "bool",
                                      "clientAudience": "string",
                                      "clientId": "string",
                                      "clientScope": "string",
                                      "clientSecret": [
                                        "object",
                                        {
                                          "key": "string",
                                          "secretName": "string"
                                        }
                                      ],
                                      "connectTimeoutSeconds": "number",
                                      "customClaimCheck": "string",
                                      "disableTlsHostnameVerification": "bool",
                                      "enableECDSA": "bool",
                                      "enableMetrics": "bool",
                                      "enableOauthBearer": "bool",
                                      "enablePlain": "bool",
                                      "failFast": "bool",
                                      "fallbackUserNameClaim": "string",
                                      "fallbackUserNamePrefix": "string",
                                      "groupsClaim": "string",
                                      "groupsClaimDelimiter": "string",
                                      "httpRetries": "number",
                                      "httpRetryPauseMs": "number",
                                      "includeAcceptHeader": "bool",
                                      "introspectionEndpointUri": "string",
                                      "jwksEndpointUri": "string",
                                      "jwksExpirySeconds": "number",
                                      "jwksIgnoreKeyUse": "bool",
                                      "jwksMinRefreshPauseSeconds": "number",
                                      "jwksRefreshSeconds": "number",
                                      "listenerConfig": "dynamic",
                                      "maxSecondsWithoutReauthentication": "number",
                                      "readTimeoutSeconds": "number",
                                      "sasl": "bool",
                                      "secrets": [
                                        "list",
                                        [
                                          "object",
                                          {
                                            "key": "string",
                                            "secretName": "string"
                                          }
                                        ]
                                      ],
                                      "serverBearerTokenLocation": "string",
                                      "tlsTrustedCertificates": [
                                        "list",
                                        [
                                          "object",
                                          {
                                            "certificate": "string",
                                            "pattern": "string",
                                            "secretName": "string"
                                          }
                                        ]
                                      ],
                                      "tokenEndpointUri": "string",
                                      "type": "string",
                                      "userInfoEndpointUri": "string",
                                      "userNameClaim": "string",
                                      "userNamePrefix": "string",
                                      "validIssuerUri": "string",
                                      "validTokenType": "string"
                                    }
                                  ],
                                  "configuration": [
                                    "object",
                                    {
                                      "advertisedHostTemplate": "string",
                                      "bootstrap": [
                                        "object",
                                        {
                                          "alternativeNames": [
                                            "list",
                                            "string"
                                          ],
                                          "annotations": [
                                            "map",
                                            "string"
                                          ],
                                          "externalIPs": [
                                            "list",
                                            "string"
                                          ],
                                          "host": "string",
                                          "labels": [
                                            "map",
                                            "string"
                                          ],
                                          "loadBalancerIP": "string",
                                          "nodePort": "number"
                                        }
                                      ],
                                      "brokerCertChainAndKey": [
                                        "object",
                                        {
                                          "certificate": "string",
                                          "key": "string",
                                          "secretName": "string"
                                        }
                                      ],
                                      "brokers": [
                                        "list",
                                        [
                                          "object",
                                          {
                                            "advertisedHost": "string",
                                            "advertisedPort": "number",
                                            "annotations": [
                                              "map",
                                              "string"
                                            ],
                                            "broker": "number",
                                            "externalIPs": [
                                              "list",
                                              "string"
                                            ],
                                            "host": "string",
                                            "labels": [
                                              "map",
                                              "string"
                                            ],
                                            "loadBalancerIP": "string",
                                            "nodePort": "number"
                                          }
                                        ]
                                      ],
                                      "class": "string",
                                      "createBootstrapService": "bool",
                                      "externalTrafficPolicy": "string",
                                      "finalizers": [
                                        "list",
                                        "string"
                                      ],
                                      "hostTemplate": "string",
                                      "ipFamilies": [
                                        "list",
                                        "string"
                                      ],
                                      "ipFamilyPolicy": "string",
                                      "loadBalancerSourceRanges": [
                                        "list",
                                        "string"
                                      ],
                                      "maxConnectionCreationRate": "number",
                                      "maxConnections": "number",
                                      "preferredNodePortAddressType": "string",
                                      "publishNotReadyAddresses": "bool",
                                      "useServiceDnsDomain": "bool"
                                    }
                                  ],
                                  "name": "string",
                                  "networkPolicyPeers": [
                                    "list",
                                    [
                                      "object",
                                      {
                                        "ipBlock": [
                                          "object",
                                          {
                                            "cidr": "string",
                                            "except": [
                                              "list",
                                              "string"
                                            ]
                                          }
                                        ],
                                        "namespaceSelector": [
                                          "object",
                                          {
                                            "matchExpressions": [
                                              "list",
                                              [
                                                "object",
                                                {
                                                  "key": "string",
                                                  "operator": "string",
                                                  "values": [
                                                    "list",
                                                    "string"
                                                  ]
                                                }
                                              ]
                                            ],
                                            "matchLabels": [
                                              "map",
                                              "string"
                                            ]
                                          }
                                        ],
                                        "podSelector": [
                                          "object",
                                          {
                                            "matchExpressions": [
                                              "list",
                                              [
                                                "object",
                                                {
                                                  "key": "string",
                                                  "operator": "string",
                                                  "values": [
                                                    "list",
                                                    "string"
                                                  ]
                                                }
                                              ]
                                            ],
                                            "matchLabels": [
                                              "map",
                                              "string"
                                            ]
                                          }
                                        ]
                                      }
                                    ]
                                  ],
                                  "port": "number",
                                  "tls": "bool",
                                  "type": "string"
                                }
                              ],
                              [
                                "object",
                                {
                                  "authentication": [
                                    "object",
                                    {
                                      "accessTokenIsJwt": "bool",
                                      "checkAccessTokenType": "bool",
                                      "checkAudience": "bool",
                                      "checkIssuer": "bool",
                                      "clientAudience": "string",
                                      "clientId": "string",
                                      "clientScope": "string",
                                      "clientSecret": [
                                        "object",
                                        {
                                          "key": "string",
                                          "secretName": "string"
                                        }
                                      ],
                                      "connectTimeoutSeconds": "number",
                                      "customClaimCheck": "string",
                                      "disableTlsHostnameVerification": "bool",
                                      "enableECDSA": "bool",
                                      "enableMetrics": "bool",
                                      "enableOauthBearer": "bool",
                                      "enablePlain": "bool",
                                      "failFast": "bool",
                                      "fallbackUserNameClaim": "string",
                                      "fallbackUserNamePrefix": "string",
                                      "groupsClaim": "string",
                                      "groupsClaimDelimiter": "string",
                                      "httpRetries": "number",
                                      "httpRetryPauseMs": "number",
                                      "includeAcceptHeader": "bool",
                                      "introspectionEndpointUri": "string",
                                      "jwksEndpointUri": "string",
                                      "jwksExpirySeconds": "number",
                                      "jwksIgnoreKeyUse": "bool",
                                      "jwksMinRefreshPauseSeconds": "number",
                                      "jwksRefreshSeconds": "number",
                                      "listenerConfig": "dynamic",
                                      "maxSecondsWithoutReauthentication": "number",
                                      "readTimeoutSeconds": "number",
                                      "sasl": "bool",
                                      "secrets": [
                                        "list",
                                        [
                                          "object",
                                          {
                                            "key": "string",
                                            "secretName": "string"
                                          }
                                        ]
                                      ],
                                      "serverBearerTokenLocation": "string",
                                      "tlsTrustedCertificates": [
                                        "list",
                                        [
                                          "object",
                                          {
                                            "certificate": "string",
                                            "pattern": "string",
                                            "secretName": "string"
                                          }
                                        ]
                                      ],
                                      "tokenEndpointUri": "string",
                                      "type": "string",
                                      "userInfoEndpointUri": "string",
                                      "userNameClaim": "string",
                                      "userNamePrefix": "string",
                                      "validIssuerUri": "string",
                                      "validTokenType": "string"
                                    }
                                  ],
                                  "configuration": [
                                    "object",
                                    {
                                      "advertisedHostTemplate": "string",
                                      "bootstrap": [
                                        "object",
                                        {
                                          "alternativeNames": [
                                            "list",
                                            "string"
                                          ],
                                          "annotations": [
                                            "map",
                                            "string"
                                          ],
                                          "externalIPs": [
                                            "list",
                                            "string"
                                          ],
                                          "host": "string",
                                          "labels": [
                                            "map",
                                            "string"
                                          ],
                                          "loadBalancerIP": "string",
                                          "nodePort": "number"
                                        }
                                      ],
                                      "brokerCertChainAndKey": [
                                        "object",
                                        {
                                          "certificate": "string",
                                          "key": "string",
                                          "secretName": "string"
                                        }
                                      ],
                                      "brokers": [
                                        "list",
                                        [
                                          "object",
                                          {
                                            "advertisedHost": "string",
                                            "advertisedPort": "number",
                                            "annotations": [
                                              "map",
                                              "string"
                                            ],
                                            "broker": "number",
                                            "externalIPs": [
                                              "list",
                                              "string"
                                            ],
                                            "host": "string",
                                            "labels": [
                                              "map",
                                              "string"
                                            ],
                                            "loadBalancerIP": "string",
                                            "nodePort": "number"
                                          }
                                        ]
                                      ],
                                      "class": "string",
                                      "createBootstrapService": "bool",
                                      "externalTrafficPolicy": "string",
                                      "finalizers": [
                                        "list",
                                        "string"
                                      ],
                                      "hostTemplate": "string",
                                      "ipFamilies": [
                                        "list",
                                        "string"
                                      ],
                                      "ipFamilyPolicy": "string",
                                      "loadBalancerSourceRanges": [
                                        "list",
                                        "string"
                                      ],
                                      "maxConnectionCreationRate": "number",
                                      "maxConnections": "number",
                                      "preferredNodePortAddressType": "string",
                                      "publishNotReadyAddresses": "bool",
                                      "useServiceDnsDomain": "bool"
                                    }
                                  ],
                                  "name": "string",
                                  "networkPolicyPeers": [
                                    "list",
                                    [
                                      "object",
                                      {
                                        "ipBlock": [
                                          "object",
                                          {
                                            "cidr": "string",
                                            "except": [
                                              "list",
                                              "string"
                                            ]
                                          }
                                        ],
                                        "namespaceSelector": [
                                          "object",
                                          {
                                            "matchExpressions": [
                                              "list",
                                              [
                                                "object",
                                                {
                                                  "key": "string",
                                                  "operator": "string",
                                                  "values": [
                                                    "list",
                                                    "string"
                                                  ]
                                                }
                                              ]
                                            ],
                                            "matchLabels": [
                                              "map",
                                              "string"
                                            ]
                                          }
                                        ],
                                        "podSelector": [
                                          "object",
                                          {
                                            "matchExpressions": [
                                              "list",
                                              [
                                                "object",
                                                {
                                                  "key": "string",
                                                  "operator": "string",
                                                  "values": [
                                                    "list",
                                                    "string"
                                                  ]
                                                }
                                              ]
                                            ],
                                            "matchLabels": [
                                              "map",
                                              "string"
                                            ]
                                          }
                                        ]
                                      }
                                    ]
                                  ],
                                  "port": "number",
                                  "tls": "bool",
                                  "type": "string"
                                }
                              ]
                            ]
                          ],
                          "livenessProbe": [
                            "object",
                            {
                              "failureThreshold": "number",
                              "initialDelaySeconds": "number",
                              "periodSeconds": "number",
                              "successThreshold": "number",
                              "timeoutSeconds": "number"
                            }
                          ],
                          "logging": [
                            "object",
                            {
                              "loggers": [
                                "map",
                                "string"
                              ],
                              "type": "string",
                              "valueFrom": [
                                "object",
                                {
                                  "configMapKeyRef": [
                                    "object",
                                    {
                                      "key": "string",
                                      "name": "string",
                                      "optional": "bool"
                                    }
                                  ]
                                }
                              ]
                            }
                          ],
                          "metadataVersion": "string",
                          "metricsConfig": [
                            "object",
                            {
                              "type": "string",
                              "valueFrom": [
                                "object",
                                {
                                  "configMapKeyRef": [
                                    "object",
                                    {
                                      "key": "string",
                                      "name": "string",
                                      "optional": "bool"
                                    }
                                  ]
                                }
                              ]
                            }
                          ],
                          "quotas": [
                            "object",
                            {
                              "consumerByteRate": "number",
                              "controllerMutationRate": "number",
                              "excludedPrincipals": [
                                "list",
                                "string"
                              ],
                              "minAvailableBytesPerVolume": "number",
                              "minAvailableRatioPerVolume": "number",
                              "producerByteRate": "number",
                              "requestPercentage": "number",
                              "type": "string"
                            }
                          ],
                          "rack": [
                            "object",
                            {
                              "topologyKey": "string"
                            }
                          ],
                          "readinessProbe": [
                            "object",
                            {
                              "failureThreshold": "number",
                              "initialDelaySeconds": "number",
                              "periodSeconds": "number",
                              "successThreshold": "number",
                              "timeoutSeconds": "number"
                            }
                          ],
                          "replicas": "number",
                          "resources": [
                            "object",
                            {
                              "claims": [
                                "list",
                                [
                                  "object",
                                  {
                                    "name": "string"
                                  }
                                ]
                              ],
                              "limits": [
                                "map",
                                "string"
                              ],
                              "requests": [
                                "map",
                                "string"
                              ]
                            }
                          ],
                          "storage": [
                            "object",
                            {
                              "class": "string",
                              "deleteClaim": "bool",
                              "id": "number",
                              "kraftMetadata": "string",
                              "overrides": [
                                "list",
                                [
                                  "object",
                                  {
                                    "broker": "number",
                                    "class": "string"
                                  }
                                ]
                              ],
                              "selector": [
                                "map",
                                "string"
                              ],
                              "size": "string",
                              "sizeLimit": "string",
                              "type": "string",
                              "volumes": [
                                "list",
                                [
                                  "object",
                                  {
                                    "class": "string",
                                    "deleteClaim": "bool",
                                    "id": "number",
                                    "kraftMetadata": "string",
                                    "overrides": [
                                      "list",
                                      [
                                        "object",
                                        {
                                          "broker": "number",
                                          "class": "string"
                                        }
                                      ]
                                    ],
                                    "selector": [
                                      "map",
                                      "string"
                                    ],
                                    "size": "string",
                                    "sizeLimit": "string",
                                    "type": "string"
                                  }
                                ]
                              ]
                            }
                          ],
                          "template": [
                            "object",
                            {
                              "bootstrapService": [
                                "object",
                                {
                                  "ipFamilies": [
                                    "list",
                                    "string"
                                  ],
                                  "ipFamilyPolicy": "string",
                                  "metadata": [
                                    "object",
                                    {
                                      "annotations": [
                                        "map",
                                        "string"
                                      ],
                                      "labels": [
                                        "map",
                                        "string"
                                      ]
                                    }
                                  ]
                                }
                              ],
                              "brokersService": [
                                "object",
                                {
                                  "ipFamilies": [
                                    "list",
                                    "string"
                                  ],
                                  "ipFamilyPolicy": "string",
                                  "metadata": [
                                    "object",
                                    {
                                      "annotations": [
                                        "map",
                                        "string"
                                      ],
                                      "labels": [
                                        "map",
                                        "string"
                                      ]
                                    }
                                  ]
                                }
                              ],
                              "clusterCaCert": [
                                "object",
                                {
                                  "metadata": [
                                    "object",
                                    {
                                      "annotations": [
                                        "map",
                                        "string"
                                      ],
                                      "labels": [
                                        "map",
                                        "string"
                                      ]
                                    }
                                  ]
                                }
                              ],
                              "clusterRoleBinding": [
                                "object",
                                {
                                  "metadata": [
                                    "object",
                                    {
                                      "annotations": [
                                        "map",
                                        "string"
                                      ],
                                      "labels": [
                                        "map",
                                        "string"
                                      ]
                                    }
                                  ]
                                }
                              ],
                              "externalBootstrapIngress": [
                                "object",
                                {
                                  "metadata": [
                                    "object",
                                    {
                                      "annotations": [
                                        "map",
                                        "string"
                                      ],
                                      "labels": [
                                        "map",
                                        "string"
                                      ]
                                    }
                                  ]
                                }
                              ],
                              "externalBootstrapRoute": [
                                "object",
                                {
                                  "metadata": [
                                    "object",
                                    {
                                      "annotations": [
                                        "map",
                                        "string"
                                      ],
                                      "labels": [
                                        "map",
                                        "string"
                                      ]
                                    }
                                  ]
                                }
                              ],
                              "externalBootstrapService": [
                                "object",
                                {
                                  "metadata": [
                                    "object",
                                    {
                                      "annotations": [
                                        "map",
                                        "string"
                                      ],
                                      "labels": [
                                        "map",
                                        "string"
                                      ]
                                    }
                                  ]
                                }
                              ],
                              "initContainer": [
                                "object",
                                {
                                  "env": [
                                    "list",
                                    [
                                      "object",
                                      {
                                        "name": "string",
                                        "value": "string",
                                        "valueFrom": [
                                          "object",
                                          {
                                            "configMapKeyRef": [
                                              "object",
                                              {
                                                "key": "string",
                                                "name": "string",
                                                "optional": "bool"
                                              }
                                            ],
                                            "secretKeyRef": [
                                              "object",
                                              {
                                                "key": "string",
                                                "name": "string",
                                                "optional": "bool"
                                              }
                                            ]
                                          }
                                        ]
                                      }
                                    ]
                                  ],
                                  "securityContext": [
                                    "object",
                                    {
                                      "allowPrivilegeEscalation": "bool",
                                      "appArmorProfile": [
                                        "object",
                                        {
                                          "localhostProfile": "string",
                                          "type": "string"
                                        }
                                      ],
                                      "capabilities": [
                                        "object",
                                        {
                                          "add": [
                                            "list",
                                            "string"
                                          ],
                                          "drop": [
                                            "list",
                                            "string"
                                          ]
                                        }
                                      ],
                                      "privileged": "bool",
                                      "procMount": "string",
                                      "readOnlyRootFilesystem": "bool",
                                      "runAsGroup": "number",
                                      "runAsNonRoot": "bool",
                                      "runAsUser": "number",
                                      "seLinuxOptions": [
                                        "object",
                                        {
                                          "level": "string",
                                          "role": "string",
                                          "type": "string",
                                          "user": "string"
                                        }
                                      ],
                                      "seccompProfile": [
                                        "object",
                                        {
                                          "localhostProfile": "string",
                                          "type": "string"
                                        }
                                      ],
                                      "windowsOptions": [
                                        "object",
                                        {
                                          "gmsaCredentialSpec": "string",
                                          "gmsaCredentialSpecName": "string",
                                          "hostProcess": "bool",
                                          "runAsUserName": "string"
                                        }
                                      ]
                                    }
                                  ],
                                  "volumeMounts": [
                                    "list",
                                    [
                                      "object",
                                      {
                                        "mountPath": "string",
                                        "mountPropagation": "string",
                                        "name": "string",
                                        "readOnly": "bool",
                                        "recursiveReadOnly": "string",
                                        "subPath": "string",
                                        "subPathExpr": "string"
                                      }
                                    ]
                                  ]
                                }
                              ],
                              "jmxSecret": [
                                "object",
                                {
                                  "metadata": [
                                    "object",
                                    {
                                      "annotations": [
                                        "map",
                                        "string"
                                      ],
                                      "labels": [
                                        "map",
                                        "string"
                                      ]
                                    }
                                  ]
                                }
                              ],
                              "kafkaContainer": [
                                "object",
                                {
                                  "env": [
                                    "list",
                                    [
                                      "object",
                                      {
                                        "name": "string",
                                        "value": "string",
                                        "valueFrom": [
                                          "object",
                                          {
                                            "configMapKeyRef": [
                                              "object",
                                              {
                                                "key": "string",
                                                "name": "string",
                                                "optional": "bool"
                                              }
                                            ],
                                            "secretKeyRef": [
                                              "object",
                                              {
                                                "key": "string",
                                                "name": "string",
                                                "optional": "bool"
                                              }
                                            ]
                                          }
                                        ]
                                      }
                                    ]
                                  ],
                                  "securityContext": [
                                    "object",
                                    {
                                      "allowPrivilegeEscalation": "bool",
                                      "appArmorProfile": [
                                        "object",
                                        {
                                          "localhostProfile": "string",
                                          "type": "string"
                                        }
                                      ],
                                      "capabilities": [
                                        "object",
                                        {
                                          "add": [
                                            "list",
                                            "string"
                                          ],
                                          "drop": [
                                            "list",
                                            "string"
                                          ]
                                        }
                                      ],
                                      "privileged": "bool",
                                      "procMount": "string",
                                      "readOnlyRootFilesystem": "bool",
                                      "runAsGroup": "number",
                                      "runAsNonRoot": "bool",
                                      "runAsUser": "number",
                                      "seLinuxOptions": [
                                        "object",
                                        {
                                          "level": "string",
                                          "role": "string",
                                          "type": "string",
                                          "user": "string"
                                        }
                                      ],
                                      "seccompProfile": [
                                        "object",
                                        {
                                          "localhostProfile": "string",
                                          "type": "string"
                                        }
                                      ],
                                      "windowsOptions": [
                                        "object",
                                        {
                                          "gmsaCredentialSpec": "string",
                                          "gmsaCredentialSpecName": "string",
                                          "hostProcess": "bool",
                                          "runAsUserName": "string"
                                        }
                                      ]
                                    }
                                  ],
                                  "volumeMounts": [
                                    "list",
                                    [
                                      "object",
                                      {
                                        "mountPath": "string",
                                        "mountPropagation": "string",
                                        "name": "string",
                                        "readOnly": "bool",
                                        "recursiveReadOnly": "string",
                                        "subPath": "string",
                                        "subPathExpr": "string"
                                      }
                                    ]
                                  ]
                                }
                              ],
                              "perPodIngress": [
                                "object",
                                {
                                  "metadata": [
                                    "object",
                                    {
                                      "annotations": [
                                        "map",
                                        "string"
                                      ],
                                      "labels": [
                                        "map",
                                        "string"
                                      ]
                                    }
                                  ]
                                }
                              ],
                              "perPodRoute": [
                                "object",
                                {
                                  "metadata": [
                                    "object",
                                    {
                                      "annotations": [
                                        "map",
                                        "string"
                                      ],
                                      "labels": [
                                        "map",
                                        "string"
                                      ]
                                    }
                                  ]
                                }
                              ],
                              "perPodService": [
                                "object",
                                {
                                  "metadata": [
                                    "object",
                                    {
                                      "annotations": [
                                        "map",
                                        "string"
                                      ],
                                      "labels": [
                                        "map",
                                        "string"
                                      ]
                                    }
                                  ]
                                }
                              ],
                              "persistentVolumeClaim": [
                                "object",
                                {
                                  "metadata": [
                                    "object",
                                    {
                                      "annotations": [
                                        "map",
                                        "string"
                                      ],
                                      "labels": [
                                        "map",
                                        "string"
                                      ]
                                    }
                                  ]
                                }
                              ],
                              "pod": [
                                "object",
                                {
                                  "affinity": [
                                    "object",
                                    {
                                      "nodeAffinity": [
                                        "object",
                                        {
                                          "preferredDuringSchedulingIgnoredDuringExecution": [
                                            "list",
                                            [
                                              "object",
                                              {
                                                "preference": [
                                                  "object",
                                                  {
                                                    "matchExpressions": [
                                                      "list",
                                                      [
                                                        "object",
                                                        {
                                                          "key": "string",
                                                          "operator": "string",
                                                          "values": [
                                                            "list",
                                                            "string"
                                                          ]
                                                        }
                                                      ]
                                                    ],
                                                    "matchFields": [
                                                      "list",
                                                      [
                                                        "object",
                                                        {
                                                          "key": "string",
                                                          "operator": "string",
                                                          "values": [
                                                            "list",
                                                            "string"
                                                          ]
                                                        }
                                                      ]
                                                    ]
                                                  }
                                                ],
                                                "weight": "number"
                                              }
                                            ]
                                          ],
                                          "requiredDuringSchedulingIgnoredDuringExecution": [
                                            "object",
                                            {
                                              "nodeSelectorTerms": [
                                                "list",
                                                [
                                                  "object",
                                                  {
                                                    "matchExpressions": [
                                                      "list",
                                                      [
                                                        "object",
                                                        {
                                                          "key": "string",
                                                          "operator": "string",
                                                          "values": [
                                                            "list",
                                                            "string"
                                                          ]
                                                        }
                                                      ]
                                                    ],
                                                    "matchFields": [
                                                      "list",
                                                      [
                                                        "object",
                                                        {
                                                          "key": "string",
                                                          "operator": "string",
                                                          "values": [
                                                            "list",
                                                            "string"
                                                          ]
                                                        }
                                                      ]
                                                    ]
                                                  }
                                                ]
                                              ]
                                            }
                                          ]
                                        }
                                      ],
                                      "podAffinity": [
                                        "object",
                                        {
                                          "preferredDuringSchedulingIgnoredDuringExecution": [
                                            "list",
                                            [
                                              "object",
                                              {
                                                "podAffinityTerm": [
                                                  "object",
                                                  {
                                                    "labelSelector": [
                                                      "object",
                                                      {
                                                        "matchExpressions": [
                                                          "list",
                                                          [
                                                            "object",
                                                            {
                                                              "key": "string",
                                                              "operator": "string",
                                                              "values": [
                                                                "list",
                                                                "string"
                                                              ]
                                                            }
                                                          ]
                                                        ],
                                                        "matchLabels": [
                                                          "map",
                                                          "string"
                                                        ]
                                                      }
                                                    ],
                                                    "matchLabelKeys": [
                                                      "list",
                                                      "string"
                                                    ],
                                                    "mismatchLabelKeys": [
                                                      "list",
                                                      "string"
                                                    ],
                                                    "namespaceSelector": [
                                                      "object",
                                                      {
                                                        "matchExpressions": [
                                                          "list",
                                                          [
                                                            "object",
                                                            {
                                                              "key": "string",
                                                              "operator": "string",
                                                              "values": [
                                                                "list",
                                                                "string"
                                                              ]
                                                            }
                                                          ]
                                                        ],
                                                        "matchLabels": [
                                                          "map",
                                                          "string"
                                                        ]
                                                      }
                                                    ],
                                                    "namespaces": [
                                                      "list",
                                                      "string"
                                                    ],
                                                    "topologyKey": "string"
                                                  }
                                                ],
                                                "weight": "number"
                                              }
                                            ]
                                          ],
                                          "requiredDuringSchedulingIgnoredDuringExecution": [
                                            "list",
                                            [
                                              "object",
                                              {
                                                "labelSelector": [
                                                  "object",
                                                  {
                                                    "matchExpressions": [
                                                      "list",
                                                      [
                                                        "object",
                                                        {
                                                          "key": "string",
                                                          "operator": "string",
                                                          "values": [
                                                            "list",
                                                            "string"
                                                          ]
                                                        }
                                                      ]
                                                    ],
                                                    "matchLabels": [
                                                      "map",
                                                      "string"
                                                    ]
                                                  }
                                                ],
                                                "matchLabelKeys": [
                                                  "list",
                                                  "string"
                                                ],
                                                "mismatchLabelKeys": [
                                                  "list",
                                                  "string"
                                                ],
                                                "namespaceSelector": [
                                                  "object",
                                                  {
                                                    "matchExpressions": [
                                                      "list",
                                                      [
                                                        "object",
                                                        {
                                                          "key": "string",
                                                          "operator": "string",
                                                          "values": [
                                                            "list",
                                                            "string"
                                                          ]
                                                        }
                                                      ]
                                                    ],
                                                    "matchLabels": [
                                                      "map",
                                                      "string"
                                                    ]
                                                  }
                                                ],
                                                "namespaces": [
                                                  "list",
                                                  "string"
                                                ],
                                                "topologyKey": "string"
                                              }
                                            ]
                                          ]
                                        }
                                      ],
                                      "podAntiAffinity": [
                                        "object",
                                        {
                                          "preferredDuringSchedulingIgnoredDuringExecution": [
                                            "list",
                                            [
                                              "object",
                                              {
                                                "podAffinityTerm": [
                                                  "object",
                                                  {
                                                    "labelSelector": [
                                                      "object",
                                                      {
                                                        "matchExpressions": [
                                                          "list",
                                                          [
                                                            "object",
                                                            {
                                                              "key": "string",
                                                              "operator": "string",
                                                              "values": [
                                                                "list",
                                                                "string"
                                                              ]
                                                            }
                                                          ]
                                                        ],
                                                        "matchLabels": [
                                                          "map",
                                                          "string"
                                                        ]
                                                      }
                                                    ],
                                                    "matchLabelKeys": [
                                                      "list",
                                                      "string"
                                                    ],
                                                    "mismatchLabelKeys": [
                                                      "list",
                                                      "string"
                                                    ],
                                                    "namespaceSelector": [
                                                      "object",
                                                      {
                                                        "matchExpressions": [
                                                          "list",
                                                          [
                                                            "object",
                                                            {
                                                              "key": "string",
                                                              "operator": "string",
                                                              "values": [
                                                                "list",
                                                                "string"
                                                              ]
                                                            }
                                                          ]
                                                        ],
                                                        "matchLabels": [
                                                          "map",
                                                          "string"
                                                        ]
                                                      }
                                                    ],
                                                    "namespaces": [
                                                      "list",
                                                      "string"
                                                    ],
                                                    "topologyKey": "string"
                                                  }
                                                ],
                                                "weight": "number"
                                              }
                                            ]
                                          ],
                                          "requiredDuringSchedulingIgnoredDuringExecution": [
                                            "list",
                                            [
                                              "object",
                                              {
                                                "labelSelector": [
                                                  "object",
                                                  {
                                                    "matchExpressions": [
                                                      "list",
                                                      [
                                                        "object",
                                                        {
                                                          "key": "string",
                                                          "operator": "string",
                                                          "values": [
                                                            "list",
                                                            "string"
                                                          ]
                                                        }
                                                      ]
                                                    ],
                                                    "matchLabels": [
                                                      "map",
                                                      "string"
                                                    ]
                                                  }
                                                ],
                                                "matchLabelKeys": [
                                                  "list",
                                                  "string"
                                                ],
                                                "mismatchLabelKeys": [
                                                  "list",
                                                  "string"
                                                ],
                                                "namespaceSelector": [
                                                  "object",
                                                  {
                                                    "matchExpressions": [
                                                      "list",
                                                      [
                                                        "object",
                                                        {
                                                          "key": "string",
                                                          "operator": "string",
                                                          "values": [
                                                            "list",
                                                            "string"
                                                          ]
                                                        }
                                                      ]
                                                    ],
                                                    "matchLabels": [
                                                      "map",
                                                      "string"
                                                    ]
                                                  }
                                                ],
                                                "namespaces": [
                                                  "list",
                                                  "string"
                                                ],
                                                "topologyKey": "string"
                                              }
                                            ]
                                          ]
                                        }
                                      ]
                                    }
                                  ],
                                  "enableServiceLinks": "bool",
                                  "hostAliases": [
                                    "list",
                                    [
                                      "object",
                                      {
                                        "hostnames": [
                                          "list",
                                          "string"
                                        ],
                                        "ip": "string"
                                      }
                                    ]
                                  ],
                                  "imagePullSecrets": [
                                    "list",
                                    [
                                      "object",
                                      {
                                        "name": "string"
                                      }
                                    ]
                                  ],
                                  "metadata": [
                                    "object",
                                    {
                                      "annotations": [
                                        "map",
                                        "string"
                                      ],
                                      "labels": [
                                        "map",
                                        "string"
                                      ]
                                    }
                                  ],
                                  "priorityClassName": "string",
                                  "schedulerName": "string",
                                  "securityContext": [
                                    "object",
                                    {
                                      "appArmorProfile": [
                                        "object",
                                        {
                                          "localhostProfile": "string",
                                          "type": "string"
                                        }
                                      ],
                                      "fsGroup": "number",
                                      "fsGroupChangePolicy": "string",
                                      "runAsGroup": "number",
                                      "runAsNonRoot": "bool",
                                      "runAsUser": "number",
                                      "seLinuxOptions": [
                                        "object",
                                        {
                                          "level": "string",
                                          "role": "string",
                                          "type": "string",
                                          "user": "string"
                                        }
                                      ],
                                      "seccompProfile": [
                                        "object",
                                        {
                                          "localhostProfile": "string",
                                          "type": "string"
                                        }
                                      ],
                                      "supplementalGroups": [
                                        "list",
                                        "number"
                                      ],
                                      "sysctls": [
                                        "list",
                                        [
                                          "object",
                                          {
                                            "name": "string",
                                            "value": "string"
                                          }
                                        ]
                                      ],
                                      "windowsOptions": [
                                        "object",
                                        {
                                          "gmsaCredentialSpec": "string",
                                          "gmsaCredentialSpecName": "string",
                                          "hostProcess": "bool",
                                          "runAsUserName": "string"
                                        }
                                      ]
                                    }
                                  ],
                                  "terminationGracePeriodSeconds": "number",
                                  "tmpDirSizeLimit": "string",
                                  "tolerations": [
                                    "list",
                                    [
                                      "object",
                                      {
                                        "effect": "string",
                                        "key": "string",
                                        "operator": "string",
                                        "tolerationSeconds": "number",
                                        "value": "string"
                                      }
                                    ]
                                  ],
                                  "topologySpreadConstraints": [
                                    "list",
                                    [
                                      "object",
                                      {
                                        "labelSelector": [
                                          "object",
                                          {
                                            "matchExpressions": [
                                              "list",
                                              [
                                                "object",
                                                {
                                                  "key": "string",
                                                  "operator": "string",
                                                  "values": [
                                                    "list",
                                                    "string"
                                                  ]
                                                }
                                              ]
                                            ],
                                            "matchLabels": [
                                              "map",
                                              "string"
                                            ]
                                          }
                                        ],
                                        "matchLabelKeys": [
                                          "list",
                                          "string"
                                        ],
                                        "maxSkew": "number",
                                        "minDomains": "number",
                                        "nodeAffinityPolicy": "string",
                                        "nodeTaintsPolicy": "string",
                                        "topologyKey": "string",
                                        "whenUnsatisfiable": "string"
                                      }
                                    ]
                                  ],
                                  "volumes": [
                                    "list",
                                    [
                                      "object",
                                      {
                                        "configMap": [
                                          "object",
                                          {
                                            "defaultMode": "number",
                                            "items": [
                                              "list",
                                              [
                                                "object",
                                                {
                                                  "key": "string",
                                                  "mode": "number",
                                                  "path": "string"
                                                }
                                              ]
                                            ],
                                            "name": "string",
                                            "optional": "bool"
                                          }
                                        ],
                                        "emptyDir": [
                                          "object",
                                          {
                                            "medium": "string",
                                            "sizeLimit": [
                                              "object",
                                              {
                                                "amount": "string",
                                                "format": "string"
                                              }
                                            ]
                                          }
                                        ],
                                        "name": "string",
                                        "persistentVolumeClaim": [
                                          "object",
                                          {
                                            "claimName": "string",
                                            "readOnly": "bool"
                                          }
                                        ],
                                        "secret": [
                                          "object",
                                          {
                                            "defaultMode": "number",
                                            "items": [
                                              "list",
                                              [
                                                "object",
                                                {
                                                  "key": "string",
                                                  "mode": "number",
                                                  "path": "string"
                                                }
                                              ]
                                            ],
                                            "optional": "bool",
                                            "secretName": "string"
                                          }
                                        ]
                                      }
                                    ]
                                  ]
                                }
                              ],
                              "podDisruptionBudget": [
                                "object",
                                {
                                  "maxUnavailable": "number",
                                  "metadata": [
                                    "object",
                                    {
                                      "annotations": [
                                        "map",
                                        "string"
                                      ],
                                      "labels": [
                                        "map",
                                        "string"
                                      ]
                                    }
                                  ]
                                }
                              ],
                              "podSet": [
                                "object",
                                {
                                  "metadata": [
                                    "object",
                                    {
                                      "annotations": [
                                        "map",
                                        "string"
                                      ],
                                      "labels": [
                                        "map",
                                        "string"
                                      ]
                                    }
                                  ]
                                }
                              ],
                              "serviceAccount": [
                                "object",
                                {
                                  "metadata": [
                                    "object",
                                    {
                                      "annotations": [
                                        "map",
                                        "string"
                                      ],
                                      "labels": [
                                        "map",
                                        "string"
                                      ]
                                    }
                                  ]
                                }
                              ],
                              "statefulset": [
                                "object",
                                {
                                  "metadata": [
                                    "object",
                                    {
                                      "annotations": [
                                        "map",
                                        "string"
                                      ],
                                      "labels": [
                                        "map",
                                        "string"
                                      ]
                                    }
                                  ],
                                  "podManagementPolicy": "string"
                                }
                              ]
                            }
                          ],
                          "tieredStorage": [
                            "object",
                            {
                              "remoteStorageManager": [
                                "object",
                                {
                                  "className": "string",
                                  "classPath": "string",
                                  "config": [
                                    "map",
                                    "string"
                                  ]
                                }
                              ],
                              "type": "string"
                            }
                          ],
                          "version": "string"
                        }
                      ],
                      "kafkaExporter": [
                        "object",
                        {
                          "enableSaramaLogging": "bool",
                          "groupExcludeRegex": "string",
                          "groupRegex": "string",
                          "image": "string",
                          "livenessProbe": [
                            "object",
                            {
                              "failureThreshold": "number",
                              "initialDelaySeconds": "number",
                              "periodSeconds": "number",
                              "successThreshold": "number",
                              "timeoutSeconds": "number"
                            }
                          ],
                          "logging": "string",
                          "readinessProbe": [
                            "object",
                            {
                              "failureThreshold": "number",
                              "initialDelaySeconds": "number",
                              "periodSeconds": "number",
                              "successThreshold": "number",
                              "timeoutSeconds": "number"
                            }
                          ],
                          "resources": [
                            "object",
                            {
                              "claims": [
                                "list",
                                [
                                  "object",
                                  {
                                    "name": "string"
                                  }
                                ]
                              ],
                              "limits": [
                                "map",
                                "string"
                              ],
                              "requests": [
                                "map",
                                "string"
                              ]
                            }
                          ],
                          "showAllOffsets": "bool",
                          "template": [
                            "object",
                            {
                              "container": [
                                "object",
                                {
                                  "env": [
                                    "list",
                                    [
                                      "object",
                                      {
                                        "name": "string",
                                        "value": "string",
                                        "valueFrom": [
                                          "object",
                                          {
                                            "configMapKeyRef": [
                                              "object",
                                              {
                                                "key": "string",
                                                "name": "string",
                                                "optional": "bool"
                                              }
                                            ],
                                            "secretKeyRef": [
                                              "object",
                                              {
                                                "key": "string",
                                                "name": "string",
                                                "optional": "bool"
                                              }
                                            ]
                                          }
                                        ]
                                      }
                                    ]
                                  ],
                                  "securityContext": [
                                    "object",
                                    {
                                      "allowPrivilegeEscalation": "bool",
                                      "appArmorProfile": [
                                        "object",
                                        {
                                          "localhostProfile": "string",
                                          "type": "string"
                                        }
                                      ],
                                      "capabilities": [
                                        "object",
                                        {
                                          "add": [
                                            "list",
                                            "string"
                                          ],
                                          "drop": [
                                            "list",
                                            "string"
                                          ]
                                        }
                                      ],
                                      "privileged": "bool",
                                      "procMount": "string",
                                      "readOnlyRootFilesystem": "bool",
                                      "runAsGroup": "number",
                                      "runAsNonRoot": "bool",
                                      "runAsUser": "number",
                                      "seLinuxOptions": [
                                        "object",
                                        {
                                          "level": "string",
                                          "role": "string",
                                          "type": "string",
                                          "user": "string"
                                        }
                                      ],
                                      "seccompProfile": [
                                        "object",
                                        {
                                          "localhostProfile": "string",
                                          "type": "string"
                                        }
                                      ],
                                      "windowsOptions": [
                                        "object",
                                        {
                                          "gmsaCredentialSpec": "string",
                                          "gmsaCredentialSpecName": "string",
                                          "hostProcess": "bool",
                                          "runAsUserName": "string"
                                        }
                                      ]
                                    }
                                  ],
                                  "volumeMounts": [
                                    "list",
                                    [
                                      "object",
                                      {
                                        "mountPath": "string",
                                        "mountPropagation": "string",
                                        "name": "string",
                                        "readOnly": "bool",
                                        "recursiveReadOnly": "string",
                                        "subPath": "string",
                                        "subPathExpr": "string"
                                      }
                                    ]
                                  ]
                                }
                              ],
                              "deployment": [
                                "object",
                                {
                                  "deploymentStrategy": "string",
                                  "metadata": [
                                    "object",
                                    {
                                      "annotations": [
                                        "map",
                                        "string"
                                      ],
                                      "labels": [
                                        "map",
                                        "string"
                                      ]
                                    }
                                  ]
                                }
                              ],
                              "pod": [
                                "object",
                                {
                                  "affinity": [
                                    "object",
                                    {
                                      "nodeAffinity": [
                                        "object",
                                        {
                                          "preferredDuringSchedulingIgnoredDuringExecution": [
                                            "list",
                                            [
                                              "object",
                                              {
                                                "preference": [
                                                  "object",
                                                  {
                                                    "matchExpressions": [
                                                      "list",
                                                      [
                                                        "object",
                                                        {
                                                          "key": "string",
                                                          "operator": "string",
                                                          "values": [
                                                            "list",
                                                            "string"
                                                          ]
                                                        }
                                                      ]
                                                    ],
                                                    "matchFields": [
                                                      "list",
                                                      [
                                                        "object",
                                                        {
                                                          "key": "string",
                                                          "operator": "string",
                                                          "values": [
                                                            "list",
                                                            "string"
                                                          ]
                                                        }
                                                      ]
                                                    ]
                                                  }
                                                ],
                                                "weight": "number"
                                              }
                                            ]
                                          ],
                                          "requiredDuringSchedulingIgnoredDuringExecution": [
                                            "object",
                                            {
                                              "nodeSelectorTerms": [
                                                "list",
                                                [
                                                  "object",
                                                  {
                                                    "matchExpressions": [
                                                      "list",
                                                      [
                                                        "object",
                                                        {
                                                          "key": "string",
                                                          "operator": "string",
                                                          "values": [
                                                            "list",
                                                            "string"
                                                          ]
                                                        }
                                                      ]
                                                    ],
                                                    "matchFields": [
                                                      "list",
                                                      [
                                                        "object",
                                                        {
                                                          "key": "string",
                                                          "operator": "string",
                                                          "values": [
                                                            "list",
                                                            "string"
                                                          ]
                                                        }
                                                      ]
                                                    ]
                                                  }
                                                ]
                                              ]
                                            }
                                          ]
                                        }
                                      ],
                                      "podAffinity": [
                                        "object",
                                        {
                                          "preferredDuringSchedulingIgnoredDuringExecution": [
                                            "list",
                                            [
                                              "object",
                                              {
                                                "podAffinityTerm": [
                                                  "object",
                                                  {
                                                    "labelSelector": [
                                                      "object",
                                                      {
                                                        "matchExpressions": [
                                                          "list",
                                                          [
                                                            "object",
                                                            {
                                                              "key": "string",
                                                              "operator": "string",
                                                              "values": [
                                                                "list",
                                                                "string"
                                                              ]
                                                            }
                                                          ]
                                                        ],
                                                        "matchLabels": [
                                                          "map",
                                                          "string"
                                                        ]
                                                      }
                                                    ],
                                                    "matchLabelKeys": [
                                                      "list",
                                                      "string"
                                                    ],
                                                    "mismatchLabelKeys": [
                                                      "list",
                                                      "string"
                                                    ],
                                                    "namespaceSelector": [
                                                      "object",
                                                      {
                                                        "matchExpressions": [
                                                          "list",
                                                          [
                                                            "object",
                                                            {
                                                              "key": "string",
                                                              "operator": "string",
                                                              "values": [
                                                                "list",
                                                                "string"
                                                              ]
                                                            }
                                                          ]
                                                        ],
                                                        "matchLabels": [
                                                          "map",
                                                          "string"
                                                        ]
                                                      }
                                                    ],
                                                    "namespaces": [
                                                      "list",
                                                      "string"
                                                    ],
                                                    "topologyKey": "string"
                                                  }
                                                ],
                                                "weight": "number"
                                              }
                                            ]
                                          ],
                                          "requiredDuringSchedulingIgnoredDuringExecution": [
                                            "list",
                                            [
                                              "object",
                                              {
                                                "labelSelector": [
                                                  "object",
                                                  {
                                                    "matchExpressions": [
                                                      "list",
                                                      [
                                                        "object",
                                                        {
                                                          "key": "string",
                                                          "operator": "string",
                                                          "values": [
                                                            "list",
                                                            "string"
                                                          ]
                                                        }
                                                      ]
                                                    ],
                                                    "matchLabels": [
                                                      "map",
                                                      "string"
                                                    ]
                                                  }
                                                ],
                                                "matchLabelKeys": [
                                                  "list",
                                                  "string"
                                                ],
                                                "mismatchLabelKeys": [
                                                  "list",
                                                  "string"
                                                ],
                                                "namespaceSelector": [
                                                  "object",
                                                  {
                                                    "matchExpressions": [
                                                      "list",
                                                      [
                                                        "object",
                                                        {
                                                          "key": "string",
                                                          "operator": "string",
                                                          "values": [
                                                            "list",
                                                            "string"
                                                          ]
                                                        }
                                                      ]
                                                    ],
                                                    "matchLabels": [
                                                      "map",
                                                      "string"
                                                    ]
                                                  }
                                                ],
                                                "namespaces": [
                                                  "list",
                                                  "string"
                                                ],
                                                "topologyKey": "string"
                                              }
                                            ]
                                          ]
                                        }
                                      ],
                                      "podAntiAffinity": [
                                        "object",
                                        {
                                          "preferredDuringSchedulingIgnoredDuringExecution": [
                                            "list",
                                            [
                                              "object",
                                              {
                                                "podAffinityTerm": [
                                                  "object",
                                                  {
                                                    "labelSelector": [
                                                      "object",
                                                      {
                                                        "matchExpressions": [
                                                          "list",
                                                          [
                                                            "object",
                                                            {
                                                              "key": "string",
                                                              "operator": "string",
                                                              "values": [
                                                                "list",
                                                                "string"
                                                              ]
                                                            }
                                                          ]
                                                        ],
                                                        "matchLabels": [
                                                          "map",
                                                          "string"
                                                        ]
                                                      }
                                                    ],
                                                    "matchLabelKeys": [
                                                      "list",
                                                      "string"
                                                    ],
                                                    "mismatchLabelKeys": [
                                                      "list",
                                                      "string"
                                                    ],
                                                    "namespaceSelector": [
                                                      "object",
                                                      {
                                                        "matchExpressions": [
                                                          "list",
                                                          [
                                                            "object",
                                                            {
                                                              "key": "string",
                                                              "operator": "string",
                                                              "values": [
                                                                "list",
                                                                "string"
                                                              ]
                                                            }
                                                          ]
                                                        ],
                                                        "matchLabels": [
                                                          "map",
                                                          "string"
                                                        ]
                                                      }
                                                    ],
                                                    "namespaces": [
                                                      "list",
                                                      "string"
                                                    ],
                                                    "topologyKey": "string"
                                                  }
                                                ],
                                                "weight": "number"
                                              }
                                            ]
                                          ],
                                          "requiredDuringSchedulingIgnoredDuringExecution": [
                                            "list",
                                            [
                                              "object",
                                              {
                                                "labelSelector": [
                                                  "object",
                                                  {
                                                    "matchExpressions": [
                                                      "list",
                                                      [
                                                        "object",
                                                        {
                                                          "key": "string",
                                                          "operator": "string",
                                                          "values": [
                                                            "list",
                                                            "string"
                                                          ]
                                                        }
                                                      ]
                                                    ],
                                                    "matchLabels": [
                                                      "map",
                                                      "string"
                                                    ]
                                                  }
                                                ],
                                                "matchLabelKeys": [
                                                  "list",
                                                  "string"
                                                ],
                                                "mismatchLabelKeys": [
                                                  "list",
                                                  "string"
                                                ],
                                                "namespaceSelector": [
                                                  "object",
                                                  {
                                                    "matchExpressions": [
                                                      "list",
                                                      [
                                                        "object",
                                                        {
                                                          "key": "string",
                                                          "operator": "string",
                                                          "values": [
                                                            "list",
                                                            "string"
                                                          ]
                                                        }
                                                      ]
                                                    ],
                                                    "matchLabels": [
                                                      "map",
                                                      "string"
                                                    ]
                                                  }
                                                ],
                                                "namespaces": [
                                                  "list",
                                                  "string"
                                                ],
                                                "topologyKey": "string"
                                              }
                                            ]
                                          ]
                                        }
                                      ]
                                    }
                                  ],
                                  "enableServiceLinks": "bool",
                                  "hostAliases": [
                                    "list",
                                    [
                                      "object",
                                      {
                                        "hostnames": [
                                          "list",
                                          "string"
                                        ],
                                        "ip": "string"
                                      }
                                    ]
                                  ],
                                  "imagePullSecrets": [
                                    "list",
                                    [
                                      "object",
                                      {
                                        "name": "string"
                                      }
                                    ]
                                  ],
                                  "metadata": [
                                    "object",
                                    {
                                      "annotations": [
                                        "map",
                                        "string"
                                      ],
                                      "labels": [
                                        "map",
                                        "string"
                                      ]
                                    }
                                  ],
                                  "priorityClassName": "string",
                                  "schedulerName": "string",
                                  "securityContext": [
                                    "object",
                                    {
                                      "appArmorProfile": [
                                        "object",
                                        {
                                          "localhostProfile": "string",
                                          "type": "string"
                                        }
                                      ],
                                      "fsGroup": "number",
                                      "fsGroupChangePolicy": "string",
                                      "runAsGroup": "number",
                                      "runAsNonRoot": "bool",
                                      "runAsUser": "number",
                                      "seLinuxOptions": [
                                        "object",
                                        {
                                          "level": "string",
                                          "role": "string",
                                          "type": "string",
                                          "user": "string"
                                        }
                                      ],
                                      "seccompProfile": [
                                        "object",
                                        {
                                          "localhostProfile": "string",
                                          "type": "string"
                                        }
                                      ],
                                      "supplementalGroups": [
                                        "list",
                                        "number"
                                      ],
                                      "sysctls": [
                                        "list",
                                        [
                                          "object",
                                          {
                                            "name": "string",
                                            "value": "string"
                                          }
                                        ]
                                      ],
                                      "windowsOptions": [
                                        "object",
                                        {
                                          "gmsaCredentialSpec": "string",
                                          "gmsaCredentialSpecName": "string",
                                          "hostProcess": "bool",
                                          "runAsUserName": "string"
                                        }
                                      ]
                                    }
                                  ],
                                  "terminationGracePeriodSeconds": "number",
                                  "tmpDirSizeLimit": "string",
                                  "tolerations": [
                                    "list",
                                    [
                                      "object",
                                      {
                                        "effect": "string",
                                        "key": "string",
                                        "operator": "string",
                                        "tolerationSeconds": "number",
                                        "value": "string"
                                      }
                                    ]
                                  ],
                                  "topologySpreadConstraints": [
                                    "list",
                                    [
                                      "object",
                                      {
                                        "labelSelector": [
                                          "object",
                                          {
                                            "matchExpressions": [
                                              "list",
                                              [
                                                "object",
                                                {
                                                  "key": "string",
                                                  "operator": "string",
                                                  "values": [
                                                    "list",
                                                    "string"
                                                  ]
                                                }
                                              ]
                                            ],
                                            "matchLabels": [
                                              "map",
                                              "string"
                                            ]
                                          }
                                        ],
                                        "matchLabelKeys": [
                                          "list",
                                          "string"
                                        ],
                                        "maxSkew": "number",
                                        "minDomains": "number",
                                        "nodeAffinityPolicy": "string",
                                        "nodeTaintsPolicy": "string",
                                        "topologyKey": "string",
                                        "whenUnsatisfiable": "string"
                                      }
                                    ]
                                  ],
                                  "volumes": [
                                    "list",
                                    [
                                      "object",
                                      {
                                        "configMap": [
                                          "object",
                                          {
                                            "defaultMode": "number",
                                            "items": [
                                              "list",
                                              [
                                                "object",
                                                {
                                                  "key": "string",
                                                  "mode": "number",
                                                  "path": "string"
                                                }
                                              ]
                                            ],
                                            "name": "string",
                                            "optional": "bool"
                                          }
                                        ],
                                        "emptyDir": [
                                          "object",
                                          {
                                            "medium": "string",
                                            "sizeLimit": [
                                              "object",
                                              {
                                                "amount": "string",
                                                "format": "string"
                                              }
                                            ]
                                          }
                                        ],
                                        "name": "string",
                                        "persistentVolumeClaim": [
                                          "object",
                                          {
                                            "claimName": "string",
                                            "readOnly": "bool"
                                          }
                                        ],
                                        "secret": [
                                          "object",
                                          {
                                            "defaultMode": "number",
                                            "items": [
                                              "list",
                                              [
                                                "object",
                                                {
                                                  "key": "string",
                                                  "mode": "number",
                                                  "path": "string"
                                                }
                                              ]
                                            ],
                                            "optional": "bool",
                                            "secretName": "string"
                                          }
                                        ]
                                      }
                                    ]
                                  ]
                                }
                              ],
                              "service": [
                                "object",
                                {
                                  "metadata": [
                                    "object",
                                    {
                                      "annotations": [
                                        "map",
                                        "string"
                                      ],
                                      "labels": [
                                        "map",
                                        "string"
                                      ]
                                    }
                                  ]
                                }
                              ],
                              "serviceAccount": [
                                "object",
                                {
                                  "metadata": [
                                    "object",
                                    {
                                      "annotations": [
                                        "map",
                                        "string"
                                      ],
                                      "labels": [
                                        "map",
                                        "string"
                                      ]
                                    }
                                  ]
                                }
                              ]
                            }
                          ],
                          "topicExcludeRegex": "string",
                          "topicRegex": "string"
                        }
                      ],
                      "maintenanceTimeWindows": [
                        "list",
                        "string"
                      ],
                      "zookeeper": [
                        "object",
                        {
                          "config": "dynamic",
                          "image": "string",
                          "jmxOptions": [
                            "object",
                            {
                              "authentication": [
                                "object",
                                {
                                  "type": "string"
                                }
                              ]
                            }
                          ],
                          "jvmOptions": [
                            "object",
                            {
                              "-XX": [
                                "map",
                                "string"
                              ],
                              "-Xms": "string",
                              "-Xmx": "string",
                              "gcLoggingEnabled": "bool",
                              "javaSystemProperties": [
                                "list",
                                [
                                  "object",
                                  {
                                    "name": "string",
                                    "value": "string"
                                  }
                                ]
                              ]
                            }
                          ],
                          "livenessProbe": [
                            "object",
                            {
                              "failureThreshold": "number",
                              "initialDelaySeconds": "number",
                              "periodSeconds": "number",
                              "successThreshold": "number",
                              "timeoutSeconds": "number"
                            }
                          ],
                          "logging": [
                            "object",
                            {
                              "loggers": [
                                "map",
                                "string"
                              ],
                              "type": "string",
                              "valueFrom": [
                                "object",
                                {
                                  "configMapKeyRef": [
                                    "object",
                                    {
                                      "key": "string",
                                      "name": "string",
                                      "optional": "bool"
                                    }
                                  ]
                                }
                              ]
                            }
                          ],
                          "metricsConfig": [
                            "object",
                            {
                              "type": "string",
                              "valueFrom": [
                                "object",
                                {
                                  "configMapKeyRef": [
                                    "object",
                                    {
                                      "key": "string",
                                      "name": "string",
                                      "optional": "bool"
                                    }
                                  ]
                                }
                              ]
                            }
                          ],
                          "readinessProbe": [
                            "object",
                            {
                              "failureThreshold": "number",
                              "initialDelaySeconds": "number",
                              "periodSeconds": "number",
                              "successThreshold": "number",
                              "timeoutSeconds": "number"
                            }
                          ],
                          "replicas": "number",
                          "resources": [
                            "object",
                            {
                              "claims": [
                                "list",
                                [
                                  "object",
                                  {
                                    "name": "string"
                                  }
                                ]
                              ],
                              "limits": [
                                "map",
                                "string"
                              ],
                              "requests": [
                                "map",
                                "string"
                              ]
                            }
                          ],
                          "storage": [
                            "object",
                            {
                              "class": "string",
                              "deleteClaim": "bool",
                              "id": "number",
                              "kraftMetadata": "string",
                              "overrides": [
                                "list",
                                [
                                  "object",
                                  {
                                    "broker": "number",
                                    "class": "string"
                                  }
                                ]
                              ],
                              "selector": [
                                "map",
                                "string"
                              ],
                              "size": "string",
                              "sizeLimit": "string",
                              "type": "string"
                            }
                          ],
                          "template": [
                            "object",
                            {
                              "clientService": [
                                "object",
                                {
                                  "ipFamilies": [
                                    "list",
                                    "string"
                                  ],
                                  "ipFamilyPolicy": "string",
                                  "metadata": [
                                    "object",
                                    {
                                      "annotations": [
                                        "map",
                                        "string"
                                      ],
                                      "labels": [
                                        "map",
                                        "string"
                                      ]
                                    }
                                  ]
                                }
                              ],
                              "jmxSecret": [
                                "object",
                                {
                                  "metadata": [
                                    "object",
                                    {
                                      "annotations": [
                                        "map",
                                        "string"
                                      ],
                                      "labels": [
                                        "map",
                                        "string"
                                      ]
                                    }
                                  ]
                                }
                              ],
                              "nodesService": [
                                "object",
                                {
                                  "ipFamilies": [
                                    "list",
                                    "string"
                                  ],
                                  "ipFamilyPolicy": "string",
                                  "metadata": [
                                    "object",
                                    {
                                      "annotations": [
                                        "map",
                                        "string"
                                      ],
                                      "labels": [
                                        "map",
                                        "string"
                                      ]
                                    }
                                  ]
                                }
                              ],
                              "persistentVolumeClaim": [
                                "object",
                                {
                                  "metadata": [
                                    "object",
                                    {
                                      "annotations": [
                                        "map",
                                        "string"
                                      ],
                                      "labels": [
                                        "map",
                                        "string"
                                      ]
                                    }
                                  ]
                                }
                              ],
                              "pod": [
                                "object",
                                {
                                  "affinity": [
                                    "object",
                                    {
                                      "nodeAffinity": [
                                        "object",
                                        {
                                          "preferredDuringSchedulingIgnoredDuringExecution": [
                                            "list",
                                            [
                                              "object",
                                              {
                                                "preference": [
                                                  "object",
                                                  {
                                                    "matchExpressions": [
                                                      "list",
                                                      [
                                                        "object",
                                                        {
                                                          "key": "string",
                                                          "operator": "string",
                                                          "values": [
                                                            "list",
                                                            "string"
                                                          ]
                                                        }
                                                      ]
                                                    ],
                                                    "matchFields": [
                                                      "list",
                                                      [
                                                        "object",
                                                        {
                                                          "key": "string",
                                                          "operator": "string",
                                                          "values": [
                                                            "list",
                                                            "string"
                                                          ]
                                                        }
                                                      ]
                                                    ]
                                                  }
                                                ],
                                                "weight": "number"
                                              }
                                            ]
                                          ],
                                          "requiredDuringSchedulingIgnoredDuringExecution": [
                                            "object",
                                            {
                                              "nodeSelectorTerms": [
                                                "list",
                                                [
                                                  "object",
                                                  {
                                                    "matchExpressions": [
                                                      "list",
                                                      [
                                                        "object",
                                                        {
                                                          "key": "string",
                                                          "operator": "string",
                                                          "values": [
                                                            "list",
                                                            "string"
                                                          ]
                                                        }
                                                      ]
                                                    ],
                                                    "matchFields": [
                                                      "list",
                                                      [
                                                        "object",
                                                        {
                                                          "key": "string",
                                                          "operator": "string",
                                                          "values": [
                                                            "list",
                                                            "string"
                                                          ]
                                                        }
                                                      ]
                                                    ]
                                                  }
                                                ]
                                              ]
                                            }
                                          ]
                                        }
                                      ],
                                      "podAffinity": [
                                        "object",
                                        {
                                          "preferredDuringSchedulingIgnoredDuringExecution": [
                                            "list",
                                            [
                                              "object",
                                              {
                                                "podAffinityTerm": [
                                                  "object",
                                                  {
                                                    "labelSelector": [
                                                      "object",
                                                      {
                                                        "matchExpressions": [
                                                          "list",
                                                          [
                                                            "object",
                                                            {
                                                              "key": "string",
                                                              "operator": "string",
                                                              "values": [
                                                                "list",
                                                                "string"
                                                              ]
                                                            }
                                                          ]
                                                        ],
                                                        "matchLabels": [
                                                          "map",
                                                          "string"
                                                        ]
                                                      }
                                                    ],
                                                    "matchLabelKeys": [
                                                      "list",
                                                      "string"
                                                    ],
                                                    "mismatchLabelKeys": [
                                                      "list",
                                                      "string"
                                                    ],
                                                    "namespaceSelector": [
                                                      "object",
                                                      {
                                                        "matchExpressions": [
                                                          "list",
                                                          [
                                                            "object",
                                                            {
                                                              "key": "string",
                                                              "operator": "string",
                                                              "values": [
                                                                "list",
                                                                "string"
                                                              ]
                                                            }
                                                          ]
                                                        ],
                                                        "matchLabels": [
                                                          "map",
                                                          "string"
                                                        ]
                                                      }
                                                    ],
                                                    "namespaces": [
                                                      "list",
                                                      "string"
                                                    ],
                                                    "topologyKey": "string"
                                                  }
                                                ],
                                                "weight": "number"
                                              }
                                            ]
                                          ],
                                          "requiredDuringSchedulingIgnoredDuringExecution": [
                                            "list",
                                            [
                                              "object",
                                              {
                                                "labelSelector": [
                                                  "object",
                                                  {
                                                    "matchExpressions": [
                                                      "list",
                                                      [
                                                        "object",
                                                        {
                                                          "key": "string",
                                                          "operator": "string",
                                                          "values": [
                                                            "list",
                                                            "string"
                                                          ]
                                                        }
                                                      ]
                                                    ],
                                                    "matchLabels": [
                                                      "map",
                                                      "string"
                                                    ]
                                                  }
                                                ],
                                                "matchLabelKeys": [
                                                  "list",
                                                  "string"
                                                ],
                                                "mismatchLabelKeys": [
                                                  "list",
                                                  "string"
                                                ],
                                                "namespaceSelector": [
                                                  "object",
                                                  {
                                                    "matchExpressions": [
                                                      "list",
                                                      [
                                                        "object",
                                                        {
                                                          "key": "string",
                                                          "operator": "string",
                                                          "values": [
                                                            "list",
                                                            "string"
                                                          ]
                                                        }
                                                      ]
                                                    ],
                                                    "matchLabels": [
                                                      "map",
                                                      "string"
                                                    ]
                                                  }
                                                ],
                                                "namespaces": [
                                                  "list",
                                                  "string"
                                                ],
                                                "topologyKey": "string"
                                              }
                                            ]
                                          ]
                                        }
                                      ],
                                      "podAntiAffinity": [
                                        "object",
                                        {
                                          "preferredDuringSchedulingIgnoredDuringExecution": [
                                            "list",
                                            [
                                              "object",
                                              {
                                                "podAffinityTerm": [
                                                  "object",
                                                  {
                                                    "labelSelector": [
                                                      "object",
                                                      {
                                                        "matchExpressions": [
                                                          "list",
                                                          [
                                                            "object",
                                                            {
                                                              "key": "string",
                                                              "operator": "string",
                                                              "values": [
                                                                "list",
                                                                "string"
                                                              ]
                                                            }
                                                          ]
                                                        ],
                                                        "matchLabels": [
                                                          "map",
                                                          "string"
                                                        ]
                                                      }
                                                    ],
                                                    "matchLabelKeys": [
                                                      "list",
                                                      "string"
                                                    ],
                                                    "mismatchLabelKeys": [
                                                      "list",
                                                      "string"
                                                    ],
                                                    "namespaceSelector": [
                                                      "object",
                                                      {
                                                        "matchExpressions": [
                                                          "list",
                                                          [
                                                            "object",
                                                            {
                                                              "key": "string",
                                                              "operator": "string",
                                                              "values": [
                                                                "list",
                                                                "string"
                                                              ]
                                                            }
                                                          ]
                                                        ],
                                                        "matchLabels": [
                                                          "map",
                                                          "string"
                                                        ]
                                                      }
                                                    ],
                                                    "namespaces": [
                                                      "list",
                                                      "string"
                                                    ],
                                                    "topologyKey": "string"
                                                  }
                                                ],
                                                "weight": "number"
                                              }
                                            ]
                                          ],
                                          "requiredDuringSchedulingIgnoredDuringExecution": [
                                            "list",
                                            [
                                              "object",
                                              {
                                                "labelSelector": [
                                                  "object",
                                                  {
                                                    "matchExpressions": [
                                                      "list",
                                                      [
                                                        "object",
                                                        {
                                                          "key": "string",
                                                          "operator": "string",
                                                          "values": [
                                                            "list",
                                                            "string"
                                                          ]
                                                        }
                                                      ]
                                                    ],
                                                    "matchLabels": [
                                                      "map",
                                                      "string"
                                                    ]
                                                  }
                                                ],
                                                "matchLabelKeys": [
                                                  "list",
                                                  "string"
                                                ],
                                                "mismatchLabelKeys": [
                                                  "list",
                                                  "string"
                                                ],
                                                "namespaceSelector": [
                                                  "object",
                                                  {
                                                    "matchExpressions": [
                                                      "list",
                                                      [
                                                        "object",
                                                        {
                                                          "key": "string",
                                                          "operator": "string",
                                                          "values": [
                                                            "list",
                                                            "string"
                                                          ]
                                                        }
                                                      ]
                                                    ],
                                                    "matchLabels": [
                                                      "map",
                                                      "string"
                                                    ]
                                                  }
                                                ],
                                                "namespaces": [
                                                  "list",
                                                  "string"
                                                ],
                                                "topologyKey": "string"
                                              }
                                            ]
                                          ]
                                        }
                                      ]
                                    }
                                  ],
                                  "enableServiceLinks": "bool",
                                  "hostAliases": [
                                    "list",
                                    [
                                      "object",
                                      {
                                        "hostnames": [
                                          "list",
                                          "string"
                                        ],
                                        "ip": "string"
                                      }
                                    ]
                                  ],
                                  "imagePullSecrets": [
                                    "list",
                                    [
                                      "object",
                                      {
                                        "name": "string"
                                      }
                                    ]
                                  ],
                                  "metadata": [
                                    "object",
                                    {
                                      "annotations": [
                                        "map",
                                        "string"
                                      ],
                                      "labels": [
                                        "map",
                                        "string"
                                      ]
                                    }
                                  ],
                                  "priorityClassName": "string",
                                  "schedulerName": "string",
                                  "securityContext": [
                                    "object",
                                    {
                                      "appArmorProfile": [
                                        "object",
                                        {
                                          "localhostProfile": "string",
                                          "type": "string"
                                        }
                                      ],
                                      "fsGroup": "number",
                                      "fsGroupChangePolicy": "string",
                                      "runAsGroup": "number",
                                      "runAsNonRoot": "bool",
                                      "runAsUser": "number",
                                      "seLinuxOptions": [
                                        "object",
                                        {
                                          "level": "string",
                                          "role": "string",
                                          "type": "string",
                                          "user": "string"
                                        }
                                      ],
                                      "seccompProfile": [
                                        "object",
                                        {
                                          "localhostProfile": "string",
                                          "type": "string"
                                        }
                                      ],
                                      "supplementalGroups": [
                                        "list",
                                        "number"
                                      ],
                                      "sysctls": [
                                        "list",
                                        [
                                          "object",
                                          {
                                            "name": "string",
                                            "value": "string"
                                          }
                                        ]
                                      ],
                                      "windowsOptions": [
                                        "object",
                                        {
                                          "gmsaCredentialSpec": "string",
                                          "gmsaCredentialSpecName": "string",
                                          "hostProcess": "bool",
                                          "runAsUserName": "string"
                                        }
                                      ]
                                    }
                                  ],
                                  "terminationGracePeriodSeconds": "number",
                                  "tmpDirSizeLimit": "string",
                                  "tolerations": [
                                    "list",
                                    [
                                      "object",
                                      {
                                        "effect": "string",
                                        "key": "string",
                                        "operator": "string",
                                        "tolerationSeconds": "number",
                                        "value": "string"
                                      }
                                    ]
                                  ],
                                  "topologySpreadConstraints": [
                                    "list",
                                    [
                                      "object",
                                      {
                                        "labelSelector": [
                                          "object",
                                          {
                                            "matchExpressions": [
                                              "list",
                                              [
                                                "object",
                                                {
                                                  "key": "string",
                                                  "operator": "string",
                                                  "values": [
                                                    "list",
                                                    "string"
                                                  ]
                                                }
                                              ]
                                            ],
                                            "matchLabels": [
                                              "map",
                                              "string"
                                            ]
                                          }
                                        ],
                                        "matchLabelKeys": [
                                          "list",
                                          "string"
                                        ],
                                        "maxSkew": "number",
                                        "minDomains": "number",
                                        "nodeAffinityPolicy": "string",
                                        "nodeTaintsPolicy": "string",
                                        "topologyKey": "string",
                                        "whenUnsatisfiable": "string"
                                      }
                                    ]
                                  ],
                                  "volumes": [
                                    "list",
                                    [
                                      "object",
                                      {
                                        "configMap": [
                                          "object",
                                          {
                                            "defaultMode": "number",
                                            "items": [
                                              "list",
                                              [
                                                "object",
                                                {
                                                  "key": "string",
                                                  "mode": "number",
                                                  "path": "string"
                                                }
                                              ]
                                            ],
                                            "name": "string",
                                            "optional": "bool"
                                          }
                                        ],
                                        "emptyDir": [
                                          "object",
                                          {
                                            "medium": "string",
                                            "sizeLimit": [
                                              "object",
                                              {
                                                "amount": "string",
                                                "format": "string"
                                              }
                                            ]
                                          }
                                        ],
                                        "name": "string",
                                        "persistentVolumeClaim": [
                                          "object",
                                          {
                                            "claimName": "string",
                                            "readOnly": "bool"
                                          }
                                        ],
                                        "secret": [
                                          "object",
                                          {
                                            "defaultMode": "number",
                                            "items": [
                                              "list",
                                              [
                                                "object",
                                                {
                                                  "key": "string",
                                                  "mode": "number",
                                                  "path": "string"
                                                }
                                              ]
                                            ],
                                            "optional": "bool",
                                            "secretName": "string"
                                          }
                                        ]
                                      }
                                    ]
                                  ]
                                }
                              ],
                              "podDisruptionBudget": [
                                "object",
                                {
                                  "maxUnavailable": "number",
                                  "metadata": [
                                    "object",
                                    {
                                      "annotations": [
                                        "map",
                                        "string"
                                      ],
                                      "labels": [
                                        "map",
                                        "string"
                                      ]
                                    }
                                  ]
                                }
                              ],
                              "podSet": [
                                "object",
                                {
                                  "metadata": [
                                    "object",
                                    {
                                      "annotations": [
                                        "map",
                                        "string"
                                      ],
                                      "labels": [
                                        "map",
                                        "string"
                                      ]
                                    }
                                  ]
                                }
                              ],
                              "serviceAccount": [
                                "object",
                                {
                                  "metadata": [
                                    "object",
                                    {
                                      "annotations": [
                                        "map",
                                        "string"
                                      ],
                                      "labels": [
                                        "map",
                                        "string"
                                      ]
                                    }
                                  ]
                                }
                              ],
                              "statefulset": [
                                "object",
                                {
                                  "metadata": [
                                    "object",
                                    {
                                      "annotations": [
                                        "map",
                                        "string"
                                      ],
                                      "labels": [
                                        "map",
                                        "string"
                                      ]
                                    }
                                  ],
                                  "podManagementPolicy": "string"
                                }
                              ],
                              "zookeeperContainer": [
                                "object",
                                {
                                  "env": [
                                    "list",
                                    [
                                      "object",
                                      {
                                        "name": "string",
                                        "value": "string",
                                        "valueFrom": [
                                          "object",
                                          {
                                            "configMapKeyRef": [
                                              "object",
                                              {
                                                "key": "string",
                                                "name": "string",
                                                "optional": "bool"
                                              }
                                            ],
                                            "secretKeyRef": [
                                              "object",
                                              {
                                                "key": "string",
                                                "name": "string",
                                                "optional": "bool"
                                              }
                                            ]
                                          }
                                        ]
                                      }
                                    ]
                                  ],
                                  "securityContext": [
                                    "object",
                                    {
                                      "allowPrivilegeEscalation": "bool",
                                      "appArmorProfile": [
                                        "object",
                                        {
                                          "localhostProfile": "string",
                                          "type": "string"
                                        }
                                      ],
                                      "capabilities": [
                                        "object",
                                        {
                                          "add": [
                                            "list",
                                            "string"
                                          ],
                                          "drop": [
                                            "list",
                                            "string"
                                          ]
                                        }
                                      ],
                                      "privileged": "bool",
                                      "procMount": "string",
                                      "readOnlyRootFilesystem": "bool",
                                      "runAsGroup": "number",
                                      "runAsNonRoot": "bool",
                                      "runAsUser": "number",
                                      "seLinuxOptions": [
                                        "object",
                                        {
                                          "level": "string",
                                          "role": "string",
                                          "type": "string",
                                          "user": "string"
                                        }
                                      ],
                                      "seccompProfile": [
                                        "object",
                                        {
                                          "localhostProfile": "string",
                                          "type": "string"
                                        }
                                      ],
                                      "windowsOptions": [
                                        "object",
                                        {
                                          "gmsaCredentialSpec": "string",
                                          "gmsaCredentialSpecName": "string",
                                          "hostProcess": "bool",
                                          "runAsUserName": "string"
                                        }
                                      ]
                                    }
                                  ],
                                  "volumeMounts": [
                                    "list",
                                    [
                                      "object",
                                      {
                                        "mountPath": "string",
                                        "mountPropagation": "string",
                                        "name": "string",
                                        "readOnly": "bool",
                                        "recursiveReadOnly": "string",
                                        "subPath": "string",
                                        "subPathExpr": "string"
                                      }
                                    ]
                                  ]
                                }
                              ]
                            }
                          ]
                        }
                      ]
                    }
                  ]
                }
              ]
            },
            "timeouts": [],
            "wait": [],
            "wait_for": null
          },
          "sensitive_attributes": [],
          "dependencies": [
            "helm_release.strimzi"
          ]
        }
      ]
    },
    {
      "mode": "managed",
      "type": "kubernetes_manifest",
      "name": "controller_kafka",
      "provider": "provider[\"registry.terraform.io/hashicorp/kubernetes\"]",
      "instances": [
        {
          "index_key": 0,
          "schema_version": 1,
          "attributes": {
            "computed_fields": null,
            "field_manager": [],
            "manifest": {
              "value": {
                "apiVersion": "kafka.strimzi.io/v1beta2",
                "kind": "KafkaNodePool",
                "metadata": {
                  "labels": {
                    "strimzi.io/cluster": "my-cluster"
                  },
                  "name": "my-cluster",
                  "namespace": "kafka"
                },
                "spec": {
                  "replicas": 3,
                  "roles": [
                    "controller"
                  ],
                  "storage": {
                    "type": "jbod",
                    "volumes": [
                      {
                        "deleteClaim": false,
                        "id": 0,
                        "kraftMetadata": "shared",
                        "size": "100Gi",
                        "type": "persistent-claim"
                      }
                    ]
                  }
                }
              },
              "type": [
                "object",
                {
                  "apiVersion": "string",
                  "kind": "string",
                  "metadata": [
                    "object",
                    {
                      "labels": [
                        "object",
                        {
                          "strimzi.io/cluster": "string"
                        }
                      ],
                      "name": "string",
                      "namespace": "string"
                    }
                  ],
                  "spec": [
                    "object",
                    {
                      "replicas": "number",
                      "roles": [
                        "tuple",
                        [
                          "string"
                        ]
                      ],
                      "storage": [
                        "object",
                        {
                          "type": "string",
                          "volumes": [
                            "tuple",
                            [
                              [
                                "object",
                                {
                                  "deleteClaim": "bool",
                                  "id": "number",
                                  "kraftMetadata": "string",
                                  "size": "string",
                                  "type": "string"
                                }
                              ]
                            ]
                          ]
                        }
                      ]
                    }
                  ]
                }
              ]
            },
            "object": {
              "value": {
                "apiVersion": "kafka.strimzi.io/v1beta2",
                "kind": "KafkaNodePool",
                "metadata": {
                  "annotations": null,
                  "creationTimestamp": null,
                  "deletionGracePeriodSeconds": null,
                  "deletionTimestamp": null,
                  "finalizers": null,
                  "generateName": null,
                  "generation": null,
                  "labels": {
                    "strimzi.io/cluster": "my-cluster"
                  },
                  "managedFields": null,
                  "name": "my-cluster",
                  "namespace": "kafka",
                  "ownerReferences": null,
                  "resourceVersion": null,
                  "selfLink": null,
                  "uid": null
                },
                "spec": {
                  "jvmOptions": {
                    "-XX": null,
                    "-Xms": null,
                    "-Xmx": null,
                    "gcLoggingEnabled": null,
                    "javaSystemProperties": null
                  },
                  "replicas": 3,
                  "resources": {
                    "claims": null,
                    "limits": null,
                    "requests": null
                  },
                  "roles": [
                    "controller"
                  ],
                  "storage": {
                    "class": null,
                    "deleteClaim": null,
                    "id": null,
                    "kraftMetadata": null,
                    "overrides": null,
                    "selector": null,
                    "size": null,
                    "sizeLimit": null,
                    "type": "jbod",
                    "volumes": [
                      {
                        "class": null,
                        "deleteClaim": false,
                        "id": 0,
                        "kraftMetadata": "shared",
                        "overrides": null,
                        "selector": null,
                        "size": "100Gi",
                        "sizeLimit": null,
                        "type": "persistent-claim"
                      }
                    ]
                  },
                  "template": {
                    "initContainer": {
                      "env": null,
                      "securityContext": {
                        "allowPrivilegeEscalation": null,
                        "appArmorProfile": {
                          "localhostProfile": null,
                          "type": null
                        },
                        "capabilities": {
                          "add": null,
                          "drop": null
                        },
                        "privileged": null,
                        "procMount": null,
                        "readOnlyRootFilesystem": null,
                        "runAsGroup": null,
                        "runAsNonRoot": null,
                        "runAsUser": null,
                        "seLinuxOptions": {
                          "level": null,
                          "role": null,
                          "type": null,
                          "user": null
                        },
                        "seccompProfile": {
                          "localhostProfile": null,
                          "type": null
                        },
                        "windowsOptions": {
                          "gmsaCredentialSpec": null,
                          "gmsaCredentialSpecName": null,
                          "hostProcess": null,
                          "runAsUserName": null
                        }
                      },
                      "volumeMounts": null
                    },
                    "kafkaContainer": {
                      "env": null,
                      "securityContext": {
                        "allowPrivilegeEscalation": null,
                        "appArmorProfile": {
                          "localhostProfile": null,
                          "type": null
                        },
                        "capabilities": {
                          "add": null,
                          "drop": null
                        },
                        "privileged": null,
                        "procMount": null,
                        "readOnlyRootFilesystem": null,
                        "runAsGroup": null,
                        "runAsNonRoot": null,
                        "runAsUser": null,
                        "seLinuxOptions": {
                          "level": null,
                          "role": null,
                          "type": null,
                          "user": null
                        },
                        "seccompProfile": {
                          "localhostProfile": null,
                          "type": null
                        },
                        "windowsOptions": {
                          "gmsaCredentialSpec": null,
                          "gmsaCredentialSpecName": null,
                          "hostProcess": null,
                          "runAsUserName": null
                        }
                      },
                      "volumeMounts": null
                    },
                    "perPodIngress": {
                      "metadata": {
                        "annotations": null,
                        "labels": null
                      }
                    },
                    "perPodRoute": {
                      "metadata": {
                        "annotations": null,
                        "labels": null
                      }
                    },
                    "perPodService": {
                      "metadata": {
                        "annotations": null,
                        "labels": null
                      }
                    },
                    "persistentVolumeClaim": {
                      "metadata": {
                        "annotations": null,
                        "labels": null
                      }
                    },
                    "pod": {
                      "affinity": {
                        "nodeAffinity": {
                          "preferredDuringSchedulingIgnoredDuringExecution": null,
                          "requiredDuringSchedulingIgnoredDuringExecution": {
                            "nodeSelectorTerms": null
                          }
                        },
                        "podAffinity": {
                          "preferredDuringSchedulingIgnoredDuringExecution": null,
                          "requiredDuringSchedulingIgnoredDuringExecution": null
                        },
                        "podAntiAffinity": {
                          "preferredDuringSchedulingIgnoredDuringExecution": null,
                          "requiredDuringSchedulingIgnoredDuringExecution": null
                        }
                      },
                      "enableServiceLinks": null,
                      "hostAliases": null,
                      "imagePullSecrets": null,
                      "metadata": {
                        "annotations": null,
                        "labels": null
                      },
                      "priorityClassName": null,
                      "schedulerName": null,
                      "securityContext": {
                        "appArmorProfile": {
                          "localhostProfile": null,
                          "type": null
                        },
                        "fsGroup": null,
                        "fsGroupChangePolicy": null,
                        "runAsGroup": null,
                        "runAsNonRoot": null,
                        "runAsUser": null,
                        "seLinuxOptions": {
                          "level": null,
                          "role": null,
                          "type": null,
                          "user": null
                        },
                        "seccompProfile": {
                          "localhostProfile": null,
                          "type": null
                        },
                        "supplementalGroups": null,
                        "sysctls": null,
                        "windowsOptions": {
                          "gmsaCredentialSpec": null,
                          "gmsaCredentialSpecName": null,
                          "hostProcess": null,
                          "runAsUserName": null
                        }
                      },
                      "terminationGracePeriodSeconds": null,
                      "tmpDirSizeLimit": null,
                      "tolerations": null,
                      "topologySpreadConstraints": null,
                      "volumes": null
                    },
                    "podSet": {
                      "metadata": {
                        "annotations": null,
                        "labels": null
                      }
                    }
                  }
                }
              },
              "type": [
                "object",
                {
                  "apiVersion": "string",
                  "kind": "string",
                  "metadata": [
                    "object",
                    {
                      "annotations": [
                        "map",
                        "string"
                      ],
                      "creationTimestamp": "string",
                      "deletionGracePeriodSeconds": "number",
                      "deletionTimestamp": "string",
                      "finalizers": [
                        "list",
                        "string"
                      ],
                      "generateName": "string",
                      "generation": "number",
                      "labels": [
                        "map",
                        "string"
                      ],
                      "managedFields": [
                        "tuple",
                        [
                          [
                            "object",
                            {
                              "apiVersion": "string",
                              "fieldsType": "string",
                              "fieldsV1": "dynamic",
                              "manager": "string",
                              "operation": "string",
                              "subresource": "string",
                              "time": "string"
                            }
                          ]
                        ]
                      ],
                      "name": "string",
                      "namespace": "string",
                      "ownerReferences": [
                        "list",
                        [
                          "object",
                          {
                            "apiVersion": "string",
                            "blockOwnerDeletion": "bool",
                            "controller": "bool",
                            "kind": "string",
                            "name": "string",
                            "uid": "string"
                          }
                        ]
                      ],
                      "resourceVersion": "string",
                      "selfLink": "string",
                      "uid": "string"
                    }
                  ],
                  "spec": [
                    "object",
                    {
                      "jvmOptions": [
                        "object",
                        {
                          "-XX": [
                            "map",
                            "string"
                          ],
                          "-Xms": "string",
                          "-Xmx": "string",
                          "gcLoggingEnabled": "bool",
                          "javaSystemProperties": [
                            "list",
                            [
                              "object",
                              {
                                "name": "string",
                                "value": "string"
                              }
                            ]
                          ]
                        }
                      ],
                      "replicas": "number",
                      "resources": [
                        "object",
                        {
                          "claims": [
                            "list",
                            [
                              "object",
                              {
                                "name": "string"
                              }
                            ]
                          ],
                          "limits": [
                            "map",
                            "string"
                          ],
                          "requests": [
                            "map",
                            "string"
                          ]
                        }
                      ],
                      "roles": [
                        "list",
                        "string"
                      ],
                      "storage": [
                        "object",
                        {
                          "class": "string",
                          "deleteClaim": "bool",
                          "id": "number",
                          "kraftMetadata": "string",
                          "overrides": [
                            "list",
                            [
                              "object",
                              {
                                "broker": "number",
                                "class": "string"
                              }
                            ]
                          ],
                          "selector": [
                            "map",
                            "string"
                          ],
                          "size": "string",
                          "sizeLimit": "string",
                          "type": "string",
                          "volumes": [
                            "list",
                            [
                              "object",
                              {
                                "class": "string",
                                "deleteClaim": "bool",
                                "id": "number",
                                "kraftMetadata": "string",
                                "overrides": [
                                  "list",
                                  [
                                    "object",
                                    {
                                      "broker": "number",
                                      "class": "string"
                                    }
                                  ]
                                ],
                                "selector": [
                                  "map",
                                  "string"
                                ],
                                "size": "string",
                                "sizeLimit": "string",
                                "type": "string"
                              }
                            ]
                          ]
                        }
                      ],
                      "template": [
                        "object",
                        {
                          "initContainer": [
                            "object",
                            {
                              "env": [
                                "list",
                                [
                                  "object",
                                  {
                                    "name": "string",
                                    "value": "string",
                                    "valueFrom": [
                                      "object",
                                      {
                                        "configMapKeyRef": [
                                          "object",
                                          {
                                            "key": "string",
                                            "name": "string",
                                            "optional": "bool"
                                          }
                                        ],
                                        "secretKeyRef": [
                                          "object",
                                          {
                                            "key": "string",
                                            "name": "string",
                                            "optional": "bool"
                                          }
                                        ]
                                      }
                                    ]
                                  }
                                ]
                              ],
                              "securityContext": [
                                "object",
                                {
                                  "allowPrivilegeEscalation": "bool",
                                  "appArmorProfile": [
                                    "object",
                                    {
                                      "localhostProfile": "string",
                                      "type": "string"
                                    }
                                  ],
                                  "capabilities": [
                                    "object",
                                    {
                                      "add": [
                                        "list",
                                        "string"
                                      ],
                                      "drop": [
                                        "list",
                                        "string"
                                      ]
                                    }
                                  ],
                                  "privileged": "bool",
                                  "procMount": "string",
                                  "readOnlyRootFilesystem": "bool",
                                  "runAsGroup": "number",
                                  "runAsNonRoot": "bool",
                                  "runAsUser": "number",
                                  "seLinuxOptions": [
                                    "object",
                                    {
                                      "level": "string",
                                      "role": "string",
                                      "type": "string",
                                      "user": "string"
                                    }
                                  ],
                                  "seccompProfile": [
                                    "object",
                                    {
                                      "localhostProfile": "string",
                                      "type": "string"
                                    }
                                  ],
                                  "windowsOptions": [
                                    "object",
                                    {
                                      "gmsaCredentialSpec": "string",
                                      "gmsaCredentialSpecName": "string",
                                      "hostProcess": "bool",
                                      "runAsUserName": "string"
                                    }
                                  ]
                                }
                              ],
                              "volumeMounts": [
                                "list",
                                [
                                  "object",
                                  {
                                    "mountPath": "string",
                                    "mountPropagation": "string",
                                    "name": "string",
                                    "readOnly": "bool",
                                    "recursiveReadOnly": "string",
                                    "subPath": "string",
                                    "subPathExpr": "string"
                                  }
                                ]
                              ]
                            }
                          ],
                          "kafkaContainer": [
                            "object",
                            {
                              "env": [
                                "list",
                                [
                                  "object",
                                  {
                                    "name": "string",
                                    "value": "string",
                                    "valueFrom": [
                                      "object",
                                      {
                                        "configMapKeyRef": [
                                          "object",
                                          {
                                            "key": "string",
                                            "name": "string",
                                            "optional": "bool"
                                          }
                                        ],
                                        "secretKeyRef": [
                                          "object",
                                          {
                                            "key": "string",
                                            "name": "string",
                                            "optional": "bool"
                                          }
                                        ]
                                      }
                                    ]
                                  }
                                ]
                              ],
                              "securityContext": [
                                "object",
                                {
                                  "allowPrivilegeEscalation": "bool",
                                  "appArmorProfile": [
                                    "object",
                                    {
                                      "localhostProfile": "string",
                                      "type": "string"
                                    }
                                  ],
                                  "capabilities": [
                                    "object",
                                    {
                                      "add": [
                                        "list",
                                        "string"
                                      ],
                                      "drop": [
                                        "list",
                                        "string"
                                      ]
                                    }
                                  ],
                                  "privileged": "bool",
                                  "procMount": "string",
                                  "readOnlyRootFilesystem": "bool",
                                  "runAsGroup": "number",
                                  "runAsNonRoot": "bool",
                                  "runAsUser": "number",
                                  "seLinuxOptions": [
                                    "object",
                                    {
                                      "level": "string",
                                      "role": "string",
                                      "type": "string",
                                      "user": "string"
                                    }
                                  ],
                                  "seccompProfile": [
                                    "object",
                                    {
                                      "localhostProfile": "string",
                                      "type": "string"
                                    }
                                  ],
                                  "windowsOptions": [
                                    "object",
                                    {
                                      "gmsaCredentialSpec": "string",
                                      "gmsaCredentialSpecName": "string",
                                      "hostProcess": "bool",
                                      "runAsUserName": "string"
                                    }
                                  ]
                                }
                              ],
                              "volumeMounts": [
                                "list",
                                [
                                  "object",
                                  {
                                    "mountPath": "string",
                                    "mountPropagation": "string",
                                    "name": "string",
                                    "readOnly": "bool",
                                    "recursiveReadOnly": "string",
                                    "subPath": "string",
                                    "subPathExpr": "string"
                                  }
                                ]
                              ]
                            }
                          ],
                          "perPodIngress": [
                            "object",
                            {
                              "metadata": [
                                "object",
                                {
                                  "annotations": [
                                    "map",
                                    "string"
                                  ],
                                  "labels": [
                                    "map",
                                    "string"
                                  ]
                                }
                              ]
                            }
                          ],
                          "perPodRoute": [
                            "object",
                            {
                              "metadata": [
                                "object",
                                {
                                  "annotations": [
                                    "map",
                                    "string"
                                  ],
                                  "labels": [
                                    "map",
                                    "string"
                                  ]
                                }
                              ]
                            }
                          ],
                          "perPodService": [
                            "object",
                            {
                              "metadata": [
                                "object",
                                {
                                  "annotations": [
                                    "map",
                                    "string"
                                  ],
                                  "labels": [
                                    "map",
                                    "string"
                                  ]
                                }
                              ]
                            }
                          ],
                          "persistentVolumeClaim": [
                            "object",
                            {
                              "metadata": [
                                "object",
                                {
                                  "annotations": [
                                    "map",
                                    "string"
                                  ],
                                  "labels": [
                                    "map",
                                    "string"
                                  ]
                                }
                              ]
                            }
                          ],
                          "pod": [
                            "object",
                            {
                              "affinity": [
                                "object",
                                {
                                  "nodeAffinity": [
                                    "object",
                                    {
                                      "preferredDuringSchedulingIgnoredDuringExecution": [
                                        "list",
                                        [
                                          "object",
                                          {
                                            "preference": [
                                              "object",
                                              {
                                                "matchExpressions": [
                                                  "list",
                                                  [
                                                    "object",
                                                    {
                                                      "key": "string",
                                                      "operator": "string",
                                                      "values": [
                                                        "list",
                                                        "string"
                                                      ]
                                                    }
                                                  ]
                                                ],
                                                "matchFields": [
                                                  "list",
                                                  [
                                                    "object",
                                                    {
                                                      "key": "string",
                                                      "operator": "string",
                                                      "values": [
                                                        "list",
                                                        "string"
                                                      ]
                                                    }
                                                  ]
                                                ]
                                              }
                                            ],
                                            "weight": "number"
                                          }
                                        ]
                                      ],
                                      "requiredDuringSchedulingIgnoredDuringExecution": [
                                        "object",
                                        {
                                          "nodeSelectorTerms": [
                                            "list",
                                            [
                                              "object",
                                              {
                                                "matchExpressions": [
                                                  "list",
                                                  [
                                                    "object",
                                                    {
                                                      "key": "string",
                                                      "operator": "string",
                                                      "values": [
                                                        "list",
                                                        "string"
                                                      ]
                                                    }
                                                  ]
                                                ],
                                                "matchFields": [
                                                  "list",
                                                  [
                                                    "object",
                                                    {
                                                      "key": "string",
                                                      "operator": "string",
                                                      "values": [
                                                        "list",
                                                        "string"
                                                      ]
                                                    }
                                                  ]
                                                ]
                                              }
                                            ]
                                          ]
                                        }
                                      ]
                                    }
                                  ],
                                  "podAffinity": [
                                    "object",
                                    {
                                      "preferredDuringSchedulingIgnoredDuringExecution": [
                                        "list",
                                        [
                                          "object",
                                          {
                                            "podAffinityTerm": [
                                              "object",
                                              {
                                                "labelSelector": [
                                                  "object",
                                                  {
                                                    "matchExpressions": [
                                                      "list",
                                                      [
                                                        "object",
                                                        {
                                                          "key": "string",
                                                          "operator": "string",
                                                          "values": [
                                                            "list",
                                                            "string"
                                                          ]
                                                        }
                                                      ]
                                                    ],
                                                    "matchLabels": [
                                                      "map",
                                                      "string"
                                                    ]
                                                  }
                                                ],
                                                "matchLabelKeys": [
                                                  "list",
                                                  "string"
                                                ],
                                                "mismatchLabelKeys": [
                                                  "list",
                                                  "string"
                                                ],
                                                "namespaceSelector": [
                                                  "object",
                                                  {
                                                    "matchExpressions": [
                                                      "list",
                                                      [
                                                        "object",
                                                        {
                                                          "key": "string",
                                                          "operator": "string",
                                                          "values": [
                                                            "list",
                                                            "string"
                                                          ]
                                                        }
                                                      ]
                                                    ],
                                                    "matchLabels": [
                                                      "map",
                                                      "string"
                                                    ]
                                                  }
                                                ],
                                                "namespaces": [
                                                  "list",
                                                  "string"
                                                ],
                                                "topologyKey": "string"
                                              }
                                            ],
                                            "weight": "number"
                                          }
                                        ]
                                      ],
                                      "requiredDuringSchedulingIgnoredDuringExecution": [
                                        "list",
                                        [
                                          "object",
                                          {
                                            "labelSelector": [
                                              "object",
                                              {
                                                "matchExpressions": [
                                                  "list",
                                                  [
                                                    "object",
                                                    {
                                                      "key": "string",
                                                      "operator": "string",
                                                      "values": [
                                                        "list",
                                                        "string"
                                                      ]
                                                    }
                                                  ]
                                                ],
                                                "matchLabels": [
                                                  "map",
                                                  "string"
                                                ]
                                              }
                                            ],
                                            "matchLabelKeys": [
                                              "list",
                                              "string"
                                            ],
                                            "mismatchLabelKeys": [
                                              "list",
                                              "string"
                                            ],
                                            "namespaceSelector": [
                                              "object",
                                              {
                                                "matchExpressions": [
                                                  "list",
                                                  [
                                                    "object",
                                                    {
                                                      "key": "string",
                                                      "operator": "string",
                                                      "values": [
                                                        "list",
                                                        "string"
                                                      ]
                                                    }
                                                  ]
                                                ],
                                                "matchLabels": [
                                                  "map",
                                                  "string"
                                                ]
                                              }
                                            ],
                                            "namespaces": [
                                              "list",
                                              "string"
                                            ],
                                            "topologyKey": "string"
                                          }
                                        ]
                                      ]
                                    }
                                  ],
                                  "podAntiAffinity": [
                                    "object",
                                    {
                                      "preferredDuringSchedulingIgnoredDuringExecution": [
                                        "list",
                                        [
                                          "object",
                                          {
                                            "podAffinityTerm": [
                                              "object",
                                              {
                                                "labelSelector": [
                                                  "object",
                                                  {
                                                    "matchExpressions": [
                                                      "list",
                                                      [
                                                        "object",
                                                        {
                                                          "key": "string",
                                                          "operator": "string",
                                                          "values": [
                                                            "list",
                                                            "string"
                                                          ]
                                                        }
                                                      ]
                                                    ],
                                                    "matchLabels": [
                                                      "map",
                                                      "string"
                                                    ]
                                                  }
                                                ],
                                                "matchLabelKeys": [
                                                  "list",
                                                  "string"
                                                ],
                                                "mismatchLabelKeys": [
                                                  "list",
                                                  "string"
                                                ],
                                                "namespaceSelector": [
                                                  "object",
                                                  {
                                                    "matchExpressions": [
                                                      "list",
                                                      [
                                                        "object",
                                                        {
                                                          "key": "string",
                                                          "operator": "string",
                                                          "values": [
                                                            "list",
                                                            "string"
                                                          ]
                                                        }
                                                      ]
                                                    ],
                                                    "matchLabels": [
                                                      "map",
                                                      "string"
                                                    ]
                                                  }
                                                ],
                                                "namespaces": [
                                                  "list",
                                                  "string"
                                                ],
                                                "topologyKey": "string"
                                              }
                                            ],
                                            "weight": "number"
                                          }
                                        ]
                                      ],
                                      "requiredDuringSchedulingIgnoredDuringExecution": [
                                        "list",
                                        [
                                          "object",
                                          {
                                            "labelSelector": [
                                              "object",
                                              {
                                                "matchExpressions": [
                                                  "list",
                                                  [
                                                    "object",
                                                    {
                                                      "key": "string",
                                                      "operator": "string",
                                                      "values": [
                                                        "list",
                                                        "string"
                                                      ]
                                                    }
                                                  ]
                                                ],
                                                "matchLabels": [
                                                  "map",
                                                  "string"
                                                ]
                                              }
                                            ],
                                            "matchLabelKeys": [
                                              "list",
                                              "string"
                                            ],
                                            "mismatchLabelKeys": [
                                              "list",
                                              "string"
                                            ],
                                            "namespaceSelector": [
                                              "object",
                                              {
                                                "matchExpressions": [
                                                  "list",
                                                  [
                                                    "object",
                                                    {
                                                      "key": "string",
                                                      "operator": "string",
                                                      "values": [
                                                        "list",
                                                        "string"
                                                      ]
                                                    }
                                                  ]
                                                ],
                                                "matchLabels": [
                                                  "map",
                                                  "string"
                                                ]
                                              }
                                            ],
                                            "namespaces": [
                                              "list",
                                              "string"
                                            ],
                                            "topologyKey": "string"
                                          }
                                        ]
                                      ]
                                    }
                                  ]
                                }
                              ],
                              "enableServiceLinks": "bool",
                              "hostAliases": [
                                "list",
                                [
                                  "object",
                                  {
                                    "hostnames": [
                                      "list",
                                      "string"
                                    ],
                                    "ip": "string"
                                  }
                                ]
                              ],
                              "imagePullSecrets": [
                                "list",
                                [
                                  "object",
                                  {
                                    "name": "string"
                                  }
                                ]
                              ],
                              "metadata": [
                                "object",
                                {
                                  "annotations": [
                                    "map",
                                    "string"
                                  ],
                                  "labels": [
                                    "map",
                                    "string"
                                  ]
                                }
                              ],
                              "priorityClassName": "string",
                              "schedulerName": "string",
                              "securityContext": [
                                "object",
                                {
                                  "appArmorProfile": [
                                    "object",
                                    {
                                      "localhostProfile": "string",
                                      "type": "string"
                                    }
                                  ],
                                  "fsGroup": "number",
                                  "fsGroupChangePolicy": "string",
                                  "runAsGroup": "number",
                                  "runAsNonRoot": "bool",
                                  "runAsUser": "number",
                                  "seLinuxOptions": [
                                    "object",
                                    {
                                      "level": "string",
                                      "role": "string",
                                      "type": "string",
                                      "user": "string"
                                    }
                                  ],
                                  "seccompProfile": [
                                    "object",
                                    {
                                      "localhostProfile": "string",
                                      "type": "string"
                                    }
                                  ],
                                  "supplementalGroups": [
                                    "list",
                                    "number"
                                  ],
                                  "sysctls": [
                                    "list",
                                    [
                                      "object",
                                      {
                                        "name": "string",
                                        "value": "string"
                                      }
                                    ]
                                  ],
                                  "windowsOptions": [
                                    "object",
                                    {
                                      "gmsaCredentialSpec": "string",
                                      "gmsaCredentialSpecName": "string",
                                      "hostProcess": "bool",
                                      "runAsUserName": "string"
                                    }
                                  ]
                                }
                              ],
                              "terminationGracePeriodSeconds": "number",
                              "tmpDirSizeLimit": "string",
                              "tolerations": [
                                "list",
                                [
                                  "object",
                                  {
                                    "effect": "string",
                                    "key": "string",
                                    "operator": "string",
                                    "tolerationSeconds": "number",
                                    "value": "string"
                                  }
                                ]
                              ],
                              "topologySpreadConstraints": [
                                "list",
                                [
                                  "object",
                                  {
                                    "labelSelector": [
                                      "object",
                                      {
                                        "matchExpressions": [
                                          "list",
                                          [
                                            "object",
                                            {
                                              "key": "string",
                                              "operator": "string",
                                              "values": [
                                                "list",
                                                "string"
                                              ]
                                            }
                                          ]
                                        ],
                                        "matchLabels": [
                                          "map",
                                          "string"
                                        ]
                                      }
                                    ],
                                    "matchLabelKeys": [
                                      "list",
                                      "string"
                                    ],
                                    "maxSkew": "number",
                                    "minDomains": "number",
                                    "nodeAffinityPolicy": "string",
                                    "nodeTaintsPolicy": "string",
                                    "topologyKey": "string",
                                    "whenUnsatisfiable": "string"
                                  }
                                ]
                              ],
                              "volumes": [
                                "list",
                                [
                                  "object",
                                  {
                                    "configMap": [
                                      "object",
                                      {
                                        "defaultMode": "number",
                                        "items": [
                                          "list",
                                          [
                                            "object",
                                            {
                                              "key": "string",
                                              "mode": "number",
                                              "path": "string"
                                            }
                                          ]
                                        ],
                                        "name": "string",
                                        "optional": "bool"
                                      }
                                    ],
                                    "emptyDir": [
                                      "object",
                                      {
                                        "medium": "string",
                                        "sizeLimit": [
                                          "object",
                                          {
                                            "amount": "string",
                                            "format": "string"
                                          }
                                        ]
                                      }
                                    ],
                                    "name": "string",
                                    "persistentVolumeClaim": [
                                      "object",
                                      {
                                        "claimName": "string",
                                        "readOnly": "bool"
                                      }
                                    ],
                                    "secret": [
                                      "object",
                                      {
                                        "defaultMode": "number",
                                        "items": [
                                          "list",
                                          [
                                            "object",
                                            {
                                              "key": "string",
                                              "mode": "number",
                                              "path": "string"
                                            }
                                          ]
                                        ],
                                        "optional": "bool",
                                        "secretName": "string"
                                      }
                                    ]
                                  }
                                ]
                              ]
                            }
                          ],
                          "podSet": [
                            "object",
                            {
                              "metadata": [
                                "object",
                                {
                                  "annotations": [
                                    "map",
                                    "string"
                                  ],
                                  "labels": [
                                    "map",
                                    "string"
                                  ]
                                }
                              ]
                            }
                          ]
                        }
                      ]
                    }
                  ]
                }
              ]
            },
            "timeouts": [],
            "wait": [],
            "wait_for": null
          },
          "sensitive_attributes": [],
          "dependencies": [
            "helm_release.strimzi"
          ]
        }
      ]
    }
  ],
  "check_results": null
}
